// !$*UTF8*$!
{
	archiveVersion = 1;
	classes = {
	};
	objectVersion = 50;
	objects = {

/* Begin PBXBuildFile section */
		223D12E921DF82180053305B /* TUMCabeAPI.swift in Sources */ = {isa = PBXBuildFile; fileRef = 223D12E821DF82180053305B /* TUMCabeAPI.swift */; };
		223D12EB21DF898F0053305B /* NewsImporter.swift in Sources */ = {isa = PBXBuildFile; fileRef = 223D12EA21DF898F0053305B /* NewsImporter.swift */; };
		223D12EF21E00B9E0053305B /* News.swift in Sources */ = {isa = PBXBuildFile; fileRef = 223D12EE21E00B9E0053305B /* News.swift */; };
		223D12F121E014C60053305B /* NewsTableViewController.swift in Sources */ = {isa = PBXBuildFile; fileRef = 223D12F021E014C60053305B /* NewsTableViewController.swift */; };
		2277E91021D93C3300D7FF3F /* AppDelegate.swift in Sources */ = {isa = PBXBuildFile; fileRef = 2277E90F21D93C3300D7FF3F /* AppDelegate.swift */; };
		2277E91521D93C3300D7FF3F /* Main.storyboard in Resources */ = {isa = PBXBuildFile; fileRef = 2277E91321D93C3300D7FF3F /* Main.storyboard */; };
		2277E91821D93C3300D7FF3F /* TUM_Campus_App.xcdatamodeld in Sources */ = {isa = PBXBuildFile; fileRef = 2277E91621D93C3300D7FF3F /* TUM_Campus_App.xcdatamodeld */; };
		2277E91A21D93C3400D7FF3F /* Assets.xcassets in Resources */ = {isa = PBXBuildFile; fileRef = 2277E91921D93C3400D7FF3F /* Assets.xcassets */; };
		2277E92821D93C3400D7FF3F /* TUM_Campus_AppTests.swift in Sources */ = {isa = PBXBuildFile; fileRef = 2277E92721D93C3400D7FF3F /* TUM_Campus_AppTests.swift */; };
		2277E93321D93C3400D7FF3F /* TUM_Campus_AppUITests.swift in Sources */ = {isa = PBXBuildFile; fileRef = 2277E93221D93C3400D7FF3F /* TUM_Campus_AppUITests.swift */; };
		228BDD5F21E63B1000DB9061 /* Login.storyboard in Resources */ = {isa = PBXBuildFile; fileRef = 228BDD5E21E63AC400DB9061 /* Login.storyboard */; };
		22B00AEC21D9436F00E65C86 /* APIs.swift in Sources */ = {isa = PBXBuildFile; fileRef = 22B00AEB21D9436F00E65C86 /* APIs.swift */; };
		22B00AEE21D9445300E65C86 /* Extensions.swift in Sources */ = {isa = PBXBuildFile; fileRef = 22B00AED21D9445300E65C86 /* Extensions.swift */; };
		22B00AF021D9458600E65C86 /* LoginViewController.swift in Sources */ = {isa = PBXBuildFile; fileRef = 22B00AEF21D9458600E65C86 /* LoginViewController.swift */; };
		22B00AF221D94D5100E65C86 /* LoginController.swift in Sources */ = {isa = PBXBuildFile; fileRef = 22B00AF121D94D5100E65C86 /* LoginController.swift */; };
		22B00B0021DD878000E65C86 /* TUMOnlineAPI.swift in Sources */ = {isa = PBXBuildFile; fileRef = 22B00AFF21DD878000E65C86 /* TUMOnlineAPI.swift */; };
		22BC2CE021DE35FD00FF7C00 /* CampusTabBarController.swift in Sources */ = {isa = PBXBuildFile; fileRef = 22BC2CDF21DE35FD00FF7C00 /* CampusTabBarController.swift */; };
		22BC2CE221DE4DDB00FF7C00 /* TokenConfirmationViewController.swift in Sources */ = {isa = PBXBuildFile; fileRef = 22BC2CE121DE4DDB00FF7C00 /* TokenConfirmationViewController.swift */; };
		22BC2CE421DE5D7200FF7C00 /* LaunchScreen.storyboard in Resources */ = {isa = PBXBuildFile; fileRef = 22BC2CE321DE5D7200FF7C00 /* LaunchScreen.storyboard */; };
		22D4FCD821DE6E2200DF1F4B /* RoundedViews.swift in Sources */ = {isa = PBXBuildFile; fileRef = 22D4FCD721DE6E2200DF1F4B /* RoundedViews.swift */; };
		22D4FCDA21DE713600DF1F4B /* ShadowViews.swift in Sources */ = {isa = PBXBuildFile; fileRef = 22D4FCD921DE713600DF1F4B /* ShadowViews.swift */; };
		7D8F0A78E0CDBCB4F7800145 /* Pods_TUM_Campus_AppTests.framework in Frameworks */ = {isa = PBXBuildFile; fileRef = F0ACFDCDD4D501FB5E2D76E7 /* Pods_TUM_Campus_AppTests.framework */; };
		A77050A0E2C7E73AD8F74EEA /* Pods_TUM_Campus_App.framework in Frameworks */ = {isa = PBXBuildFile; fileRef = F7BF454732417257AD56D886 /* Pods_TUM_Campus_App.framework */; };
		F2F9BF18FC6442907F8F84C5 /* Pods_TUM_Campus_AppUITests.framework in Frameworks */ = {isa = PBXBuildFile; fileRef = 903BD4E29F3A330A45493C74 /* Pods_TUM_Campus_AppUITests.framework */; };
/* End PBXBuildFile section */

/* Begin PBXContainerItemProxy section */
		2277E92421D93C3400D7FF3F /* PBXContainerItemProxy */ = {
			isa = PBXContainerItemProxy;
			containerPortal = 2277E90421D93C3300D7FF3F /* Project object */;
			proxyType = 1;
			remoteGlobalIDString = 2277E90B21D93C3300D7FF3F;
			remoteInfo = "TUM Campus App";
		};
		2277E92F21D93C3400D7FF3F /* PBXContainerItemProxy */ = {
			isa = PBXContainerItemProxy;
			containerPortal = 2277E90421D93C3300D7FF3F /* Project object */;
			proxyType = 1;
			remoteGlobalIDString = 2277E90B21D93C3300D7FF3F;
			remoteInfo = "TUM Campus App";
		};
/* End PBXContainerItemProxy section */

/* Begin PBXFileReference section */
		0148F1CD53E3B8D9F7A2D952 /* Pods-TUM Campus App.release.xcconfig */ = {isa = PBXFileReference; includeInIndex = 1; lastKnownFileType = text.xcconfig; name = "Pods-TUM Campus App.release.xcconfig"; path = "Pods/Target Support Files/Pods-TUM Campus App/Pods-TUM Campus App.release.xcconfig"; sourceTree = "<group>"; };
		223D12E821DF82180053305B /* TUMCabeAPI.swift */ = {isa = PBXFileReference; lastKnownFileType = sourcecode.swift; path = TUMCabeAPI.swift; sourceTree = "<group>"; };
		223D12EA21DF898F0053305B /* NewsImporter.swift */ = {isa = PBXFileReference; lastKnownFileType = sourcecode.swift; path = NewsImporter.swift; sourceTree = "<group>"; };
		223D12EE21E00B9E0053305B /* News.swift */ = {isa = PBXFileReference; lastKnownFileType = sourcecode.swift; path = News.swift; sourceTree = "<group>"; };
		223D12F021E014C60053305B /* NewsTableViewController.swift */ = {isa = PBXFileReference; lastKnownFileType = sourcecode.swift; path = NewsTableViewController.swift; sourceTree = "<group>"; };
		2277E90C21D93C3300D7FF3F /* TUM Campus App.app */ = {isa = PBXFileReference; explicitFileType = wrapper.application; includeInIndex = 0; path = "TUM Campus App.app"; sourceTree = BUILT_PRODUCTS_DIR; };
		2277E90F21D93C3300D7FF3F /* AppDelegate.swift */ = {isa = PBXFileReference; lastKnownFileType = sourcecode.swift; path = AppDelegate.swift; sourceTree = "<group>"; };
		2277E91421D93C3300D7FF3F /* Base */ = {isa = PBXFileReference; lastKnownFileType = file.storyboard; name = Base; path = Base.lproj/Main.storyboard; sourceTree = "<group>"; };
		2277E91721D93C3300D7FF3F /* TUM_Campus_App.xcdatamodel */ = {isa = PBXFileReference; lastKnownFileType = wrapper.xcdatamodel; path = TUM_Campus_App.xcdatamodel; sourceTree = "<group>"; };
		2277E91921D93C3400D7FF3F /* Assets.xcassets */ = {isa = PBXFileReference; lastKnownFileType = folder.assetcatalog; path = Assets.xcassets; sourceTree = "<group>"; };
		2277E91E21D93C3400D7FF3F /* Info.plist */ = {isa = PBXFileReference; lastKnownFileType = text.plist.xml; path = Info.plist; sourceTree = "<group>"; };
		2277E92321D93C3400D7FF3F /* TUM Campus AppTests.xctest */ = {isa = PBXFileReference; explicitFileType = wrapper.cfbundle; includeInIndex = 0; path = "TUM Campus AppTests.xctest"; sourceTree = BUILT_PRODUCTS_DIR; };
		2277E92721D93C3400D7FF3F /* TUM_Campus_AppTests.swift */ = {isa = PBXFileReference; lastKnownFileType = sourcecode.swift; path = TUM_Campus_AppTests.swift; sourceTree = "<group>"; };
		2277E92921D93C3400D7FF3F /* Info.plist */ = {isa = PBXFileReference; lastKnownFileType = text.plist.xml; path = Info.plist; sourceTree = "<group>"; };
		2277E92E21D93C3400D7FF3F /* TUM Campus AppUITests.xctest */ = {isa = PBXFileReference; explicitFileType = wrapper.cfbundle; includeInIndex = 0; path = "TUM Campus AppUITests.xctest"; sourceTree = BUILT_PRODUCTS_DIR; };
		2277E93221D93C3400D7FF3F /* TUM_Campus_AppUITests.swift */ = {isa = PBXFileReference; lastKnownFileType = sourcecode.swift; path = TUM_Campus_AppUITests.swift; sourceTree = "<group>"; };
		2277E93421D93C3400D7FF3F /* Info.plist */ = {isa = PBXFileReference; lastKnownFileType = text.plist.xml; path = Info.plist; sourceTree = "<group>"; };
		2277E94021D93C4B00D7FF3F /* Campus.entitlements */ = {isa = PBXFileReference; fileEncoding = 4; lastKnownFileType = text.plist.entitlements; path = Campus.entitlements; sourceTree = "<group>"; };
		228BDD5E21E63AC400DB9061 /* Login.storyboard */ = {isa = PBXFileReference; lastKnownFileType = file.storyboard; name = Login.storyboard; path = "/Users/tim/Developer/iOS/TUM Campus App/Login/Login.storyboard"; sourceTree = "<absolute>"; };
		22B00AEB21D9436F00E65C86 /* APIs.swift */ = {isa = PBXFileReference; lastKnownFileType = sourcecode.swift; path = APIs.swift; sourceTree = "<group>"; };
		22B00AED21D9445300E65C86 /* Extensions.swift */ = {isa = PBXFileReference; lastKnownFileType = sourcecode.swift; path = Extensions.swift; sourceTree = "<group>"; };
		22B00AEF21D9458600E65C86 /* LoginViewController.swift */ = {isa = PBXFileReference; lastKnownFileType = sourcecode.swift; path = LoginViewController.swift; sourceTree = "<group>"; };
		22B00AF121D94D5100E65C86 /* LoginController.swift */ = {isa = PBXFileReference; lastKnownFileType = sourcecode.swift; path = LoginController.swift; sourceTree = "<group>"; };
		22B00AFF21DD878000E65C86 /* TUMOnlineAPI.swift */ = {isa = PBXFileReference; lastKnownFileType = sourcecode.swift; path = TUMOnlineAPI.swift; sourceTree = "<group>"; };
		22BC2CDF21DE35FD00FF7C00 /* CampusTabBarController.swift */ = {isa = PBXFileReference; lastKnownFileType = sourcecode.swift; path = CampusTabBarController.swift; sourceTree = "<group>"; };
		22BC2CE121DE4DDB00FF7C00 /* TokenConfirmationViewController.swift */ = {isa = PBXFileReference; lastKnownFileType = sourcecode.swift; path = TokenConfirmationViewController.swift; sourceTree = "<group>"; };
		22BC2CE321DE5D7200FF7C00 /* LaunchScreen.storyboard */ = {isa = PBXFileReference; fileEncoding = 4; lastKnownFileType = file.storyboard; path = LaunchScreen.storyboard; sourceTree = "<group>"; };
		22D4FCD721DE6E2200DF1F4B /* RoundedViews.swift */ = {isa = PBXFileReference; lastKnownFileType = sourcecode.swift; path = RoundedViews.swift; sourceTree = "<group>"; };
		22D4FCD921DE713600DF1F4B /* ShadowViews.swift */ = {isa = PBXFileReference; lastKnownFileType = sourcecode.swift; path = ShadowViews.swift; sourceTree = "<group>"; };
		76EEA4BB7D992C4E5EFE7622 /* Pods-TUM Campus AppTests.debug.xcconfig */ = {isa = PBXFileReference; includeInIndex = 1; lastKnownFileType = text.xcconfig; name = "Pods-TUM Campus AppTests.debug.xcconfig"; path = "Pods/Target Support Files/Pods-TUM Campus AppTests/Pods-TUM Campus AppTests.debug.xcconfig"; sourceTree = "<group>"; };
		903BD4E29F3A330A45493C74 /* Pods_TUM_Campus_AppUITests.framework */ = {isa = PBXFileReference; explicitFileType = wrapper.framework; includeInIndex = 0; path = Pods_TUM_Campus_AppUITests.framework; sourceTree = BUILT_PRODUCTS_DIR; };
		B753E36A4A43DE8E70306454 /* Pods-TUM Campus App.debug.xcconfig */ = {isa = PBXFileReference; includeInIndex = 1; lastKnownFileType = text.xcconfig; name = "Pods-TUM Campus App.debug.xcconfig"; path = "Pods/Target Support Files/Pods-TUM Campus App/Pods-TUM Campus App.debug.xcconfig"; sourceTree = "<group>"; };
		BC7D34130706550B7DE6774C /* Pods-TUM Campus AppUITests.release.xcconfig */ = {isa = PBXFileReference; includeInIndex = 1; lastKnownFileType = text.xcconfig; name = "Pods-TUM Campus AppUITests.release.xcconfig"; path = "Pods/Target Support Files/Pods-TUM Campus AppUITests/Pods-TUM Campus AppUITests.release.xcconfig"; sourceTree = "<group>"; };
		C9495E3A8AA39DDE225AC14C /* Pods-TUM Campus AppTests.release.xcconfig */ = {isa = PBXFileReference; includeInIndex = 1; lastKnownFileType = text.xcconfig; name = "Pods-TUM Campus AppTests.release.xcconfig"; path = "Pods/Target Support Files/Pods-TUM Campus AppTests/Pods-TUM Campus AppTests.release.xcconfig"; sourceTree = "<group>"; };
		F0ACFDCDD4D501FB5E2D76E7 /* Pods_TUM_Campus_AppTests.framework */ = {isa = PBXFileReference; explicitFileType = wrapper.framework; includeInIndex = 0; path = Pods_TUM_Campus_AppTests.framework; sourceTree = BUILT_PRODUCTS_DIR; };
		F7BF454732417257AD56D886 /* Pods_TUM_Campus_App.framework */ = {isa = PBXFileReference; explicitFileType = wrapper.framework; includeInIndex = 0; path = Pods_TUM_Campus_App.framework; sourceTree = BUILT_PRODUCTS_DIR; };
		FAA0BA19189D5DABE23638E7 /* Pods-TUM Campus AppUITests.debug.xcconfig */ = {isa = PBXFileReference; includeInIndex = 1; lastKnownFileType = text.xcconfig; name = "Pods-TUM Campus AppUITests.debug.xcconfig"; path = "Pods/Target Support Files/Pods-TUM Campus AppUITests/Pods-TUM Campus AppUITests.debug.xcconfig"; sourceTree = "<group>"; };
/* End PBXFileReference section */

/* Begin PBXFrameworksBuildPhase section */
		2277E90921D93C3300D7FF3F /* Frameworks */ = {
			isa = PBXFrameworksBuildPhase;
			buildActionMask = 2147483647;
			files = (
				A77050A0E2C7E73AD8F74EEA /* Pods_TUM_Campus_App.framework in Frameworks */,
			);
			runOnlyForDeploymentPostprocessing = 0;
		};
		2277E92021D93C3400D7FF3F /* Frameworks */ = {
			isa = PBXFrameworksBuildPhase;
			buildActionMask = 2147483647;
			files = (
				7D8F0A78E0CDBCB4F7800145 /* Pods_TUM_Campus_AppTests.framework in Frameworks */,
			);
			runOnlyForDeploymentPostprocessing = 0;
		};
		2277E92B21D93C3400D7FF3F /* Frameworks */ = {
			isa = PBXFrameworksBuildPhase;
			buildActionMask = 2147483647;
			files = (
				F2F9BF18FC6442907F8F84C5 /* Pods_TUM_Campus_AppUITests.framework in Frameworks */,
			);
			runOnlyForDeploymentPostprocessing = 0;
		};
/* End PBXFrameworksBuildPhase section */

/* Begin PBXGroup section */
		2277E90321D93C3300D7FF3F = {
			isa = PBXGroup;
			children = (
				2277E94021D93C4B00D7FF3F /* Campus.entitlements */,
				2277E90E21D93C3300D7FF3F /* TUM Campus App */,
				2277E92621D93C3400D7FF3F /* TUM Campus AppTests */,
				2277E93121D93C3400D7FF3F /* TUM Campus AppUITests */,
				2277E90D21D93C3300D7FF3F /* Products */,
				6DF447CCB464A697A5FBD43C /* Pods */,
				AEF34E66FB4536FB02EEF379 /* Frameworks */,
			);
			sourceTree = "<group>";
		};
		2277E90D21D93C3300D7FF3F /* Products */ = {
			isa = PBXGroup;
			children = (
				2277E90C21D93C3300D7FF3F /* TUM Campus App.app */,
				2277E92321D93C3400D7FF3F /* TUM Campus AppTests.xctest */,
				2277E92E21D93C3400D7FF3F /* TUM Campus AppUITests.xctest */,
			);
			name = Products;
			sourceTree = "<group>";
		};
		2277E90E21D93C3300D7FF3F /* TUM Campus App */ = {
			isa = PBXGroup;
			children = (
				2277E90F21D93C3300D7FF3F /* AppDelegate.swift */,
				22B00AEB21D9436F00E65C86 /* APIs.swift */,
				22D4FCD621DE6E0F00DF1F4B /* UI Components */,
				22B00AFE21DD877300E65C86 /* API */,
				22B00AE621D9409600E65C86 /* Login */,
				22B00AF321D94D9800E65C86 /* News */,
				22BC2CDF21DE35FD00FF7C00 /* CampusTabBarController.swift */,
				2277E91321D93C3300D7FF3F /* Main.storyboard */,
				22BC2CE321DE5D7200FF7C00 /* LaunchScreen.storyboard */,
				2277E91921D93C3400D7FF3F /* Assets.xcassets */,
				2277E91E21D93C3400D7FF3F /* Info.plist */,
				2277E91621D93C3300D7FF3F /* TUM_Campus_App.xcdatamodeld */,
				22B00AED21D9445300E65C86 /* Extensions.swift */,
			);
			path = "TUM Campus App";
			sourceTree = "<group>";
		};
		2277E92621D93C3400D7FF3F /* TUM Campus AppTests */ = {
			isa = PBXGroup;
			children = (
				2277E92721D93C3400D7FF3F /* TUM_Campus_AppTests.swift */,
				2277E92921D93C3400D7FF3F /* Info.plist */,
			);
			path = "TUM Campus AppTests";
			sourceTree = "<group>";
		};
		2277E93121D93C3400D7FF3F /* TUM Campus AppUITests */ = {
			isa = PBXGroup;
			children = (
				2277E93221D93C3400D7FF3F /* TUM_Campus_AppUITests.swift */,
				2277E93421D93C3400D7FF3F /* Info.plist */,
			);
			path = "TUM Campus AppUITests";
			sourceTree = "<group>";
		};
		22B00AE621D9409600E65C86 /* Login */ = {
			isa = PBXGroup;
			children = (
				228BDD5E21E63AC400DB9061 /* Login.storyboard */,
				22B00AF121D94D5100E65C86 /* LoginController.swift */,
				22B00AEF21D9458600E65C86 /* LoginViewController.swift */,
				22BC2CE121DE4DDB00FF7C00 /* TokenConfirmationViewController.swift */,
			);
			path = Login;
			sourceTree = "<group>";
		};
		22B00AF321D94D9800E65C86 /* News */ = {
			isa = PBXGroup;
			children = (
				223D12EE21E00B9E0053305B /* News.swift */,
				223D12EA21DF898F0053305B /* NewsImporter.swift */,
				223D12F021E014C60053305B /* NewsTableViewController.swift */,
			);
			path = News;
			sourceTree = "<group>";
		};
		22B00AFE21DD877300E65C86 /* API */ = {
			isa = PBXGroup;
			children = (
				22B00AFF21DD878000E65C86 /* TUMOnlineAPI.swift */,
				223D12E821DF82180053305B /* TUMCabeAPI.swift */,
			);
			path = API;
			sourceTree = "<group>";
		};
		22D4FCD621DE6E0F00DF1F4B /* UI Components */ = {
			isa = PBXGroup;
			children = (
				22D4FCD721DE6E2200DF1F4B /* RoundedViews.swift */,
				22D4FCD921DE713600DF1F4B /* ShadowViews.swift */,
			);
			path = "UI Components";
			sourceTree = "<group>";
		};
		6DF447CCB464A697A5FBD43C /* Pods */ = {
			isa = PBXGroup;
			children = (
				B753E36A4A43DE8E70306454 /* Pods-TUM Campus App.debug.xcconfig */,
				0148F1CD53E3B8D9F7A2D952 /* Pods-TUM Campus App.release.xcconfig */,
				76EEA4BB7D992C4E5EFE7622 /* Pods-TUM Campus AppTests.debug.xcconfig */,
				C9495E3A8AA39DDE225AC14C /* Pods-TUM Campus AppTests.release.xcconfig */,
				FAA0BA19189D5DABE23638E7 /* Pods-TUM Campus AppUITests.debug.xcconfig */,
				BC7D34130706550B7DE6774C /* Pods-TUM Campus AppUITests.release.xcconfig */,
			);
			name = Pods;
			sourceTree = "<group>";
		};
		AEF34E66FB4536FB02EEF379 /* Frameworks */ = {
			isa = PBXGroup;
			children = (
				F7BF454732417257AD56D886 /* Pods_TUM_Campus_App.framework */,
				F0ACFDCDD4D501FB5E2D76E7 /* Pods_TUM_Campus_AppTests.framework */,
				903BD4E29F3A330A45493C74 /* Pods_TUM_Campus_AppUITests.framework */,
			);
			name = Frameworks;
			sourceTree = "<group>";
		};
/* End PBXGroup section */

/* Begin PBXNativeTarget section */
		2277E90B21D93C3300D7FF3F /* TUM Campus App */ = {
			isa = PBXNativeTarget;
			buildConfigurationList = 2277E93721D93C3400D7FF3F /* Build configuration list for PBXNativeTarget "TUM Campus App" */;
			buildPhases = (
				F1810613ABFB2B38652F661E /* [CP] Check Pods Manifest.lock */,
				2277E90821D93C3300D7FF3F /* Sources */,
				2277E90921D93C3300D7FF3F /* Frameworks */,
				2277E90A21D93C3300D7FF3F /* Resources */,
				5FF4381CE38E6BD1F13A6884 /* [CP] Embed Pods Frameworks */,
			);
			buildRules = (
			);
			dependencies = (
			);
			name = "TUM Campus App";
			productName = "TUM Campus App";
			productReference = 2277E90C21D93C3300D7FF3F /* TUM Campus App.app */;
			productType = "com.apple.product-type.application";
		};
		2277E92221D93C3400D7FF3F /* TUM Campus AppTests */ = {
			isa = PBXNativeTarget;
			buildConfigurationList = 2277E93A21D93C3400D7FF3F /* Build configuration list for PBXNativeTarget "TUM Campus AppTests" */;
			buildPhases = (
				12AADF1971257F4E5CEED866 /* [CP] Check Pods Manifest.lock */,
				2277E91F21D93C3400D7FF3F /* Sources */,
				2277E92021D93C3400D7FF3F /* Frameworks */,
				2277E92121D93C3400D7FF3F /* Resources */,
			);
			buildRules = (
			);
			dependencies = (
				2277E92521D93C3400D7FF3F /* PBXTargetDependency */,
			);
			name = "TUM Campus AppTests";
			productName = "TUM Campus AppTests";
			productReference = 2277E92321D93C3400D7FF3F /* TUM Campus AppTests.xctest */;
			productType = "com.apple.product-type.bundle.unit-test";
		};
		2277E92D21D93C3400D7FF3F /* TUM Campus AppUITests */ = {
			isa = PBXNativeTarget;
			buildConfigurationList = 2277E93D21D93C3400D7FF3F /* Build configuration list for PBXNativeTarget "TUM Campus AppUITests" */;
			buildPhases = (
				FEDF82BAD40775E8AAE0B3EF /* [CP] Check Pods Manifest.lock */,
				2277E92A21D93C3400D7FF3F /* Sources */,
				2277E92B21D93C3400D7FF3F /* Frameworks */,
				2277E92C21D93C3400D7FF3F /* Resources */,
			);
			buildRules = (
			);
			dependencies = (
				2277E93021D93C3400D7FF3F /* PBXTargetDependency */,
			);
			name = "TUM Campus AppUITests";
			productName = "TUM Campus AppUITests";
			productReference = 2277E92E21D93C3400D7FF3F /* TUM Campus AppUITests.xctest */;
			productType = "com.apple.product-type.bundle.ui-testing";
		};
/* End PBXNativeTarget section */

/* Begin PBXProject section */
		2277E90421D93C3300D7FF3F /* Project object */ = {
			isa = PBXProject;
			attributes = {
				LastSwiftUpdateCheck = 1010;
				LastUpgradeCheck = 1010;
				ORGANIZATIONNAME = TUM;
				TargetAttributes = {
					2277E90B21D93C3300D7FF3F = {
						CreatedOnToolsVersion = 10.1;
						SystemCapabilities = {
							com.apple.ApplicationGroups.iOS = {
								enabled = 1;
							};
						};
					};
					2277E92221D93C3400D7FF3F = {
						CreatedOnToolsVersion = 10.1;
						TestTargetID = 2277E90B21D93C3300D7FF3F;
					};
					2277E92D21D93C3400D7FF3F = {
						CreatedOnToolsVersion = 10.1;
						TestTargetID = 2277E90B21D93C3300D7FF3F;
					};
				};
			};
			buildConfigurationList = 2277E90721D93C3300D7FF3F /* Build configuration list for PBXProject "TUM Campus App" */;
			compatibilityVersion = "Xcode 9.3";
			developmentRegion = en;
			hasScannedForEncodings = 0;
			knownRegions = (
				en,
				Base,
			);
			mainGroup = 2277E90321D93C3300D7FF3F;
			productRefGroup = 2277E90D21D93C3300D7FF3F /* Products */;
			projectDirPath = "";
			projectRoot = "";
			targets = (
				2277E90B21D93C3300D7FF3F /* TUM Campus App */,
				2277E92221D93C3400D7FF3F /* TUM Campus AppTests */,
				2277E92D21D93C3400D7FF3F /* TUM Campus AppUITests */,
			);
		};
/* End PBXProject section */

/* Begin PBXResourcesBuildPhase section */
		2277E90A21D93C3300D7FF3F /* Resources */ = {
			isa = PBXResourcesBuildPhase;
			buildActionMask = 2147483647;
			files = (
				228BDD5F21E63B1000DB9061 /* Login.storyboard in Resources */,
				22BC2CE421DE5D7200FF7C00 /* LaunchScreen.storyboard in Resources */,
				2277E91A21D93C3400D7FF3F /* Assets.xcassets in Resources */,
				2277E91521D93C3300D7FF3F /* Main.storyboard in Resources */,
			);
			runOnlyForDeploymentPostprocessing = 0;
		};
		2277E92121D93C3400D7FF3F /* Resources */ = {
			isa = PBXResourcesBuildPhase;
			buildActionMask = 2147483647;
			files = (
			);
			runOnlyForDeploymentPostprocessing = 0;
		};
		2277E92C21D93C3400D7FF3F /* Resources */ = {
			isa = PBXResourcesBuildPhase;
			buildActionMask = 2147483647;
			files = (
			);
			runOnlyForDeploymentPostprocessing = 0;
		};
/* End PBXResourcesBuildPhase section */

/* Begin PBXShellScriptBuildPhase section */
		12AADF1971257F4E5CEED866 /* [CP] Check Pods Manifest.lock */ = {
			isa = PBXShellScriptBuildPhase;
			buildActionMask = 2147483647;
			files = (
			);
			inputPaths = (
				"${PODS_PODFILE_DIR_PATH}/Podfile.lock",
				"${PODS_ROOT}/Manifest.lock",
			);
			name = "[CP] Check Pods Manifest.lock";
			outputPaths = (
				"$(DERIVED_FILE_DIR)/Pods-TUM Campus AppTests-checkManifestLockResult.txt",
			);
			runOnlyForDeploymentPostprocessing = 0;
			shellPath = /bin/sh;
			shellScript = "diff \"${PODS_PODFILE_DIR_PATH}/Podfile.lock\" \"${PODS_ROOT}/Manifest.lock\" > /dev/null\nif [ $? != 0 ] ; then\n    # print error to STDERR\n    echo \"error: The sandbox is not in sync with the Podfile.lock. Run 'pod install' or update your CocoaPods installation.\" >&2\n    exit 1\nfi\n# This output is used by Xcode 'outputs' to avoid re-running this script phase.\necho \"SUCCESS\" > \"${SCRIPT_OUTPUT_FILE_0}\"\n";
			showEnvVarsInLog = 0;
		};
		5FF4381CE38E6BD1F13A6884 /* [CP] Embed Pods Frameworks */ = {
			isa = PBXShellScriptBuildPhase;
			buildActionMask = 2147483647;
			files = (
			);
			inputPaths = (
				"${SRCROOT}/Pods/Target Support Files/Pods-TUM Campus App/Pods-TUM Campus App-frameworks.sh",
				"${BUILT_PRODUCTS_DIR}/Alamofire/Alamofire.framework",
				"${BUILT_PRODUCTS_DIR}/AlamofireImage/AlamofireImage.framework",
				"${BUILT_PRODUCTS_DIR}/AlamofireNetworkActivityIndicator/AlamofireNetworkActivityIndicator.framework",
				"${BUILT_PRODUCTS_DIR}/KeychainAccess/KeychainAccess.framework",
				"${BUILT_PRODUCTS_DIR}/SWXMLHash/SWXMLHash.framework",
			);
			name = "[CP] Embed Pods Frameworks";
			outputPaths = (
				"${TARGET_BUILD_DIR}/${FRAMEWORKS_FOLDER_PATH}/Alamofire.framework",
				"${TARGET_BUILD_DIR}/${FRAMEWORKS_FOLDER_PATH}/AlamofireImage.framework",
				"${TARGET_BUILD_DIR}/${FRAMEWORKS_FOLDER_PATH}/AlamofireNetworkActivityIndicator.framework",
				"${TARGET_BUILD_DIR}/${FRAMEWORKS_FOLDER_PATH}/KeychainAccess.framework",
				"${TARGET_BUILD_DIR}/${FRAMEWORKS_FOLDER_PATH}/SWXMLHash.framework",
			);
			runOnlyForDeploymentPostprocessing = 0;
			shellPath = /bin/sh;
			shellScript = "\"${SRCROOT}/Pods/Target Support Files/Pods-TUM Campus App/Pods-TUM Campus App-frameworks.sh\"\n";
			showEnvVarsInLog = 0;
		};
		F1810613ABFB2B38652F661E /* [CP] Check Pods Manifest.lock */ = {
			isa = PBXShellScriptBuildPhase;
			buildActionMask = 2147483647;
			files = (
			);
			inputPaths = (
				"${PODS_PODFILE_DIR_PATH}/Podfile.lock",
				"${PODS_ROOT}/Manifest.lock",
			);
			name = "[CP] Check Pods Manifest.lock";
			outputPaths = (
				"$(DERIVED_FILE_DIR)/Pods-TUM Campus App-checkManifestLockResult.txt",
			);
			runOnlyForDeploymentPostprocessing = 0;
			shellPath = /bin/sh;
			shellScript = "diff \"${PODS_PODFILE_DIR_PATH}/Podfile.lock\" \"${PODS_ROOT}/Manifest.lock\" > /dev/null\nif [ $? != 0 ] ; then\n    # print error to STDERR\n    echo \"error: The sandbox is not in sync with the Podfile.lock. Run 'pod install' or update your CocoaPods installation.\" >&2\n    exit 1\nfi\n# This output is used by Xcode 'outputs' to avoid re-running this script phase.\necho \"SUCCESS\" > \"${SCRIPT_OUTPUT_FILE_0}\"\n";
			showEnvVarsInLog = 0;
		};
		FEDF82BAD40775E8AAE0B3EF /* [CP] Check Pods Manifest.lock */ = {
			isa = PBXShellScriptBuildPhase;
			buildActionMask = 2147483647;
			files = (
			);
			inputPaths = (
				"${PODS_PODFILE_DIR_PATH}/Podfile.lock",
				"${PODS_ROOT}/Manifest.lock",
			);
			name = "[CP] Check Pods Manifest.lock";
			outputPaths = (
				"$(DERIVED_FILE_DIR)/Pods-TUM Campus AppUITests-checkManifestLockResult.txt",
			);
			runOnlyForDeploymentPostprocessing = 0;
			shellPath = /bin/sh;
			shellScript = "diff \"${PODS_PODFILE_DIR_PATH}/Podfile.lock\" \"${PODS_ROOT}/Manifest.lock\" > /dev/null\nif [ $? != 0 ] ; then\n    # print error to STDERR\n    echo \"error: The sandbox is not in sync with the Podfile.lock. Run 'pod install' or update your CocoaPods installation.\" >&2\n    exit 1\nfi\n# This output is used by Xcode 'outputs' to avoid re-running this script phase.\necho \"SUCCESS\" > \"${SCRIPT_OUTPUT_FILE_0}\"\n";
			showEnvVarsInLog = 0;
		};
/* End PBXShellScriptBuildPhase section */

/* Begin PBXSourcesBuildPhase section */
		2277E90821D93C3300D7FF3F /* Sources */ = {
			isa = PBXSourcesBuildPhase;
			buildActionMask = 2147483647;
			files = (
				223D12E921DF82180053305B /* TUMCabeAPI.swift in Sources */,
				22B00AF221D94D5100E65C86 /* LoginController.swift in Sources */,
				22B00B0021DD878000E65C86 /* TUMOnlineAPI.swift in Sources */,
				223D12F121E014C60053305B /* NewsTableViewController.swift in Sources */,
				223D12EF21E00B9E0053305B /* News.swift in Sources */,
				2277E91821D93C3300D7FF3F /* TUM_Campus_App.xcdatamodeld in Sources */,
				22BC2CE221DE4DDB00FF7C00 /* TokenConfirmationViewController.swift in Sources */,
				22B00AEE21D9445300E65C86 /* Extensions.swift in Sources */,
				223D12EB21DF898F0053305B /* NewsImporter.swift in Sources */,
				22B00AEC21D9436F00E65C86 /* APIs.swift in Sources */,
				22D4FCD821DE6E2200DF1F4B /* RoundedViews.swift in Sources */,
				22B00AF021D9458600E65C86 /* LoginViewController.swift in Sources */,
				22D4FCDA21DE713600DF1F4B /* ShadowViews.swift in Sources */,
				22BC2CE021DE35FD00FF7C00 /* CampusTabBarController.swift in Sources */,
				2277E91021D93C3300D7FF3F /* AppDelegate.swift in Sources */,
			);
			runOnlyForDeploymentPostprocessing = 0;
		};
		2277E91F21D93C3400D7FF3F /* Sources */ = {
			isa = PBXSourcesBuildPhase;
			buildActionMask = 2147483647;
			files = (
				2277E92821D93C3400D7FF3F /* TUM_Campus_AppTests.swift in Sources */,
			);
			runOnlyForDeploymentPostprocessing = 0;
		};
		2277E92A21D93C3400D7FF3F /* Sources */ = {
			isa = PBXSourcesBuildPhase;
			buildActionMask = 2147483647;
			files = (
				2277E93321D93C3400D7FF3F /* TUM_Campus_AppUITests.swift in Sources */,
			);
			runOnlyForDeploymentPostprocessing = 0;
		};
/* End PBXSourcesBuildPhase section */

/* Begin PBXTargetDependency section */
		2277E92521D93C3400D7FF3F /* PBXTargetDependency */ = {
			isa = PBXTargetDependency;
			target = 2277E90B21D93C3300D7FF3F /* TUM Campus App */;
			targetProxy = 2277E92421D93C3400D7FF3F /* PBXContainerItemProxy */;
		};
		2277E93021D93C3400D7FF3F /* PBXTargetDependency */ = {
			isa = PBXTargetDependency;
			target = 2277E90B21D93C3300D7FF3F /* TUM Campus App */;
			targetProxy = 2277E92F21D93C3400D7FF3F /* PBXContainerItemProxy */;
		};
/* End PBXTargetDependency section */

/* Begin PBXVariantGroup section */
		2277E91321D93C3300D7FF3F /* Main.storyboard */ = {
			isa = PBXVariantGroup;
			children = (
				2277E91421D93C3300D7FF3F /* Base */,
			);
			name = Main.storyboard;
			sourceTree = "<group>";
		};
/* End PBXVariantGroup section */

/* Begin XCBuildConfiguration section */
		2277E93521D93C3400D7FF3F /* Debug */ = {
			isa = XCBuildConfiguration;
			buildSettings = {
				ALWAYS_SEARCH_USER_PATHS = NO;
				CLANG_ANALYZER_NONNULL = YES;
				CLANG_ANALYZER_NUMBER_OBJECT_CONVERSION = YES_AGGRESSIVE;
				CLANG_CXX_LANGUAGE_STANDARD = "gnu++14";
				CLANG_CXX_LIBRARY = "libc++";
				CLANG_ENABLE_MODULES = YES;
				CLANG_ENABLE_OBJC_ARC = YES;
				CLANG_ENABLE_OBJC_WEAK = YES;
				CLANG_WARN_BLOCK_CAPTURE_AUTORELEASING = YES;
				CLANG_WARN_BOOL_CONVERSION = YES;
				CLANG_WARN_COMMA = YES;
				CLANG_WARN_CONSTANT_CONVERSION = YES;
				CLANG_WARN_DEPRECATED_OBJC_IMPLEMENTATIONS = YES;
				CLANG_WARN_DIRECT_OBJC_ISA_USAGE = YES_ERROR;
				CLANG_WARN_DOCUMENTATION_COMMENTS = YES;
				CLANG_WARN_EMPTY_BODY = YES;
				CLANG_WARN_ENUM_CONVERSION = YES;
				CLANG_WARN_INFINITE_RECURSION = YES;
				CLANG_WARN_INT_CONVERSION = YES;
				CLANG_WARN_NON_LITERAL_NULL_CONVERSION = YES;
				CLANG_WARN_OBJC_IMPLICIT_RETAIN_SELF = YES;
				CLANG_WARN_OBJC_LITERAL_CONVERSION = YES;
				CLANG_WARN_OBJC_ROOT_CLASS = YES_ERROR;
				CLANG_WARN_RANGE_LOOP_ANALYSIS = YES;
				CLANG_WARN_STRICT_PROTOTYPES = YES;
				CLANG_WARN_SUSPICIOUS_MOVE = YES;
				CLANG_WARN_UNGUARDED_AVAILABILITY = YES_AGGRESSIVE;
				CLANG_WARN_UNREACHABLE_CODE = YES;
				CLANG_WARN__DUPLICATE_METHOD_MATCH = YES;
				CODE_SIGN_IDENTITY = "iPhone Developer";
				COPY_PHASE_STRIP = NO;
				DEBUG_INFORMATION_FORMAT = dwarf;
				ENABLE_STRICT_OBJC_MSGSEND = YES;
				ENABLE_TESTABILITY = YES;
				GCC_C_LANGUAGE_STANDARD = gnu11;
				GCC_DYNAMIC_NO_PIC = NO;
				GCC_NO_COMMON_BLOCKS = YES;
				GCC_OPTIMIZATION_LEVEL = 0;
				GCC_PREPROCESSOR_DEFINITIONS = (
					"DEBUG=1",
					"$(inherited)",
				);
				GCC_WARN_64_TO_32_BIT_CONVERSION = YES;
				GCC_WARN_ABOUT_RETURN_TYPE = YES_ERROR;
				GCC_WARN_UNDECLARED_SELECTOR = YES;
				GCC_WARN_UNINITIALIZED_AUTOS = YES_AGGRESSIVE;
				GCC_WARN_UNUSED_FUNCTION = YES;
				GCC_WARN_UNUSED_VARIABLE = YES;
				IPHONEOS_DEPLOYMENT_TARGET = 12.1;
				MTL_ENABLE_DEBUG_INFO = INCLUDE_SOURCE;
				MTL_FAST_MATH = YES;
				ONLY_ACTIVE_ARCH = YES;
				SDKROOT = iphoneos;
				SWIFT_ACTIVE_COMPILATION_CONDITIONS = DEBUG;
				SWIFT_OPTIMIZATION_LEVEL = "-Onone";
			};
			name = Debug;
		};
		2277E93621D93C3400D7FF3F /* Release */ = {
			isa = XCBuildConfiguration;
			buildSettings = {
				ALWAYS_SEARCH_USER_PATHS = NO;
				CLANG_ANALYZER_NONNULL = YES;
				CLANG_ANALYZER_NUMBER_OBJECT_CONVERSION = YES_AGGRESSIVE;
				CLANG_CXX_LANGUAGE_STANDARD = "gnu++14";
				CLANG_CXX_LIBRARY = "libc++";
				CLANG_ENABLE_MODULES = YES;
				CLANG_ENABLE_OBJC_ARC = YES;
				CLANG_ENABLE_OBJC_WEAK = YES;
				CLANG_WARN_BLOCK_CAPTURE_AUTORELEASING = YES;
				CLANG_WARN_BOOL_CONVERSION = YES;
				CLANG_WARN_COMMA = YES;
				CLANG_WARN_CONSTANT_CONVERSION = YES;
				CLANG_WARN_DEPRECATED_OBJC_IMPLEMENTATIONS = YES;
				CLANG_WARN_DIRECT_OBJC_ISA_USAGE = YES_ERROR;
				CLANG_WARN_DOCUMENTATION_COMMENTS = YES;
				CLANG_WARN_EMPTY_BODY = YES;
				CLANG_WARN_ENUM_CONVERSION = YES;
				CLANG_WARN_INFINITE_RECURSION = YES;
				CLANG_WARN_INT_CONVERSION = YES;
				CLANG_WARN_NON_LITERAL_NULL_CONVERSION = YES;
				CLANG_WARN_OBJC_IMPLICIT_RETAIN_SELF = YES;
				CLANG_WARN_OBJC_LITERAL_CONVERSION = YES;
				CLANG_WARN_OBJC_ROOT_CLASS = YES_ERROR;
				CLANG_WARN_RANGE_LOOP_ANALYSIS = YES;
				CLANG_WARN_STRICT_PROTOTYPES = YES;
				CLANG_WARN_SUSPICIOUS_MOVE = YES;
				CLANG_WARN_UNGUARDED_AVAILABILITY = YES_AGGRESSIVE;
				CLANG_WARN_UNREACHABLE_CODE = YES;
				CLANG_WARN__DUPLICATE_METHOD_MATCH = YES;
				CODE_SIGN_IDENTITY = "iPhone Developer";
				COPY_PHASE_STRIP = NO;
				DEBUG_INFORMATION_FORMAT = "dwarf-with-dsym";
				ENABLE_NS_ASSERTIONS = NO;
				ENABLE_STRICT_OBJC_MSGSEND = YES;
				GCC_C_LANGUAGE_STANDARD = gnu11;
				GCC_NO_COMMON_BLOCKS = YES;
				GCC_WARN_64_TO_32_BIT_CONVERSION = YES;
				GCC_WARN_ABOUT_RETURN_TYPE = YES_ERROR;
				GCC_WARN_UNDECLARED_SELECTOR = YES;
				GCC_WARN_UNINITIALIZED_AUTOS = YES_AGGRESSIVE;
				GCC_WARN_UNUSED_FUNCTION = YES;
				GCC_WARN_UNUSED_VARIABLE = YES;
				IPHONEOS_DEPLOYMENT_TARGET = 12.1;
				MTL_ENABLE_DEBUG_INFO = NO;
				MTL_FAST_MATH = YES;
				SDKROOT = iphoneos;
				SWIFT_COMPILATION_MODE = wholemodule;
				SWIFT_OPTIMIZATION_LEVEL = "-O";
				VALIDATE_PRODUCT = YES;
			};
			name = Release;
		};
		2277E93821D93C3400D7FF3F /* Debug */ = {
			isa = XCBuildConfiguration;
			baseConfigurationReference = B753E36A4A43DE8E70306454 /* Pods-TUM Campus App.debug.xcconfig */;
			buildSettings = {
				ASSETCATALOG_COMPILER_APPICON_NAME = AppIcon;
				CODE_SIGN_ENTITLEMENTS = "TUM Campus App/TUM Campus App.entitlements";
				CODE_SIGN_STYLE = Automatic;
				DEVELOPMENT_TEAM = LQ83GZ8GRK;
				FRAMEWORK_SEARCH_PATHS = "$(inherited)";
				INFOPLIST_FILE = "TUM Campus App/Info.plist";
				IPHONEOS_DEPLOYMENT_TARGET = 11.0;
				LD_RUNPATH_SEARCH_PATHS = (
					"$(inherited)",
					"@executable_path/Frameworks",
				);
				PRODUCT_BUNDLE_IDENTIFIER = de.tum.campusapp;
				PRODUCT_NAME = "$(TARGET_NAME)";
				SWIFT_VERSION = 4.2;
				TARGETED_DEVICE_FAMILY = "1,2";
			};
			name = Debug;
		};
		2277E93921D93C3400D7FF3F /* Release */ = {
			isa = XCBuildConfiguration;
			baseConfigurationReference = 0148F1CD53E3B8D9F7A2D952 /* Pods-TUM Campus App.release.xcconfig */;
			buildSettings = {
				ASSETCATALOG_COMPILER_APPICON_NAME = AppIcon;
				CODE_SIGN_ENTITLEMENTS = "TUM Campus App/TUM Campus App.entitlements";
				CODE_SIGN_STYLE = Automatic;
				DEVELOPMENT_TEAM = LQ83GZ8GRK;
				FRAMEWORK_SEARCH_PATHS = "$(inherited)";
				INFOPLIST_FILE = "TUM Campus App/Info.plist";
				IPHONEOS_DEPLOYMENT_TARGET = 11.0;
				LD_RUNPATH_SEARCH_PATHS = (
					"$(inherited)",
					"@executable_path/Frameworks",
				);
				PRODUCT_BUNDLE_IDENTIFIER = de.tum.campusapp;
				PRODUCT_NAME = "$(TARGET_NAME)";
				SWIFT_VERSION = 4.2;
				TARGETED_DEVICE_FAMILY = "1,2";
			};
			name = Release;
		};
		2277E93B21D93C3400D7FF3F /* Debug */ = {
			isa = XCBuildConfiguration;
			baseConfigurationReference = 76EEA4BB7D992C4E5EFE7622 /* Pods-TUM Campus AppTests.debug.xcconfig */;
			buildSettings = {
				ALWAYS_EMBED_SWIFT_STANDARD_LIBRARIES = YES;
				BUNDLE_LOADER = "$(TEST_HOST)";
				CODE_SIGN_STYLE = Automatic;
				DEVELOPMENT_TEAM = LQ83GZ8GRK;
				INFOPLIST_FILE = "TUM Campus AppTests/Info.plist";
				LD_RUNPATH_SEARCH_PATHS = (
					"$(inherited)",
					"@executable_path/Frameworks",
					"@loader_path/Frameworks",
				);
				PRODUCT_BUNDLE_IDENTIFIER = "de.tum.TUM-Campus-AppTests";
				PRODUCT_NAME = "$(TARGET_NAME)";
				SWIFT_VERSION = 4.2;
				TARGETED_DEVICE_FAMILY = "1,2";
				TEST_HOST = "$(BUILT_PRODUCTS_DIR)/TUM Campus App.app/TUM Campus App";
			};
			name = Debug;
		};
		2277E93C21D93C3400D7FF3F /* Release */ = {
			isa = XCBuildConfiguration;
			baseConfigurationReference = C9495E3A8AA39DDE225AC14C /* Pods-TUM Campus AppTests.release.xcconfig */;
			buildSettings = {
				ALWAYS_EMBED_SWIFT_STANDARD_LIBRARIES = YES;
				BUNDLE_LOADER = "$(TEST_HOST)";
				CODE_SIGN_STYLE = Automatic;
				DEVELOPMENT_TEAM = LQ83GZ8GRK;
				INFOPLIST_FILE = "TUM Campus AppTests/Info.plist";
				LD_RUNPATH_SEARCH_PATHS = (
					"$(inherited)",
					"@executable_path/Frameworks",
					"@loader_path/Frameworks",
				);
				PRODUCT_BUNDLE_IDENTIFIER = "de.tum.TUM-Campus-AppTests";
				PRODUCT_NAME = "$(TARGET_NAME)";
				SWIFT_VERSION = 4.2;
				TARGETED_DEVICE_FAMILY = "1,2";
				TEST_HOST = "$(BUILT_PRODUCTS_DIR)/TUM Campus App.app/TUM Campus App";
			};
			name = Release;
		};
		2277E93E21D93C3400D7FF3F /* Debug */ = {
			isa = XCBuildConfiguration;
			baseConfigurationReference = FAA0BA19189D5DABE23638E7 /* Pods-TUM Campus AppUITests.debug.xcconfig */;
			buildSettings = {
				ALWAYS_EMBED_SWIFT_STANDARD_LIBRARIES = YES;
				CODE_SIGN_STYLE = Automatic;
				DEVELOPMENT_TEAM = LQ83GZ8GRK;
				INFOPLIST_FILE = "TUM Campus AppUITests/Info.plist";
				LD_RUNPATH_SEARCH_PATHS = (
					"$(inherited)",
					"@executable_path/Frameworks",
					"@loader_path/Frameworks",
				);
				PRODUCT_BUNDLE_IDENTIFIER = "de.tum.TUM-Campus-AppUITests";
				PRODUCT_NAME = "$(TARGET_NAME)";
				SWIFT_VERSION = 4.2;
				TARGETED_DEVICE_FAMILY = "1,2";
				TEST_TARGET_NAME = "TUM Campus App";
			};
			name = Debug;
		};
		2277E93F21D93C3400D7FF3F /* Release */ = {
			isa = XCBuildConfiguration;
			baseConfigurationReference = BC7D34130706550B7DE6774C /* Pods-TUM Campus AppUITests.release.xcconfig */;
			buildSettings = {
				ALWAYS_EMBED_SWIFT_STANDARD_LIBRARIES = YES;
				CODE_SIGN_STYLE = Automatic;
				DEVELOPMENT_TEAM = LQ83GZ8GRK;
				INFOPLIST_FILE = "TUM Campus AppUITests/Info.plist";
				LD_RUNPATH_SEARCH_PATHS = (
					"$(inherited)",
					"@executable_path/Frameworks",
					"@loader_path/Frameworks",
				);
				PRODUCT_BUNDLE_IDENTIFIER = "de.tum.TUM-Campus-AppUITests";
				PRODUCT_NAME = "$(TARGET_NAME)";
				SWIFT_VERSION = 4.2;
				TARGETED_DEVICE_FAMILY = "1,2";
				TEST_TARGET_NAME = "TUM Campus App";
			};
			name = Release;
		};
/* End XCBuildConfiguration section */

/* Begin XCConfigurationList section */
		2277E90721D93C3300D7FF3F /* Build configuration list for PBXProject "TUM Campus App" */ = {
			isa = XCConfigurationList;
			buildConfigurations = (
				2277E93521D93C3400D7FF3F /* Debug */,
				2277E93621D93C3400D7FF3F /* Release */,
			);
			defaultConfigurationIsVisible = 0;
			defaultConfigurationName = Release;
		};
		2277E93721D93C3400D7FF3F /* Build configuration list for PBXNativeTarget "TUM Campus App" */ = {
			isa = XCConfigurationList;
			buildConfigurations = (
				2277E93821D93C3400D7FF3F /* Debug */,
				2277E93921D93C3400D7FF3F /* Release */,
			);
			defaultConfigurationIsVisible = 0;
			defaultConfigurationName = Release;
		};
		2277E93A21D93C3400D7FF3F /* Build configuration list for PBXNativeTarget "TUM Campus AppTests" */ = {
			isa = XCConfigurationList;
			buildConfigurations = (
				2277E93B21D93C3400D7FF3F /* Debug */,
				2277E93C21D93C3400D7FF3F /* Release */,
			);
			defaultConfigurationIsVisible = 0;
			defaultConfigurationName = Release;
		};
		2277E93D21D93C3400D7FF3F /* Build configuration list for PBXNativeTarget "TUM Campus AppUITests" */ = {
			isa = XCConfigurationList;
			buildConfigurations = (
				2277E93E21D93C3400D7FF3F /* Debug */,
				2277E93F21D93C3400D7FF3F /* Release */,
			);
			defaultConfigurationIsVisible = 0;
			defaultConfigurationName = Release;
		};
/* End XCConfigurationList section */

/* Begin XCVersionGroup section */
		2277E91621D93C3300D7FF3F /* TUM_Campus_App.xcdatamodeld */ = {
			isa = XCVersionGroup;
			children = (
				2277E91721D93C3300D7FF3F /* TUM_Campus_App.xcdatamodel */,
			);
			currentVersion = 2277E91721D93C3300D7FF3F /* TUM_Campus_App.xcdatamodel */;
			path = TUM_Campus_App.xcdatamodeld;
			sourceTree = "<group>";
			versionGroupType = wrapper.xcdatamodel;
		};
/* End XCVersionGroup section */
	};
	rootObject = 2277E90421D93C3300D7FF3F /* Project object */;
}
