// !$*UTF8*$!
{
	archiveVersion = 1;
	classes = {
	};
	objectVersion = 55;
	objects = {

/* Begin PBXBuildFile section */
		36203E7F2761B9D000C24658 /* Localizable.strings in Resources */ = {isa = PBXBuildFile; fileRef = 36203E7D2761B9D000C24658 /* Localizable.strings */; };
		36203E832761BDD100C24658 /* KeychainAccess in Frameworks */ = {isa = PBXBuildFile; productRef = 36203E822761BDD100C24658 /* KeychainAccess */; };
		36203E8B2761C6EC00C24658 /* Spinner.swift in Sources */ = {isa = PBXBuildFile; fileRef = 36203E882761C6EC00C24658 /* Spinner.swift */; };
		36203E8C2761C6EC00C24658 /* LoginView.swift in Sources */ = {isa = PBXBuildFile; fileRef = 36203E892761C6EC00C24658 /* LoginView.swift */; };
		36203E8D2761C6EC00C24658 /* Credentials.swift in Sources */ = {isa = PBXBuildFile; fileRef = 36203E8A2761C6EC00C24658 /* Credentials.swift */; };
		366F0E8427580CFB0091651D /* App.swift in Sources */ = {isa = PBXBuildFile; fileRef = 366F0E8327580CFB0091651D /* App.swift */; };
		366F0E8627580CFB0091651D /* ContentView.swift in Sources */ = {isa = PBXBuildFile; fileRef = 366F0E8527580CFB0091651D /* ContentView.swift */; };
		366F0E8827580CFD0091651D /* Assets.xcassets in Resources */ = {isa = PBXBuildFile; fileRef = 366F0E8727580CFD0091651D /* Assets.xcassets */; };
		366F0E8B27580CFD0091651D /* Preview Assets.xcassets in Resources */ = {isa = PBXBuildFile; fileRef = 366F0E8A27580CFD0091651D /* Preview Assets.xcassets */; };
		366F0E8D27580CFD0091651D /* Persistence.swift in Sources */ = {isa = PBXBuildFile; fileRef = 366F0E8C27580CFD0091651D /* Persistence.swift */; };
		366F0E9027580CFD0091651D /* Campus_iOS.xcdatamodeld in Sources */ = {isa = PBXBuildFile; fileRef = 366F0E8E27580CFD0091651D /* Campus_iOS.xcdatamodeld */; };
		366F0E9A27580CFD0091651D /* Campus_iOSTests.swift in Sources */ = {isa = PBXBuildFile; fileRef = 366F0E9927580CFD0091651D /* Campus_iOSTests.swift */; };
		366F0EA427580CFD0091651D /* Campus_iOSUITests.swift in Sources */ = {isa = PBXBuildFile; fileRef = 366F0EA327580CFD0091651D /* Campus_iOSUITests.swift */; };
		366F0EA627580CFD0091651D /* Campus_iOSUITestsLaunchTests.swift in Sources */ = {isa = PBXBuildFile; fileRef = 366F0EA527580CFD0091651D /* Campus_iOSUITestsLaunchTests.swift */; };
		3683C3182758117900082930 /* Model.swift in Sources */ = {isa = PBXBuildFile; fileRef = 3683C3172758117900082930 /* Model.swift */; };
		3683C31A2758118A00082930 /* MockModel.swift in Sources */ = {isa = PBXBuildFile; fileRef = 3683C3192758118A00082930 /* MockModel.swift */; };
		3698CBED2761E014001C5735 /* CustomRoundedBorderTextFieldStyle.swift in Sources */ = {isa = PBXBuildFile; fileRef = 3698CBEC2761E014001C5735 /* CustomRoundedBorderTextFieldStyle.swift */; };
		3698CBEF2761E6CC001C5735 /* TokenConfirmationView.swift in Sources */ = {isa = PBXBuildFile; fileRef = 3698CBEE2761E6CC001C5735 /* TokenConfirmationView.swift */; };
		36D0C8A32762075900A142CD /* TokenActivationTutorialView.swift in Sources */ = {isa = PBXBuildFile; fileRef = 36D0C8A22762075900A142CD /* TokenActivationTutorialView.swift */; };
		41040BC1276D07EA001FC12B /* Cafeteria.swift in Sources */ = {isa = PBXBuildFile; fileRef = 41040BC0276D07EA001FC12B /* Cafeteria.swift */; };
		41040BC5276D1B6A001FC12B /* Dish.swift in Sources */ = {isa = PBXBuildFile; fileRef = 41040BC4276D1B6A001FC12B /* Dish.swift */; };
		41040BC7276D1B8E001FC12B /* Menu.swift in Sources */ = {isa = PBXBuildFile; fileRef = 41040BC6276D1B8E001FC12B /* Menu.swift */; };
		41040BC9276D1BB3001FC12B /* MealPlan.swift in Sources */ = {isa = PBXBuildFile; fileRef = 41040BC8276D1BB3001FC12B /* MealPlan.swift */; };
		4192E411276B3F83006CF322 /* MapView.swift in Sources */ = {isa = PBXBuildFile; fileRef = 4192E410276B3F83006CF322 /* MapView.swift */; };
		4192E413276B3F8B006CF322 /* Panel.swift in Sources */ = {isa = PBXBuildFile; fileRef = 4192E412276B3F8B006CF322 /* Panel.swift */; };
		4192E415276B3F98006CF322 /* PanelContent.swift in Sources */ = {isa = PBXBuildFile; fileRef = 4192E414276B3F98006CF322 /* PanelContent.swift */; };
		4192E418276B4023006CF322 /* MapContent.swift in Sources */ = {isa = PBXBuildFile; fileRef = 4192E417276B4023006CF322 /* MapContent.swift */; };
/* End PBXBuildFile section */

/* Begin PBXContainerItemProxy section */
		366F0E9627580CFD0091651D /* PBXContainerItemProxy */ = {
			isa = PBXContainerItemProxy;
			containerPortal = 366F0E7827580CFB0091651D /* Project object */;
			proxyType = 1;
			remoteGlobalIDString = 366F0E7F27580CFB0091651D;
			remoteInfo = "Campus-iOS";
		};
		366F0EA027580CFD0091651D /* PBXContainerItemProxy */ = {
			isa = PBXContainerItemProxy;
			containerPortal = 366F0E7827580CFB0091651D /* Project object */;
			proxyType = 1;
			remoteGlobalIDString = 366F0E7F27580CFB0091651D;
			remoteInfo = "Campus-iOS";
		};
/* End PBXContainerItemProxy section */

/* Begin PBXFileReference section */
		227FBB492762AC440062FEC3 /* Info.plist */ = {isa = PBXFileReference; lastKnownFileType = text.plist; path = Info.plist; sourceTree = "<group>"; };
		227FBB4A2762AC4C0062FEC3 /* Campus-iOS.entitlements */ = {isa = PBXFileReference; lastKnownFileType = text.plist.entitlements; path = "Campus-iOS.entitlements"; sourceTree = "<group>"; };
		36203E7E2761B9D000C24658 /* Base */ = {isa = PBXFileReference; lastKnownFileType = text.plist.strings; name = Base; path = "Campus-iOS/Base.lproj/Localizable.strings"; sourceTree = "<group>"; };
		36203E802761B9F200C24658 /* de */ = {isa = PBXFileReference; lastKnownFileType = text.plist.strings; name = de; path = "Campus-iOS/de.lproj/Localizable.strings"; sourceTree = "<group>"; };
		36203E882761C6EC00C24658 /* Spinner.swift */ = {isa = PBXFileReference; fileEncoding = 4; lastKnownFileType = sourcecode.swift; path = Spinner.swift; sourceTree = "<group>"; };
		36203E892761C6EC00C24658 /* LoginView.swift */ = {isa = PBXFileReference; fileEncoding = 4; lastKnownFileType = sourcecode.swift; path = LoginView.swift; sourceTree = "<group>"; };
		36203E8A2761C6EC00C24658 /* Credentials.swift */ = {isa = PBXFileReference; fileEncoding = 4; lastKnownFileType = sourcecode.swift; path = Credentials.swift; sourceTree = "<group>"; };
		366F0E8027580CFB0091651D /* Campus-iOS.app */ = {isa = PBXFileReference; explicitFileType = wrapper.application; includeInIndex = 0; path = "Campus-iOS.app"; sourceTree = BUILT_PRODUCTS_DIR; };
		366F0E8327580CFB0091651D /* App.swift */ = {isa = PBXFileReference; lastKnownFileType = sourcecode.swift; path = App.swift; sourceTree = "<group>"; };
		366F0E8527580CFB0091651D /* ContentView.swift */ = {isa = PBXFileReference; lastKnownFileType = sourcecode.swift; path = ContentView.swift; sourceTree = "<group>"; };
		366F0E8727580CFD0091651D /* Assets.xcassets */ = {isa = PBXFileReference; lastKnownFileType = folder.assetcatalog; path = Assets.xcassets; sourceTree = "<group>"; };
		366F0E8A27580CFD0091651D /* Preview Assets.xcassets */ = {isa = PBXFileReference; lastKnownFileType = folder.assetcatalog; path = "Preview Assets.xcassets"; sourceTree = "<group>"; };
		366F0E8C27580CFD0091651D /* Persistence.swift */ = {isa = PBXFileReference; lastKnownFileType = sourcecode.swift; path = Persistence.swift; sourceTree = "<group>"; };
		366F0E8F27580CFD0091651D /* Campus_iOS.xcdatamodel */ = {isa = PBXFileReference; lastKnownFileType = wrapper.xcdatamodel; path = Campus_iOS.xcdatamodel; sourceTree = "<group>"; };
		366F0E9527580CFD0091651D /* Campus-iOSTests.xctest */ = {isa = PBXFileReference; explicitFileType = wrapper.cfbundle; includeInIndex = 0; path = "Campus-iOSTests.xctest"; sourceTree = BUILT_PRODUCTS_DIR; };
		366F0E9927580CFD0091651D /* Campus_iOSTests.swift */ = {isa = PBXFileReference; lastKnownFileType = sourcecode.swift; path = Campus_iOSTests.swift; sourceTree = "<group>"; };
		366F0E9F27580CFD0091651D /* Campus-iOSUITests.xctest */ = {isa = PBXFileReference; explicitFileType = wrapper.cfbundle; includeInIndex = 0; path = "Campus-iOSUITests.xctest"; sourceTree = BUILT_PRODUCTS_DIR; };
		366F0EA327580CFD0091651D /* Campus_iOSUITests.swift */ = {isa = PBXFileReference; lastKnownFileType = sourcecode.swift; path = Campus_iOSUITests.swift; sourceTree = "<group>"; };
		366F0EA527580CFD0091651D /* Campus_iOSUITestsLaunchTests.swift */ = {isa = PBXFileReference; lastKnownFileType = sourcecode.swift; path = Campus_iOSUITestsLaunchTests.swift; sourceTree = "<group>"; };
		3683C3172758117900082930 /* Model.swift */ = {isa = PBXFileReference; lastKnownFileType = sourcecode.swift; path = Model.swift; sourceTree = "<group>"; };
		3683C3192758118A00082930 /* MockModel.swift */ = {isa = PBXFileReference; lastKnownFileType = sourcecode.swift; path = MockModel.swift; sourceTree = "<group>"; };
		3698CBEC2761E014001C5735 /* CustomRoundedBorderTextFieldStyle.swift */ = {isa = PBXFileReference; lastKnownFileType = sourcecode.swift; path = CustomRoundedBorderTextFieldStyle.swift; sourceTree = "<group>"; };
		3698CBEE2761E6CC001C5735 /* TokenConfirmationView.swift */ = {isa = PBXFileReference; lastKnownFileType = sourcecode.swift; path = TokenConfirmationView.swift; sourceTree = "<group>"; };
		36D0C8A22762075900A142CD /* TokenActivationTutorialView.swift */ = {isa = PBXFileReference; lastKnownFileType = sourcecode.swift; path = TokenActivationTutorialView.swift; sourceTree = "<group>"; };
		41040BC0276D07EA001FC12B /* Cafeteria.swift */ = {isa = PBXFileReference; lastKnownFileType = sourcecode.swift; path = Cafeteria.swift; sourceTree = "<group>"; };
		41040BC4276D1B6A001FC12B /* Dish.swift */ = {isa = PBXFileReference; lastKnownFileType = sourcecode.swift; path = Dish.swift; sourceTree = "<group>"; };
		41040BC6276D1B8E001FC12B /* Menu.swift */ = {isa = PBXFileReference; lastKnownFileType = sourcecode.swift; path = Menu.swift; sourceTree = "<group>"; };
		41040BC8276D1BB3001FC12B /* MealPlan.swift */ = {isa = PBXFileReference; lastKnownFileType = sourcecode.swift; path = MealPlan.swift; sourceTree = "<group>"; };
		4192E410276B3F83006CF322 /* MapView.swift */ = {isa = PBXFileReference; lastKnownFileType = sourcecode.swift; path = MapView.swift; sourceTree = "<group>"; };
		4192E412276B3F8B006CF322 /* Panel.swift */ = {isa = PBXFileReference; lastKnownFileType = sourcecode.swift; path = Panel.swift; sourceTree = "<group>"; };
		4192E414276B3F98006CF322 /* PanelContent.swift */ = {isa = PBXFileReference; lastKnownFileType = sourcecode.swift; path = PanelContent.swift; sourceTree = "<group>"; };
		4192E417276B4023006CF322 /* MapContent.swift */ = {isa = PBXFileReference; lastKnownFileType = sourcecode.swift; path = MapContent.swift; sourceTree = "<group>"; };
/* End PBXFileReference section */

/* Begin PBXFrameworksBuildPhase section */
		366F0E7D27580CFB0091651D /* Frameworks */ = {
			isa = PBXFrameworksBuildPhase;
			buildActionMask = 2147483647;
			files = (
				36203E832761BDD100C24658 /* KeychainAccess in Frameworks */,
			);
			runOnlyForDeploymentPostprocessing = 0;
		};
		366F0E9227580CFD0091651D /* Frameworks */ = {
			isa = PBXFrameworksBuildPhase;
			buildActionMask = 2147483647;
			files = (
			);
			runOnlyForDeploymentPostprocessing = 0;
		};
		366F0E9C27580CFD0091651D /* Frameworks */ = {
			isa = PBXFrameworksBuildPhase;
			buildActionMask = 2147483647;
			files = (
			);
			runOnlyForDeploymentPostprocessing = 0;
		};
/* End PBXFrameworksBuildPhase section */

/* Begin PBXGroup section */
		36203E872761C6EC00C24658 /* LoginComponent */ = {
			isa = PBXGroup;
			children = (
				36203E882761C6EC00C24658 /* Spinner.swift */,
				36203E892761C6EC00C24658 /* LoginView.swift */,
				36203E8A2761C6EC00C24658 /* Credentials.swift */,
				3698CBEE2761E6CC001C5735 /* TokenConfirmationView.swift */,
				36D0C8A22762075900A142CD /* TokenActivationTutorialView.swift */,
			);
			path = LoginComponent;
			sourceTree = "<group>";
		};
		366F0E7727580CFB0091651D = {
			isa = PBXGroup;
			children = (
				366F0E8227580CFB0091651D /* Campus-iOS */,
				366F0E9827580CFD0091651D /* Campus-iOSTests */,
				366F0EA227580CFD0091651D /* Campus-iOSUITests */,
				366F0E8127580CFB0091651D /* Products */,
			);
			sourceTree = "<group>";
		};
		366F0E8127580CFB0091651D /* Products */ = {
			isa = PBXGroup;
			children = (
				366F0E8027580CFB0091651D /* Campus-iOS.app */,
				366F0E9527580CFD0091651D /* Campus-iOSTests.xctest */,
				366F0E9F27580CFD0091651D /* Campus-iOSUITests.xctest */,
			);
			name = Products;
			sourceTree = "<group>";
		};
		366F0E8227580CFB0091651D /* Campus-iOS */ = {
			isa = PBXGroup;
			children = (
				227FBB4A2762AC4C0062FEC3 /* Campus-iOS.entitlements */,
				227FBB492762AC440062FEC3 /* Info.plist */,
				4192E40F276B3F6E006CF322 /* Map */,
				3698CBEB2761DFA9001C5735 /* Styles */,
				36203E872761C6EC00C24658 /* LoginComponent */,
				36203E7D2761B9D000C24658 /* Localizable.strings */,
				3683C3162758115000082930 /* Model */,
				366F0E8327580CFB0091651D /* App.swift */,
				366F0E8527580CFB0091651D /* ContentView.swift */,
				366F0E8727580CFD0091651D /* Assets.xcassets */,
				366F0E8C27580CFD0091651D /* Persistence.swift */,
				366F0E8E27580CFD0091651D /* Campus_iOS.xcdatamodeld */,
				366F0E8927580CFD0091651D /* Preview Content */,
			);
			path = "Campus-iOS";
			sourceTree = "<group>";
		};
		366F0E8927580CFD0091651D /* Preview Content */ = {
			isa = PBXGroup;
			children = (
				366F0E8A27580CFD0091651D /* Preview Assets.xcassets */,
			);
			path = "Preview Content";
			sourceTree = "<group>";
		};
		366F0E9827580CFD0091651D /* Campus-iOSTests */ = {
			isa = PBXGroup;
			children = (
				366F0E9927580CFD0091651D /* Campus_iOSTests.swift */,
			);
			path = "Campus-iOSTests";
			sourceTree = "<group>";
		};
		366F0EA227580CFD0091651D /* Campus-iOSUITests */ = {
			isa = PBXGroup;
			children = (
				366F0EA327580CFD0091651D /* Campus_iOSUITests.swift */,
				366F0EA527580CFD0091651D /* Campus_iOSUITestsLaunchTests.swift */,
			);
			path = "Campus-iOSUITests";
			sourceTree = "<group>";
		};
		3683C3162758115000082930 /* Model */ = {
			isa = PBXGroup;
			children = (
				3683C3172758117900082930 /* Model.swift */,
				3683C3192758118A00082930 /* MockModel.swift */,
			);
			path = Model;
			sourceTree = "<group>";
		};
		3698CBEB2761DFA9001C5735 /* Styles */ = {
			isa = PBXGroup;
			children = (
				3698CBEC2761E014001C5735 /* CustomRoundedBorderTextFieldStyle.swift */,
			);
			path = Styles;
			sourceTree = "<group>";
		};
		4192E40F276B3F6E006CF322 /* Map */ = {
			isa = PBXGroup;
			children = (
				4192E410276B3F83006CF322 /* MapView.swift */,
				4192E417276B4023006CF322 /* MapContent.swift */,
				4192E412276B3F8B006CF322 /* Panel.swift */,
				4192E414276B3F98006CF322 /* PanelContent.swift */,
				41040BC0276D07EA001FC12B /* Cafeteria.swift */,
				41040BC4276D1B6A001FC12B /* Dish.swift */,
				41040BC8276D1BB3001FC12B /* MealPlan.swift */,
				41040BC6276D1B8E001FC12B /* Menu.swift */,
			);
			path = Map;
			sourceTree = "<group>";
		};
/* End PBXGroup section */

/* Begin PBXNativeTarget section */
		366F0E7F27580CFB0091651D /* Campus-iOS */ = {
			isa = PBXNativeTarget;
			buildConfigurationList = 366F0EA927580CFD0091651D /* Build configuration list for PBXNativeTarget "Campus-iOS" */;
			buildPhases = (
				366F0E7C27580CFB0091651D /* Sources */,
				366F0E7D27580CFB0091651D /* Frameworks */,
				366F0E7E27580CFB0091651D /* Resources */,
			);
			buildRules = (
			);
			dependencies = (
			);
			name = "Campus-iOS";
			packageProductDependencies = (
				36203E822761BDD100C24658 /* KeychainAccess */,
			);
			productName = "Campus-iOS";
			productReference = 366F0E8027580CFB0091651D /* Campus-iOS.app */;
			productType = "com.apple.product-type.application";
		};
		366F0E9427580CFD0091651D /* Campus-iOSTests */ = {
			isa = PBXNativeTarget;
			buildConfigurationList = 366F0EAC27580CFD0091651D /* Build configuration list for PBXNativeTarget "Campus-iOSTests" */;
			buildPhases = (
				366F0E9127580CFD0091651D /* Sources */,
				366F0E9227580CFD0091651D /* Frameworks */,
				366F0E9327580CFD0091651D /* Resources */,
			);
			buildRules = (
			);
			dependencies = (
				366F0E9727580CFD0091651D /* PBXTargetDependency */,
			);
			name = "Campus-iOSTests";
			productName = "Campus-iOSTests";
			productReference = 366F0E9527580CFD0091651D /* Campus-iOSTests.xctest */;
			productType = "com.apple.product-type.bundle.unit-test";
		};
		366F0E9E27580CFD0091651D /* Campus-iOSUITests */ = {
			isa = PBXNativeTarget;
			buildConfigurationList = 366F0EAF27580CFD0091651D /* Build configuration list for PBXNativeTarget "Campus-iOSUITests" */;
			buildPhases = (
				366F0E9B27580CFD0091651D /* Sources */,
				366F0E9C27580CFD0091651D /* Frameworks */,
				366F0E9D27580CFD0091651D /* Resources */,
			);
			buildRules = (
			);
			dependencies = (
				366F0EA127580CFD0091651D /* PBXTargetDependency */,
			);
			name = "Campus-iOSUITests";
			productName = "Campus-iOSUITests";
			productReference = 366F0E9F27580CFD0091651D /* Campus-iOSUITests.xctest */;
			productType = "com.apple.product-type.bundle.ui-testing";
		};
/* End PBXNativeTarget section */

/* Begin PBXProject section */
		366F0E7827580CFB0091651D /* Project object */ = {
			isa = PBXProject;
			attributes = {
				BuildIndependentTargetsInParallel = 1;
				LastSwiftUpdateCheck = 1310;
				LastUpgradeCheck = 1310;
				TargetAttributes = {
					366F0E7F27580CFB0091651D = {
						CreatedOnToolsVersion = 13.1;
					};
					366F0E9427580CFD0091651D = {
						CreatedOnToolsVersion = 13.1;
						TestTargetID = 366F0E7F27580CFB0091651D;
					};
					366F0E9E27580CFD0091651D = {
						CreatedOnToolsVersion = 13.1;
						TestTargetID = 366F0E7F27580CFB0091651D;
					};
				};
			};
			buildConfigurationList = 366F0E7B27580CFB0091651D /* Build configuration list for PBXProject "Campus-iOS" */;
			compatibilityVersion = "Xcode 13.0";
			developmentRegion = en;
			hasScannedForEncodings = 0;
			knownRegions = (
				en,
				Base,
				de,
			);
			mainGroup = 366F0E7727580CFB0091651D;
			packageReferences = (
				36203E812761BDD100C24658 /* XCRemoteSwiftPackageReference "KeychainAccess" */,
			);
			productRefGroup = 366F0E8127580CFB0091651D /* Products */;
			projectDirPath = "";
			projectRoot = "";
			targets = (
				366F0E7F27580CFB0091651D /* Campus-iOS */,
				366F0E9427580CFD0091651D /* Campus-iOSTests */,
				366F0E9E27580CFD0091651D /* Campus-iOSUITests */,
			);
		};
/* End PBXProject section */

/* Begin PBXResourcesBuildPhase section */
		366F0E7E27580CFB0091651D /* Resources */ = {
			isa = PBXResourcesBuildPhase;
			buildActionMask = 2147483647;
			files = (
				366F0E8B27580CFD0091651D /* Preview Assets.xcassets in Resources */,
				36203E7F2761B9D000C24658 /* Localizable.strings in Resources */,
				366F0E8827580CFD0091651D /* Assets.xcassets in Resources */,
			);
			runOnlyForDeploymentPostprocessing = 0;
		};
		366F0E9327580CFD0091651D /* Resources */ = {
			isa = PBXResourcesBuildPhase;
			buildActionMask = 2147483647;
			files = (
			);
			runOnlyForDeploymentPostprocessing = 0;
		};
		366F0E9D27580CFD0091651D /* Resources */ = {
			isa = PBXResourcesBuildPhase;
			buildActionMask = 2147483647;
			files = (
			);
			runOnlyForDeploymentPostprocessing = 0;
		};
/* End PBXResourcesBuildPhase section */

/* Begin PBXSourcesBuildPhase section */
		366F0E7C27580CFB0091651D /* Sources */ = {
			isa = PBXSourcesBuildPhase;
			buildActionMask = 2147483647;
			files = (
				3683C3182758117900082930 /* Model.swift in Sources */,
				366F0E8D27580CFD0091651D /* Persistence.swift in Sources */,
				36D0C8A32762075900A142CD /* TokenActivationTutorialView.swift in Sources */,
				366F0E8627580CFB0091651D /* ContentView.swift in Sources */,
				4192E418276B4023006CF322 /* MapContent.swift in Sources */,
				4192E411276B3F83006CF322 /* MapView.swift in Sources */,
				36203E8D2761C6EC00C24658 /* Credentials.swift in Sources */,
				3698CBED2761E014001C5735 /* CustomRoundedBorderTextFieldStyle.swift in Sources */,
				36203E8B2761C6EC00C24658 /* Spinner.swift in Sources */,
				41040BC5276D1B6A001FC12B /* Dish.swift in Sources */,
				4192E413276B3F8B006CF322 /* Panel.swift in Sources */,
				41040BC7276D1B8E001FC12B /* Menu.swift in Sources */,
				3698CBEF2761E6CC001C5735 /* TokenConfirmationView.swift in Sources */,
				3683C31A2758118A00082930 /* MockModel.swift in Sources */,
				41040BC1276D07EA001FC12B /* Cafeteria.swift in Sources */,
				41040BC9276D1BB3001FC12B /* MealPlan.swift in Sources */,
				366F0E9027580CFD0091651D /* Campus_iOS.xcdatamodeld in Sources */,
				36203E8C2761C6EC00C24658 /* LoginView.swift in Sources */,
				366F0E8427580CFB0091651D /* App.swift in Sources */,
				4192E415276B3F98006CF322 /* PanelContent.swift in Sources */,
			);
			runOnlyForDeploymentPostprocessing = 0;
		};
		366F0E9127580CFD0091651D /* Sources */ = {
			isa = PBXSourcesBuildPhase;
			buildActionMask = 2147483647;
			files = (
				366F0E9A27580CFD0091651D /* Campus_iOSTests.swift in Sources */,
			);
			runOnlyForDeploymentPostprocessing = 0;
		};
		366F0E9B27580CFD0091651D /* Sources */ = {
			isa = PBXSourcesBuildPhase;
			buildActionMask = 2147483647;
			files = (
				366F0EA427580CFD0091651D /* Campus_iOSUITests.swift in Sources */,
				366F0EA627580CFD0091651D /* Campus_iOSUITestsLaunchTests.swift in Sources */,
			);
			runOnlyForDeploymentPostprocessing = 0;
		};
/* End PBXSourcesBuildPhase section */

/* Begin PBXTargetDependency section */
		366F0E9727580CFD0091651D /* PBXTargetDependency */ = {
			isa = PBXTargetDependency;
			target = 366F0E7F27580CFB0091651D /* Campus-iOS */;
			targetProxy = 366F0E9627580CFD0091651D /* PBXContainerItemProxy */;
		};
		366F0EA127580CFD0091651D /* PBXTargetDependency */ = {
			isa = PBXTargetDependency;
			target = 366F0E7F27580CFB0091651D /* Campus-iOS */;
			targetProxy = 366F0EA027580CFD0091651D /* PBXContainerItemProxy */;
		};
/* End PBXTargetDependency section */

/* Begin PBXVariantGroup section */
		36203E7D2761B9D000C24658 /* Localizable.strings */ = {
			isa = PBXVariantGroup;
			children = (
				36203E7E2761B9D000C24658 /* Base */,
				36203E802761B9F200C24658 /* de */,
			);
			name = Localizable.strings;
			sourceTree = "<group>";
		};
/* End PBXVariantGroup section */

/* Begin XCBuildConfiguration section */
		366F0EA727580CFD0091651D /* Debug */ = {
			isa = XCBuildConfiguration;
			buildSettings = {
				ALWAYS_SEARCH_USER_PATHS = NO;
				CLANG_ANALYZER_NONNULL = YES;
				CLANG_ANALYZER_NUMBER_OBJECT_CONVERSION = YES_AGGRESSIVE;
				CLANG_CXX_LANGUAGE_STANDARD = "gnu++17";
				CLANG_CXX_LIBRARY = "libc++";
				CLANG_ENABLE_MODULES = YES;
				CLANG_ENABLE_OBJC_ARC = YES;
				CLANG_ENABLE_OBJC_WEAK = YES;
				CLANG_WARN_BLOCK_CAPTURE_AUTORELEASING = YES;
				CLANG_WARN_BOOL_CONVERSION = YES;
				CLANG_WARN_COMMA = YES;
				CLANG_WARN_CONSTANT_CONVERSION = YES;
				CLANG_WARN_DEPRECATED_OBJC_IMPLEMENTATIONS = YES;
				CLANG_WARN_DIRECT_OBJC_ISA_USAGE = YES_ERROR;
				CLANG_WARN_DOCUMENTATION_COMMENTS = YES;
				CLANG_WARN_EMPTY_BODY = YES;
				CLANG_WARN_ENUM_CONVERSION = YES;
				CLANG_WARN_INFINITE_RECURSION = YES;
				CLANG_WARN_INT_CONVERSION = YES;
				CLANG_WARN_NON_LITERAL_NULL_CONVERSION = YES;
				CLANG_WARN_OBJC_IMPLICIT_RETAIN_SELF = YES;
				CLANG_WARN_OBJC_LITERAL_CONVERSION = YES;
				CLANG_WARN_OBJC_ROOT_CLASS = YES_ERROR;
				CLANG_WARN_QUOTED_INCLUDE_IN_FRAMEWORK_HEADER = YES;
				CLANG_WARN_RANGE_LOOP_ANALYSIS = YES;
				CLANG_WARN_STRICT_PROTOTYPES = YES;
				CLANG_WARN_SUSPICIOUS_MOVE = YES;
				CLANG_WARN_UNGUARDED_AVAILABILITY = YES_AGGRESSIVE;
				CLANG_WARN_UNREACHABLE_CODE = YES;
				CLANG_WARN__DUPLICATE_METHOD_MATCH = YES;
				COPY_PHASE_STRIP = NO;
				DEBUG_INFORMATION_FORMAT = dwarf;
				ENABLE_STRICT_OBJC_MSGSEND = YES;
				ENABLE_TESTABILITY = YES;
				GCC_C_LANGUAGE_STANDARD = gnu11;
				GCC_DYNAMIC_NO_PIC = NO;
				GCC_NO_COMMON_BLOCKS = YES;
				GCC_OPTIMIZATION_LEVEL = 0;
				GCC_PREPROCESSOR_DEFINITIONS = (
					"DEBUG=1",
					"$(inherited)",
				);
				GCC_WARN_64_TO_32_BIT_CONVERSION = YES;
				GCC_WARN_ABOUT_RETURN_TYPE = YES_ERROR;
				GCC_WARN_UNDECLARED_SELECTOR = YES;
				GCC_WARN_UNINITIALIZED_AUTOS = YES_AGGRESSIVE;
				GCC_WARN_UNUSED_FUNCTION = YES;
				GCC_WARN_UNUSED_VARIABLE = YES;
				IPHONEOS_DEPLOYMENT_TARGET = 15.0;
				MTL_ENABLE_DEBUG_INFO = INCLUDE_SOURCE;
				MTL_FAST_MATH = YES;
				ONLY_ACTIVE_ARCH = YES;
				SDKROOT = iphoneos;
				SWIFT_ACTIVE_COMPILATION_CONDITIONS = DEBUG;
				SWIFT_OPTIMIZATION_LEVEL = "-Onone";
			};
			name = Debug;
		};
		366F0EA827580CFD0091651D /* Release */ = {
			isa = XCBuildConfiguration;
			buildSettings = {
				ALWAYS_SEARCH_USER_PATHS = NO;
				CLANG_ANALYZER_NONNULL = YES;
				CLANG_ANALYZER_NUMBER_OBJECT_CONVERSION = YES_AGGRESSIVE;
				CLANG_CXX_LANGUAGE_STANDARD = "gnu++17";
				CLANG_CXX_LIBRARY = "libc++";
				CLANG_ENABLE_MODULES = YES;
				CLANG_ENABLE_OBJC_ARC = YES;
				CLANG_ENABLE_OBJC_WEAK = YES;
				CLANG_WARN_BLOCK_CAPTURE_AUTORELEASING = YES;
				CLANG_WARN_BOOL_CONVERSION = YES;
				CLANG_WARN_COMMA = YES;
				CLANG_WARN_CONSTANT_CONVERSION = YES;
				CLANG_WARN_DEPRECATED_OBJC_IMPLEMENTATIONS = YES;
				CLANG_WARN_DIRECT_OBJC_ISA_USAGE = YES_ERROR;
				CLANG_WARN_DOCUMENTATION_COMMENTS = YES;
				CLANG_WARN_EMPTY_BODY = YES;
				CLANG_WARN_ENUM_CONVERSION = YES;
				CLANG_WARN_INFINITE_RECURSION = YES;
				CLANG_WARN_INT_CONVERSION = YES;
				CLANG_WARN_NON_LITERAL_NULL_CONVERSION = YES;
				CLANG_WARN_OBJC_IMPLICIT_RETAIN_SELF = YES;
				CLANG_WARN_OBJC_LITERAL_CONVERSION = YES;
				CLANG_WARN_OBJC_ROOT_CLASS = YES_ERROR;
				CLANG_WARN_QUOTED_INCLUDE_IN_FRAMEWORK_HEADER = YES;
				CLANG_WARN_RANGE_LOOP_ANALYSIS = YES;
				CLANG_WARN_STRICT_PROTOTYPES = YES;
				CLANG_WARN_SUSPICIOUS_MOVE = YES;
				CLANG_WARN_UNGUARDED_AVAILABILITY = YES_AGGRESSIVE;
				CLANG_WARN_UNREACHABLE_CODE = YES;
				CLANG_WARN__DUPLICATE_METHOD_MATCH = YES;
				COPY_PHASE_STRIP = NO;
				DEBUG_INFORMATION_FORMAT = "dwarf-with-dsym";
				ENABLE_NS_ASSERTIONS = NO;
				ENABLE_STRICT_OBJC_MSGSEND = YES;
				GCC_C_LANGUAGE_STANDARD = gnu11;
				GCC_NO_COMMON_BLOCKS = YES;
				GCC_WARN_64_TO_32_BIT_CONVERSION = YES;
				GCC_WARN_ABOUT_RETURN_TYPE = YES_ERROR;
				GCC_WARN_UNDECLARED_SELECTOR = YES;
				GCC_WARN_UNINITIALIZED_AUTOS = YES_AGGRESSIVE;
				GCC_WARN_UNUSED_FUNCTION = YES;
				GCC_WARN_UNUSED_VARIABLE = YES;
				IPHONEOS_DEPLOYMENT_TARGET = 15.0;
				MTL_ENABLE_DEBUG_INFO = NO;
				MTL_FAST_MATH = YES;
				SDKROOT = iphoneos;
				SWIFT_COMPILATION_MODE = wholemodule;
				SWIFT_OPTIMIZATION_LEVEL = "-O";
				VALIDATE_PRODUCT = YES;
			};
			name = Release;
		};
		366F0EAA27580CFD0091651D /* Debug */ = {
			isa = XCBuildConfiguration;
			buildSettings = {
				ASSETCATALOG_COMPILER_APPICON_NAME = AppIcon;
				ASSETCATALOG_COMPILER_GLOBAL_ACCENT_COLOR_NAME = AccentColor;
				ASSETCATALOG_COMPILER_INCLUDE_ALL_APPICON_ASSETS = NO;
				CODE_SIGN_ENTITLEMENTS = "Campus-iOS/Campus-iOS.entitlements";
				CODE_SIGN_STYLE = Automatic;
				CURRENT_PROJECT_VERSION = 53;
				DEVELOPMENT_ASSET_PATHS = "\"Campus-iOS/Preview Content\"";
				DEVELOPMENT_TEAM = 2J3C6P6X3N;
				"ENABLE_HARDENED_RUNTIME[sdk=macosx*]" = YES;
				ENABLE_PREVIEWS = YES;
				GENERATE_INFOPLIST_FILE = YES;
				INFOPLIST_FILE = "Campus-iOS/Info.plist";
				INFOPLIST_KEY_CFBundleDisplayName = "Campus App";
				INFOPLIST_KEY_NSLocationAlwaysAndWhenInUseUsageDescription = "TUM Campus App needs your Location to work properly";
				INFOPLIST_KEY_NSLocationWhenInUseUsageDescription = "TUM Campus App needs your location to work properly";
				INFOPLIST_KEY_UIApplicationSceneManifest_Generation = YES;
				INFOPLIST_KEY_UIApplicationSupportsIndirectInputEvents = YES;
				INFOPLIST_KEY_UILaunchScreen_Generation = YES;
				INFOPLIST_KEY_UISupportedInterfaceOrientations = UIInterfaceOrientationPortrait;
				INFOPLIST_KEY_UISupportedInterfaceOrientations_iPad = "UIInterfaceOrientationPortrait UIInterfaceOrientationPortraitUpsideDown UIInterfaceOrientationLandscapeLeft UIInterfaceOrientationLandscapeRight";
				INFOPLIST_KEY_UISupportedInterfaceOrientations_iPhone = "UIInterfaceOrientationPortrait UIInterfaceOrientationLandscapeLeft UIInterfaceOrientationLandscapeRight";
				LD_RUNPATH_SEARCH_PATHS = (
					"$(inherited)",
					"@executable_path/Frameworks",
				);
				MARKETING_VERSION = 4.0;
				PRODUCT_BUNDLE_IDENTIFIER = de.tum.tca;
				PRODUCT_NAME = "$(TARGET_NAME)";
				SUPPORTS_MACCATALYST = YES;
				SUPPORTS_MAC_DESIGNED_FOR_IPHONE_IPAD = NO;
				SWIFT_EMIT_LOC_STRINGS = YES;
				SWIFT_VERSION = 5.0;
				TARGETED_DEVICE_FAMILY = "1,2";
			};
			name = Debug;
		};
		366F0EAB27580CFD0091651D /* Release */ = {
			isa = XCBuildConfiguration;
			buildSettings = {
				ASSETCATALOG_COMPILER_APPICON_NAME = AppIcon;
				ASSETCATALOG_COMPILER_GLOBAL_ACCENT_COLOR_NAME = AccentColor;
				ASSETCATALOG_COMPILER_INCLUDE_ALL_APPICON_ASSETS = NO;
				CODE_SIGN_ENTITLEMENTS = "Campus-iOS/Campus-iOS.entitlements";
				CODE_SIGN_STYLE = Automatic;
				CURRENT_PROJECT_VERSION = 53;
				DEVELOPMENT_ASSET_PATHS = "\"Campus-iOS/Preview Content\"";
				DEVELOPMENT_TEAM = 2J3C6P6X3N;
				"ENABLE_HARDENED_RUNTIME[sdk=macosx*]" = YES;
				ENABLE_PREVIEWS = YES;
				GENERATE_INFOPLIST_FILE = YES;
				INFOPLIST_FILE = "Campus-iOS/Info.plist";
				INFOPLIST_KEY_CFBundleDisplayName = "Campus App";
				INFOPLIST_KEY_NSLocationAlwaysAndWhenInUseUsageDescription = "TUM Campus App needs your Location to work properly";
				INFOPLIST_KEY_NSLocationWhenInUseUsageDescription = "TUM Campus App needs your location to work properly";
				INFOPLIST_KEY_UIApplicationSceneManifest_Generation = YES;
				INFOPLIST_KEY_UIApplicationSupportsIndirectInputEvents = YES;
				INFOPLIST_KEY_UILaunchScreen_Generation = YES;
				INFOPLIST_KEY_UISupportedInterfaceOrientations = UIInterfaceOrientationPortrait;
				INFOPLIST_KEY_UISupportedInterfaceOrientations_iPad = "UIInterfaceOrientationPortrait UIInterfaceOrientationPortraitUpsideDown UIInterfaceOrientationLandscapeLeft UIInterfaceOrientationLandscapeRight";
				INFOPLIST_KEY_UISupportedInterfaceOrientations_iPhone = "UIInterfaceOrientationPortrait UIInterfaceOrientationLandscapeLeft UIInterfaceOrientationLandscapeRight";
				LD_RUNPATH_SEARCH_PATHS = (
					"$(inherited)",
					"@executable_path/Frameworks",
				);
				MARKETING_VERSION = 4.0;
				PRODUCT_BUNDLE_IDENTIFIER = de.tum.tca;
				PRODUCT_NAME = "$(TARGET_NAME)";
				SUPPORTS_MACCATALYST = YES;
				SUPPORTS_MAC_DESIGNED_FOR_IPHONE_IPAD = NO;
				SWIFT_EMIT_LOC_STRINGS = YES;
				SWIFT_VERSION = 5.0;
				TARGETED_DEVICE_FAMILY = "1,2";
			};
			name = Release;
		};
		366F0EAD27580CFD0091651D /* Debug */ = {
			isa = XCBuildConfiguration;
			buildSettings = {
				ALWAYS_EMBED_SWIFT_STANDARD_LIBRARIES = YES;
				BUNDLE_LOADER = "$(TEST_HOST)";
				CODE_SIGN_STYLE = Automatic;
				CURRENT_PROJECT_VERSION = 1;
				DEVELOPMENT_TEAM = 7PLLZ436SG;
				GENERATE_INFOPLIST_FILE = YES;
				IPHONEOS_DEPLOYMENT_TARGET = 15.0;
				LD_RUNPATH_SEARCH_PATHS = (
					"$(inherited)",
					"@executable_path/Frameworks",
					"@loader_path/Frameworks",
				);
				MARKETING_VERSION = 1.0;
				PRODUCT_BUNDLE_IDENTIFIER = "de.tum.in.ase.tca.Campus-iOSTests";
				PRODUCT_NAME = "$(TARGET_NAME)";
				SWIFT_EMIT_LOC_STRINGS = NO;
				SWIFT_VERSION = 5.0;
				TARGETED_DEVICE_FAMILY = "1,2";
				TEST_HOST = "$(BUILT_PRODUCTS_DIR)/Campus-iOS.app/Campus-iOS";
			};
			name = Debug;
		};
		366F0EAE27580CFD0091651D /* Release */ = {
			isa = XCBuildConfiguration;
			buildSettings = {
				ALWAYS_EMBED_SWIFT_STANDARD_LIBRARIES = YES;
				BUNDLE_LOADER = "$(TEST_HOST)";
				CODE_SIGN_STYLE = Automatic;
				CURRENT_PROJECT_VERSION = 1;
				DEVELOPMENT_TEAM = 7PLLZ436SG;
				GENERATE_INFOPLIST_FILE = YES;
				IPHONEOS_DEPLOYMENT_TARGET = 15.0;
				LD_RUNPATH_SEARCH_PATHS = (
					"$(inherited)",
					"@executable_path/Frameworks",
					"@loader_path/Frameworks",
				);
				MARKETING_VERSION = 1.0;
				PRODUCT_BUNDLE_IDENTIFIER = "de.tum.in.ase.tca.Campus-iOSTests";
				PRODUCT_NAME = "$(TARGET_NAME)";
				SWIFT_EMIT_LOC_STRINGS = NO;
				SWIFT_VERSION = 5.0;
				TARGETED_DEVICE_FAMILY = "1,2";
				TEST_HOST = "$(BUILT_PRODUCTS_DIR)/Campus-iOS.app/Campus-iOS";
			};
			name = Release;
		};
		366F0EB027580CFD0091651D /* Debug */ = {
			isa = XCBuildConfiguration;
			buildSettings = {
				ALWAYS_EMBED_SWIFT_STANDARD_LIBRARIES = YES;
				CODE_SIGN_STYLE = Automatic;
				CURRENT_PROJECT_VERSION = 1;
				DEVELOPMENT_TEAM = 7PLLZ436SG;
				GENERATE_INFOPLIST_FILE = YES;
				LD_RUNPATH_SEARCH_PATHS = (
					"$(inherited)",
					"@executable_path/Frameworks",
					"@loader_path/Frameworks",
				);
				MARKETING_VERSION = 1.0;
				PRODUCT_BUNDLE_IDENTIFIER = "de.tum.in.ase.tca.Campus-iOSUITests";
				PRODUCT_NAME = "$(TARGET_NAME)";
				SWIFT_EMIT_LOC_STRINGS = NO;
				SWIFT_VERSION = 5.0;
				TARGETED_DEVICE_FAMILY = "1,2";
				TEST_TARGET_NAME = "Campus-iOS";
			};
			name = Debug;
		};
		366F0EB127580CFD0091651D /* Release */ = {
			isa = XCBuildConfiguration;
			buildSettings = {
				ALWAYS_EMBED_SWIFT_STANDARD_LIBRARIES = YES;
				CODE_SIGN_STYLE = Automatic;
				CURRENT_PROJECT_VERSION = 1;
				DEVELOPMENT_TEAM = 7PLLZ436SG;
				GENERATE_INFOPLIST_FILE = YES;
				LD_RUNPATH_SEARCH_PATHS = (
					"$(inherited)",
					"@executable_path/Frameworks",
					"@loader_path/Frameworks",
				);
				MARKETING_VERSION = 1.0;
				PRODUCT_BUNDLE_IDENTIFIER = "de.tum.in.ase.tca.Campus-iOSUITests";
				PRODUCT_NAME = "$(TARGET_NAME)";
				SWIFT_EMIT_LOC_STRINGS = NO;
				SWIFT_VERSION = 5.0;
				TARGETED_DEVICE_FAMILY = "1,2";
				TEST_TARGET_NAME = "Campus-iOS";
			};
			name = Release;
		};
/* End XCBuildConfiguration section */

/* Begin XCConfigurationList section */
		366F0E7B27580CFB0091651D /* Build configuration list for PBXProject "Campus-iOS" */ = {
			isa = XCConfigurationList;
			buildConfigurations = (
				366F0EA727580CFD0091651D /* Debug */,
				366F0EA827580CFD0091651D /* Release */,
			);
			defaultConfigurationIsVisible = 0;
			defaultConfigurationName = Debug;
		};
		366F0EA927580CFD0091651D /* Build configuration list for PBXNativeTarget "Campus-iOS" */ = {
			isa = XCConfigurationList;
			buildConfigurations = (
				366F0EAA27580CFD0091651D /* Debug */,
				366F0EAB27580CFD0091651D /* Release */,
			);
			defaultConfigurationIsVisible = 0;
			defaultConfigurationName = Debug;
		};
		366F0EAC27580CFD0091651D /* Build configuration list for PBXNativeTarget "Campus-iOSTests" */ = {
			isa = XCConfigurationList;
			buildConfigurations = (
				366F0EAD27580CFD0091651D /* Debug */,
				366F0EAE27580CFD0091651D /* Release */,
			);
			defaultConfigurationIsVisible = 0;
			defaultConfigurationName = Debug;
		};
		366F0EAF27580CFD0091651D /* Build configuration list for PBXNativeTarget "Campus-iOSUITests" */ = {
			isa = XCConfigurationList;
			buildConfigurations = (
				366F0EB027580CFD0091651D /* Debug */,
				366F0EB127580CFD0091651D /* Release */,
			);
			defaultConfigurationIsVisible = 0;
			defaultConfigurationName = Debug;
		};
/* End XCConfigurationList section */

/* Begin XCRemoteSwiftPackageReference section */
		36203E812761BDD100C24658 /* XCRemoteSwiftPackageReference "KeychainAccess" */ = {
			isa = XCRemoteSwiftPackageReference;
			repositoryURL = "https://github.com/kishikawakatsumi/KeychainAccess.git";
			requirement = {
				branch = master;
				kind = branch;
			};
		};
/* End XCRemoteSwiftPackageReference section */

/* Begin XCSwiftPackageProductDependency section */
		36203E822761BDD100C24658 /* KeychainAccess */ = {
			isa = XCSwiftPackageProductDependency;
			package = 36203E812761BDD100C24658 /* XCRemoteSwiftPackageReference "KeychainAccess" */;
			productName = KeychainAccess;
		};
/* End XCSwiftPackageProductDependency section */

/* Begin XCVersionGroup section */
		366F0E8E27580CFD0091651D /* Campus_iOS.xcdatamodeld */ = {
			isa = XCVersionGroup;
			children = (
				366F0E8F27580CFD0091651D /* Campus_iOS.xcdatamodel */,
			);
			currentVersion = 366F0E8F27580CFD0091651D /* Campus_iOS.xcdatamodel */;
			path = Campus_iOS.xcdatamodeld;
			sourceTree = "<group>";
			versionGroupType = wrapper.xcdatamodel;
		};
/* End XCVersionGroup section */
	};
	rootObject = 366F0E7827580CFB0091651D /* Project object */;
}
