// !$*UTF8*$!
{
	archiveVersion = 1;
	classes = {
	};
	objectVersion = 55;
	objects = {

/* Begin PBXBuildFile section */
		100803462764E2C50013ED0E /* ProfileToolbar.swift in Sources */ = {isa = PBXBuildFile; fileRef = 100803452764E2C50013ED0E /* ProfileToolbar.swift */; };
		100803482764E37A0013ED0E /* ProfileView.swift in Sources */ = {isa = PBXBuildFile; fileRef = 100803472764E37A0013ED0E /* ProfileView.swift */; };
		226CB5172798BD910043ABCA /* MenuViewModel.swift in Sources */ = {isa = PBXBuildFile; fileRef = 226CB5162798BD910043ABCA /* MenuViewModel.swift */; };
		226CB5192798BF3E0043ABCA /* MealPlanViewModel.swift in Sources */ = {isa = PBXBuildFile; fileRef = 226CB5182798BF3E0043ABCA /* MealPlanViewModel.swift */; };
		226CB51B2798DA050043ABCA /* PanelRow.swift in Sources */ = {isa = PBXBuildFile; fileRef = 226CB51A2798DA050043ABCA /* PanelRow.swift */; };
		226CB51E2798DF9C0043ABCA /* Snap in Frameworks */ = {isa = PBXBuildFile; productRef = 226CB51D2798DF9C0043ABCA /* Snap */; };
		226CB5202798E34E0043ABCA /* Panel.swift in Sources */ = {isa = PBXBuildFile; fileRef = 226CB51F2798E34E0043ABCA /* Panel.swift */; };
		3616C4B8278F6EF2000A1BC9 /* MealPlan.swift in Sources */ = {isa = PBXBuildFile; fileRef = 3616C4AD278F6EF2000A1BC9 /* MealPlan.swift */; };
		3616C4B9278F6EF2000A1BC9 /* Dish.swift in Sources */ = {isa = PBXBuildFile; fileRef = 3616C4AE278F6EF2000A1BC9 /* Dish.swift */; };
		3616C4BA278F6EF2000A1BC9 /* Cafeteria.swift in Sources */ = {isa = PBXBuildFile; fileRef = 3616C4AF278F6EF2000A1BC9 /* Cafeteria.swift */; };
		3616C4BB278F6EF2000A1BC9 /* Menu.swift in Sources */ = {isa = PBXBuildFile; fileRef = 3616C4B0278F6EF2000A1BC9 /* Menu.swift */; };
		3616C4BC278F6EF2000A1BC9 /* MealPlanView.swift in Sources */ = {isa = PBXBuildFile; fileRef = 3616C4B2278F6EF2000A1BC9 /* MealPlanView.swift */; };
		3616C4BD278F6EF2000A1BC9 /* MapView.swift in Sources */ = {isa = PBXBuildFile; fileRef = 3616C4B4278F6EF2000A1BC9 /* MapView.swift */; };
		3616C4BF278F6EF2000A1BC9 /* MapContent.swift in Sources */ = {isa = PBXBuildFile; fileRef = 3616C4B6278F6EF2000A1BC9 /* MapContent.swift */; };
		3616C4C0278F6EF2000A1BC9 /* PanelContent.swift in Sources */ = {isa = PBXBuildFile; fileRef = 3616C4B7278F6EF2000A1BC9 /* PanelContent.swift */; };
		3616C4C2278F6F23000A1BC9 /* EatAPI.swift in Sources */ = {isa = PBXBuildFile; fileRef = 3616C4C1278F6F23000A1BC9 /* EatAPI.swift */; };
		3616C4C4278F9C0A000A1BC9 /* SheetNavigator.swift in Sources */ = {isa = PBXBuildFile; fileRef = 3616C4C3278F9C0A000A1BC9 /* SheetNavigator.swift */; };
		3616C4C7278FA2D3000A1BC9 /* Enums.swift in Sources */ = {isa = PBXBuildFile; fileRef = 3616C4C6278FA2D3000A1BC9 /* Enums.swift */; };
		3616C4CD279020A0000A1BC9 /* TUMSexyView.swift in Sources */ = {isa = PBXBuildFile; fileRef = 3616C4CC279020A0000A1BC9 /* TUMSexyView.swift */; };
		3616C4CF279020D3000A1BC9 /* TUMSexyViewModel.swift in Sources */ = {isa = PBXBuildFile; fileRef = 3616C4CE279020D3000A1BC9 /* TUMSexyViewModel.swift */; };
		3616C4D1279021BE000A1BC9 /* TUMSexyAPI.swift in Sources */ = {isa = PBXBuildFile; fileRef = 3616C4D0279021BE000A1BC9 /* TUMSexyAPI.swift */; };
		3616C4D327902B23000A1BC9 /* DecoderProtocol.swift in Sources */ = {isa = PBXBuildFile; fileRef = 3616C4D227902B23000A1BC9 /* DecoderProtocol.swift */; };
		3616C4D627902E86000A1BC9 /* EntityImporter.swift in Sources */ = {isa = PBXBuildFile; fileRef = 3616C4D527902E86000A1BC9 /* EntityImporter.swift */; };
		3616C4DB27904BD3000A1BC9 /* NewsViewModel.swift in Sources */ = {isa = PBXBuildFile; fileRef = 3616C4DA27904BD3000A1BC9 /* NewsViewModel.swift */; };
		36203E7F2761B9D000C24658 /* Localizable.strings in Resources */ = {isa = PBXBuildFile; fileRef = 36203E7D2761B9D000C24658 /* Localizable.strings */; };
		36203E832761BDD100C24658 /* KeychainAccess in Frameworks */ = {isa = PBXBuildFile; productRef = 36203E822761BDD100C24658 /* KeychainAccess */; };
		36203E8B2761C6EC00C24658 /* Spinner.swift in Sources */ = {isa = PBXBuildFile; fileRef = 36203E882761C6EC00C24658 /* Spinner.swift */; };
		36203E8C2761C6EC00C24658 /* LoginView.swift in Sources */ = {isa = PBXBuildFile; fileRef = 36203E892761C6EC00C24658 /* LoginView.swift */; };
		36203E8D2761C6EC00C24658 /* Credentials.swift in Sources */ = {isa = PBXBuildFile; fileRef = 36203E8A2761C6EC00C24658 /* Credentials.swift */; };
		366F0E8427580CFB0091651D /* App.swift in Sources */ = {isa = PBXBuildFile; fileRef = 366F0E8327580CFB0091651D /* App.swift */; };
		366F0E8827580CFD0091651D /* Assets.xcassets in Resources */ = {isa = PBXBuildFile; fileRef = 366F0E8727580CFD0091651D /* Assets.xcassets */; };
		366F0E8B27580CFD0091651D /* Preview Assets.xcassets in Resources */ = {isa = PBXBuildFile; fileRef = 366F0E8A27580CFD0091651D /* Preview Assets.xcassets */; };
		366F0E8D27580CFD0091651D /* Persistence.swift in Sources */ = {isa = PBXBuildFile; fileRef = 366F0E8C27580CFD0091651D /* Persistence.swift */; };
		366F0E9027580CFD0091651D /* Campus_iOS.xcdatamodeld in Sources */ = {isa = PBXBuildFile; fileRef = 366F0E8E27580CFD0091651D /* Campus_iOS.xcdatamodeld */; };
		366F0E9A27580CFD0091651D /* Campus_iOSTests.swift in Sources */ = {isa = PBXBuildFile; fileRef = 366F0E9927580CFD0091651D /* Campus_iOSTests.swift */; };
		366F0EA427580CFD0091651D /* Campus_iOSUITests.swift in Sources */ = {isa = PBXBuildFile; fileRef = 366F0EA327580CFD0091651D /* Campus_iOSUITests.swift */; };
		366F0EA627580CFD0091651D /* Campus_iOSUITestsLaunchTests.swift in Sources */ = {isa = PBXBuildFile; fileRef = 366F0EA527580CFD0091651D /* Campus_iOSUITestsLaunchTests.swift */; };
		3683C3182758117900082930 /* Model.swift in Sources */ = {isa = PBXBuildFile; fileRef = 3683C3172758117900082930 /* Model.swift */; };
		3683C31A2758118A00082930 /* MockModel.swift in Sources */ = {isa = PBXBuildFile; fileRef = 3683C3192758118A00082930 /* MockModel.swift */; };
		3698CBED2761E014001C5735 /* CustomRoundedBorderTextFieldStyle.swift in Sources */ = {isa = PBXBuildFile; fileRef = 3698CBEC2761E014001C5735 /* CustomRoundedBorderTextFieldStyle.swift */; };
		3698CBEF2761E6CC001C5735 /* TokenConfirmationView.swift in Sources */ = {isa = PBXBuildFile; fileRef = 3698CBEE2761E6CC001C5735 /* TokenConfirmationView.swift */; };
		36BBE72F27989F8C0018FD3F /* SFSafariViewWrapper.swift in Sources */ = {isa = PBXBuildFile; fileRef = 36BBE72E27989F8C0018FD3F /* SFSafariViewWrapper.swift */; };
		36D0C8A32762075900A142CD /* TokenActivationTutorialView.swift in Sources */ = {isa = PBXBuildFile; fileRef = 36D0C8A22762075900A142CD /* TokenActivationTutorialView.swift */; };
		36E964A32774932B0055777F /* CalendarToolbar.swift in Sources */ = {isa = PBXBuildFile; fileRef = 36E964A22774932B0055777F /* CalendarToolbar.swift */; };
		36E964A5277493D90055777F /* CalendarViewModel.swift in Sources */ = {isa = PBXBuildFile; fileRef = 36E964A4277493D90055777F /* CalendarViewModel.swift */; };
		36E964A7277498540055777F /* CalendarContentView.swift in Sources */ = {isa = PBXBuildFile; fileRef = 36E964A6277498540055777F /* CalendarContentView.swift */; };
		36E964AA277498B60055777F /* KVKCalendar in Frameworks */ = {isa = PBXBuildFile; productRef = 36E964A9277498B60055777F /* KVKCalendar */; };
		36E964AC277499860055777F /* CalendarDisplayView.swift in Sources */ = {isa = PBXBuildFile; fileRef = 36E964AB277499860055777F /* CalendarDisplayView.swift */; };
		36FAE365277472EF00628799 /* LoginViewModel.swift in Sources */ = {isa = PBXBuildFile; fileRef = 36FAE364277472EF00628799 /* LoginViewModel.swift */; };
		36FF90602773BB5800F4C785 /* MVGAPI.swift in Sources */ = {isa = PBXBuildFile; fileRef = 36FF905D2773BB5800F4C785 /* MVGAPI.swift */; };
		36FF90612773BB5800F4C785 /* TUMOnlineAPI.swift in Sources */ = {isa = PBXBuildFile; fileRef = 36FF905E2773BB5800F4C785 /* TUMOnlineAPI.swift */; };
		36FF90622773BB5800F4C785 /* TUMCabeAPI.swift in Sources */ = {isa = PBXBuildFile; fileRef = 36FF905F2773BB5800F4C785 /* TUMCabeAPI.swift */; };
		36FF90652773BB8200F4C785 /* Extensions.swift in Sources */ = {isa = PBXBuildFile; fileRef = 36FF90642773BB8100F4C785 /* Extensions.swift */; };
		36FF90682773BCA600F4C785 /* SWXMLHash in Frameworks */ = {isa = PBXBuildFile; productRef = 36FF90672773BCA600F4C785 /* SWXMLHash */; };
		36FF906C2773BE3000F4C785 /* BackendError.swift in Sources */ = {isa = PBXBuildFile; fileRef = 36FF906A2773BE3000F4C785 /* BackendError.swift */; };
		36FF906D2773BE3000F4C785 /* XMLSerializer.swift in Sources */ = {isa = PBXBuildFile; fileRef = 36FF906B2773BE3000F4C785 /* XMLSerializer.swift */; };
		36FF906F2773BE8100F4C785 /* AuthenticationHandler.swift in Sources */ = {isa = PBXBuildFile; fileRef = 36FF906E2773BE8100F4C785 /* AuthenticationHandler.swift */; };
		36FF90722773BFC300F4C785 /* FirebaseAnalytics in Frameworks */ = {isa = PBXBuildFile; productRef = 36FF90712773BFC300F4C785 /* FirebaseAnalytics */; };
		36FF90742773BFC300F4C785 /* FirebaseAnalyticsSwift-Beta in Frameworks */ = {isa = PBXBuildFile; productRef = 36FF90732773BFC300F4C785 /* FirebaseAnalyticsSwift-Beta */; };
		36FF90762773BFC300F4C785 /* FirebaseCrashlytics in Frameworks */ = {isa = PBXBuildFile; productRef = 36FF90752773BFC300F4C785 /* FirebaseCrashlytics */; };
		4146FE89279D52DC00655D1A /* Toolbar.swift in Sources */ = {isa = PBXBuildFile; fileRef = 4146FE88279D52DC00655D1A /* Toolbar.swift */; };
		41BD20E2279228B8001FA1B0 /* DishLabel.swift in Sources */ = {isa = PBXBuildFile; fileRef = 41BD20E1279228B8001FA1B0 /* DishLabel.swift */; };
		41BD20E4279228E2001FA1B0 /* MensaEnumService.swift in Sources */ = {isa = PBXBuildFile; fileRef = 41BD20E3279228E2001FA1B0 /* MensaEnumService.swift */; };
		41D55D6E27A2EFB200DE7155 /* LRUCache in Frameworks */ = {isa = PBXBuildFile; productRef = 41D55D6D27A2EFB200DE7155 /* LRUCache */; };
		41D55D7227A2F06800DE7155 /* Cache.swift in Sources */ = {isa = PBXBuildFile; fileRef = 41D55D7127A2F06800DE7155 /* Cache.swift */; };
		41D55D7427A2F0CA00DE7155 /* Modus.swift in Sources */ = {isa = PBXBuildFile; fileRef = 41D55D7327A2F0CA00DE7155 /* Modus.swift */; };
		41D55D7C27A2F17300DE7155 /* LectureDetailsViewModel+State.swift in Sources */ = {isa = PBXBuildFile; fileRef = 41D55D7827A2F17300DE7155 /* LectureDetailsViewModel+State.swift */; };
		41D55D7D27A2F17300DE7155 /* LectureDetailsViewModel.swift in Sources */ = {isa = PBXBuildFile; fileRef = 41D55D7927A2F17300DE7155 /* LectureDetailsViewModel.swift */; };
		41D55D7E27A2F17300DE7155 /* LecturesViewModel.swift in Sources */ = {isa = PBXBuildFile; fileRef = 41D55D7A27A2F17300DE7155 /* LecturesViewModel.swift */; };
		41D55D7F27A2F17300DE7155 /* LecturesViewModel+State.swift in Sources */ = {isa = PBXBuildFile; fileRef = 41D55D7B27A2F17300DE7155 /* LecturesViewModel+State.swift */; };
		41D55D8B27A2F20300DE7155 /* LecturesView.swift in Sources */ = {isa = PBXBuildFile; fileRef = 41D55D8127A2F20300DE7155 /* LecturesView.swift */; };
		41D55D8C27A2F20300DE7155 /* LectureView.swift in Sources */ = {isa = PBXBuildFile; fileRef = 41D55D8227A2F20300DE7155 /* LectureView.swift */; };
		41D55D8D27A2F20300DE7155 /* LectureDetailsBasicInfoView.swift in Sources */ = {isa = PBXBuildFile; fileRef = 41D55D8427A2F20300DE7155 /* LectureDetailsBasicInfoView.swift */; };
		41D55D8E27A2F20300DE7155 /* LectureDetailsTitleView.swift in Sources */ = {isa = PBXBuildFile; fileRef = 41D55D8527A2F20300DE7155 /* LectureDetailsTitleView.swift */; };
		41D55D8F27A2F20300DE7155 /* LectureDetailsDetailedInfoRowView.swift in Sources */ = {isa = PBXBuildFile; fileRef = 41D55D8627A2F20300DE7155 /* LectureDetailsDetailedInfoRowView.swift */; };
		41D55D9027A2F20300DE7155 /* LectureDetailsDetailedInfoView.swift in Sources */ = {isa = PBXBuildFile; fileRef = 41D55D8727A2F20300DE7155 /* LectureDetailsDetailedInfoView.swift */; };
		41D55D9127A2F20300DE7155 /* LectureDetailsBasicInfoRowView.swift in Sources */ = {isa = PBXBuildFile; fileRef = 41D55D8827A2F20300DE7155 /* LectureDetailsBasicInfoRowView.swift */; };
		41D55D9227A2F20300DE7155 /* LectureDetailsLinkView.swift in Sources */ = {isa = PBXBuildFile; fileRef = 41D55D8927A2F20300DE7155 /* LectureDetailsLinkView.swift */; };
		41D55D9327A2F20300DE7155 /* LecturesDetailView.swift in Sources */ = {isa = PBXBuildFile; fileRef = 41D55D8A27A2F20300DE7155 /* LecturesDetailView.swift */; };
		41D55D9627A2F23700DE7155 /* FailedView.swift in Sources */ = {isa = PBXBuildFile; fileRef = 41D55D9427A2F23700DE7155 /* FailedView.swift */; };
		41D55D9727A2F23700DE7155 /* GroupBoxLabelView.swift in Sources */ = {isa = PBXBuildFile; fileRef = 41D55D9527A2F23700DE7155 /* GroupBoxLabelView.swift */; };
		41D55D9927A2F28400DE7155 /* LectureDetails.swift in Sources */ = {isa = PBXBuildFile; fileRef = 41D55D9827A2F28400DE7155 /* LectureDetails.swift */; };
		41D55D9B27A2F2B100DE7155 /* LectureDetailsService.swift in Sources */ = {isa = PBXBuildFile; fileRef = 41D55D9A27A2F2B100DE7155 /* LectureDetailsService.swift */; };
		41D55D9E27A2F32800DE7155 /* GradesViewModel+ChartData.swift in Sources */ = {isa = PBXBuildFile; fileRef = 41D55D9C27A2F32800DE7155 /* GradesViewModel+ChartData.swift */; };
		41D55D9F27A2F32800DE7155 /* GradesViewModel+State.swift in Sources */ = {isa = PBXBuildFile; fileRef = 41D55D9D27A2F32800DE7155 /* GradesViewModel+State.swift */; };
		41D55DA227A2F34700DE7155 /* BarChartView.swift in Sources */ = {isa = PBXBuildFile; fileRef = 41D55DA027A2F34700DE7155 /* BarChartView.swift */; };
		41D55DA327A2F34700DE7155 /* GradesView.swift in Sources */ = {isa = PBXBuildFile; fileRef = 41D55DA127A2F34700DE7155 /* GradesView.swift */; };
		41D55DA527A2F38300DE7155 /* LectureDetailsScreen.swift in Sources */ = {isa = PBXBuildFile; fileRef = 41D55DA427A2F38300DE7155 /* LectureDetailsScreen.swift */; };
		41DDB33B2792F70A00FBEC81 /* MenuView.swift in Sources */ = {isa = PBXBuildFile; fileRef = 41DDB33A2792F70A00FBEC81 /* MenuView.swift */; };
		972397412772825D004BF7AB /* Lecture.swift in Sources */ = {isa = PBXBuildFile; fileRef = 972397402772825D004BF7AB /* Lecture.swift */; };
		9723974327728268004BF7AB /* LecturesScreen.swift in Sources */ = {isa = PBXBuildFile; fileRef = 9723974227728268004BF7AB /* LecturesScreen.swift */; };
		972397452772826E004BF7AB /* LecturesService.swift in Sources */ = {isa = PBXBuildFile; fileRef = 972397442772826E004BF7AB /* LecturesService.swift */; };
		97997AD22772179D0079F809 /* APIConstants.swift in Sources */ = {isa = PBXBuildFile; fileRef = 97997AD12772179D0079F809 /* APIConstants.swift */; };
		97997AD5277222730079F809 /* Grade.swift in Sources */ = {isa = PBXBuildFile; fileRef = 97997AD4277222730079F809 /* Grade.swift */; };
		97997AD82772265D0079F809 /* GradesScreen.swift in Sources */ = {isa = PBXBuildFile; fileRef = 97997AD72772265D0079F809 /* GradesScreen.swift */; };
		97997ADA27722A0A0079F809 /* GradeView.swift in Sources */ = {isa = PBXBuildFile; fileRef = 97997AD927722A0A0079F809 /* GradeView.swift */; };
		97997ADE27722B470079F809 /* GradesService.swift in Sources */ = {isa = PBXBuildFile; fileRef = 97997ADD27722B470079F809 /* GradesService.swift */; };
		97997AE127722D660079F809 /* Alamofire in Frameworks */ = {isa = PBXBuildFile; productRef = 97997AE027722D660079F809 /* Alamofire */; };
		97997AE427722E3B0079F809 /* GradesViewModel.swift in Sources */ = {isa = PBXBuildFile; fileRef = 97997AE327722E3B0079F809 /* GradesViewModel.swift */; };
		97997AE7277234120079F809 /* XMLCoder in Frameworks */ = {isa = PBXBuildFile; productRef = 97997AE6277234120079F809 /* XMLCoder */; };
		97997AED27723C510079F809 /* LoadingView.swift in Sources */ = {isa = PBXBuildFile; fileRef = 97997AEC27723C510079F809 /* LoadingView.swift */; };
		97C9AB1227732A200097B10C /* SwiftUICharts in Frameworks */ = {isa = PBXBuildFile; productRef = 97C9AB1127732A200097B10C /* SwiftUICharts */; };
		97C9AB15277330B00097B10C /* ErrorHandler.swift in Sources */ = {isa = PBXBuildFile; fileRef = 97C9AB14277330B00097B10C /* ErrorHandler.swift */; };
		97C9AB17277331510097B10C /* AlertErrorHandler.swift in Sources */ = {isa = PBXBuildFile; fileRef = 97C9AB16277331510097B10C /* AlertErrorHandler.swift */; };
		97C9AB19277332710097B10C /* Error+Category.swift in Sources */ = {isa = PBXBuildFile; fileRef = 97C9AB18277332710097B10C /* Error+Category.swift */; };
		97C9AB1C277332830097B10C /* ErrorCategory.swift in Sources */ = {isa = PBXBuildFile; fileRef = 97C9AB1B277332830097B10C /* ErrorCategory.swift */; };
		97C9AB1E277332BF0097B10C /* NetworkingError.swift in Sources */ = {isa = PBXBuildFile; fileRef = 97C9AB1D277332BF0097B10C /* NetworkingError.swift */; };
		97C9AB20277333040097B10C /* Environment+Error.swift in Sources */ = {isa = PBXBuildFile; fileRef = 97C9AB1F277333040097B10C /* Environment+Error.swift */; };
		97C9AB22277333160097B10C /* View+Error.swift in Sources */ = {isa = PBXBuildFile; fileRef = 97C9AB21277333160097B10C /* View+Error.swift */; };
		97C9AB24277333320097B10C /* ErrorEmittingViewModifier.swift in Sources */ = {isa = PBXBuildFile; fileRef = 97C9AB23277333320097B10C /* ErrorEmittingViewModifier.swift */; };
		97C9AB27277358B20097B10C /* CampusOnlineAPI.swift in Sources */ = {isa = PBXBuildFile; fileRef = 97C9AB26277358B20097B10C /* CampusOnlineAPI.swift */; };
		97C9AB29277359AE0097B10C /* Constants.swift in Sources */ = {isa = PBXBuildFile; fileRef = 97C9AB28277359AE0097B10C /* Constants.swift */; };
		97C9AB2B27735AE70097B10C /* NetworkingAPI.swift in Sources */ = {isa = PBXBuildFile; fileRef = 97C9AB2A27735AE70097B10C /* NetworkingAPI.swift */; };
		97C9AB2D27736FE00097B10C /* APIResponse.swift in Sources */ = {isa = PBXBuildFile; fileRef = 97C9AB2C27736FE00097B10C /* APIResponse.swift */; };
		97E7B11027729A7F00D64EDF /* GradeColor.swift in Sources */ = {isa = PBXBuildFile; fileRef = 97E7B10F27729A7F00D64EDF /* GradeColor.swift */; };
/* End PBXBuildFile section */

/* Begin PBXContainerItemProxy section */
		366F0E9627580CFD0091651D /* PBXContainerItemProxy */ = {
			isa = PBXContainerItemProxy;
			containerPortal = 366F0E7827580CFB0091651D /* Project object */;
			proxyType = 1;
			remoteGlobalIDString = 366F0E7F27580CFB0091651D;
			remoteInfo = "Campus-iOS";
		};
		366F0EA027580CFD0091651D /* PBXContainerItemProxy */ = {
			isa = PBXContainerItemProxy;
			containerPortal = 366F0E7827580CFB0091651D /* Project object */;
			proxyType = 1;
			remoteGlobalIDString = 366F0E7F27580CFB0091651D;
			remoteInfo = "Campus-iOS";
		};
/* End PBXContainerItemProxy section */

/* Begin PBXFileReference section */
		100803452764E2C50013ED0E /* ProfileToolbar.swift */ = {isa = PBXFileReference; lastKnownFileType = sourcecode.swift; path = ProfileToolbar.swift; sourceTree = "<group>"; };
		100803472764E37A0013ED0E /* ProfileView.swift */ = {isa = PBXFileReference; lastKnownFileType = sourcecode.swift; path = ProfileView.swift; sourceTree = "<group>"; };
		226CB5162798BD910043ABCA /* MenuViewModel.swift */ = {isa = PBXFileReference; lastKnownFileType = sourcecode.swift; path = MenuViewModel.swift; sourceTree = "<group>"; };
		226CB5182798BF3E0043ABCA /* MealPlanViewModel.swift */ = {isa = PBXFileReference; lastKnownFileType = sourcecode.swift; path = MealPlanViewModel.swift; sourceTree = "<group>"; };
		226CB51A2798DA050043ABCA /* PanelRow.swift */ = {isa = PBXFileReference; lastKnownFileType = sourcecode.swift; path = PanelRow.swift; sourceTree = "<group>"; };
		226CB51F2798E34E0043ABCA /* Panel.swift */ = {isa = PBXFileReference; fileEncoding = 4; lastKnownFileType = sourcecode.swift; path = Panel.swift; sourceTree = "<group>"; };
		227FBB492762AC440062FEC3 /* Info.plist */ = {isa = PBXFileReference; lastKnownFileType = text.plist; path = Info.plist; sourceTree = "<group>"; };
		227FBB4A2762AC4C0062FEC3 /* Campus-iOS.entitlements */ = {isa = PBXFileReference; lastKnownFileType = text.plist.entitlements; path = "Campus-iOS.entitlements"; sourceTree = "<group>"; };
		3616C4AD278F6EF2000A1BC9 /* MealPlan.swift */ = {isa = PBXFileReference; fileEncoding = 4; lastKnownFileType = sourcecode.swift; path = MealPlan.swift; sourceTree = "<group>"; };
		3616C4AE278F6EF2000A1BC9 /* Dish.swift */ = {isa = PBXFileReference; fileEncoding = 4; lastKnownFileType = sourcecode.swift; path = Dish.swift; sourceTree = "<group>"; };
		3616C4AF278F6EF2000A1BC9 /* Cafeteria.swift */ = {isa = PBXFileReference; fileEncoding = 4; lastKnownFileType = sourcecode.swift; path = Cafeteria.swift; sourceTree = "<group>"; };
		3616C4B0278F6EF2000A1BC9 /* Menu.swift */ = {isa = PBXFileReference; fileEncoding = 4; lastKnownFileType = sourcecode.swift; path = Menu.swift; sourceTree = "<group>"; };
		3616C4B2278F6EF2000A1BC9 /* MealPlanView.swift */ = {isa = PBXFileReference; fileEncoding = 4; lastKnownFileType = sourcecode.swift; path = MealPlanView.swift; sourceTree = "<group>"; };
		3616C4B4278F6EF2000A1BC9 /* MapView.swift */ = {isa = PBXFileReference; fileEncoding = 4; lastKnownFileType = sourcecode.swift; path = MapView.swift; sourceTree = "<group>"; };
		3616C4B6278F6EF2000A1BC9 /* MapContent.swift */ = {isa = PBXFileReference; fileEncoding = 4; lastKnownFileType = sourcecode.swift; path = MapContent.swift; sourceTree = "<group>"; };
		3616C4B7278F6EF2000A1BC9 /* PanelContent.swift */ = {isa = PBXFileReference; fileEncoding = 4; lastKnownFileType = sourcecode.swift; path = PanelContent.swift; sourceTree = "<group>"; };
		3616C4C1278F6F23000A1BC9 /* EatAPI.swift */ = {isa = PBXFileReference; fileEncoding = 4; lastKnownFileType = sourcecode.swift; path = EatAPI.swift; sourceTree = "<group>"; };
		3616C4C3278F9C0A000A1BC9 /* SheetNavigator.swift */ = {isa = PBXFileReference; lastKnownFileType = sourcecode.swift; path = SheetNavigator.swift; sourceTree = "<group>"; };
		3616C4C6278FA2D3000A1BC9 /* Enums.swift */ = {isa = PBXFileReference; lastKnownFileType = sourcecode.swift; path = Enums.swift; sourceTree = "<group>"; };
		3616C4CC279020A0000A1BC9 /* TUMSexyView.swift */ = {isa = PBXFileReference; lastKnownFileType = sourcecode.swift; path = TUMSexyView.swift; sourceTree = "<group>"; };
		3616C4CE279020D3000A1BC9 /* TUMSexyViewModel.swift */ = {isa = PBXFileReference; lastKnownFileType = sourcecode.swift; path = TUMSexyViewModel.swift; sourceTree = "<group>"; };
		3616C4D0279021BE000A1BC9 /* TUMSexyAPI.swift */ = {isa = PBXFileReference; lastKnownFileType = sourcecode.swift; path = TUMSexyAPI.swift; sourceTree = "<group>"; };
		3616C4D227902B23000A1BC9 /* DecoderProtocol.swift */ = {isa = PBXFileReference; lastKnownFileType = sourcecode.swift; path = DecoderProtocol.swift; sourceTree = "<group>"; };
		3616C4D527902E86000A1BC9 /* EntityImporter.swift */ = {isa = PBXFileReference; lastKnownFileType = sourcecode.swift; path = EntityImporter.swift; sourceTree = "<group>"; };
		3616C4DA27904BD3000A1BC9 /* NewsViewModel.swift */ = {isa = PBXFileReference; lastKnownFileType = sourcecode.swift; path = NewsViewModel.swift; sourceTree = "<group>"; };
		36203E7E2761B9D000C24658 /* Base */ = {isa = PBXFileReference; lastKnownFileType = text.plist.strings; name = Base; path = "Campus-iOS/Base.lproj/Localizable.strings"; sourceTree = "<group>"; };
		36203E802761B9F200C24658 /* de */ = {isa = PBXFileReference; lastKnownFileType = text.plist.strings; name = de; path = "Campus-iOS/de.lproj/Localizable.strings"; sourceTree = "<group>"; };
		36203E882761C6EC00C24658 /* Spinner.swift */ = {isa = PBXFileReference; fileEncoding = 4; lastKnownFileType = sourcecode.swift; path = Spinner.swift; sourceTree = "<group>"; };
		36203E892761C6EC00C24658 /* LoginView.swift */ = {isa = PBXFileReference; fileEncoding = 4; lastKnownFileType = sourcecode.swift; path = LoginView.swift; sourceTree = "<group>"; };
		36203E8A2761C6EC00C24658 /* Credentials.swift */ = {isa = PBXFileReference; fileEncoding = 4; lastKnownFileType = sourcecode.swift; path = Credentials.swift; sourceTree = "<group>"; };
		366F0E8027580CFB0091651D /* Campus-iOS.app */ = {isa = PBXFileReference; explicitFileType = wrapper.application; includeInIndex = 0; path = "Campus-iOS.app"; sourceTree = BUILT_PRODUCTS_DIR; };
		366F0E8327580CFB0091651D /* App.swift */ = {isa = PBXFileReference; lastKnownFileType = sourcecode.swift; path = App.swift; sourceTree = "<group>"; };
		366F0E8727580CFD0091651D /* Assets.xcassets */ = {isa = PBXFileReference; lastKnownFileType = folder.assetcatalog; path = Assets.xcassets; sourceTree = "<group>"; };
		366F0E8A27580CFD0091651D /* Preview Assets.xcassets */ = {isa = PBXFileReference; lastKnownFileType = folder.assetcatalog; path = "Preview Assets.xcassets"; sourceTree = "<group>"; };
		366F0E8C27580CFD0091651D /* Persistence.swift */ = {isa = PBXFileReference; lastKnownFileType = sourcecode.swift; path = Persistence.swift; sourceTree = "<group>"; };
		366F0E8F27580CFD0091651D /* Campus_iOS.xcdatamodel */ = {isa = PBXFileReference; lastKnownFileType = wrapper.xcdatamodel; path = Campus_iOS.xcdatamodel; sourceTree = "<group>"; };
		366F0E9527580CFD0091651D /* Campus-iOSTests.xctest */ = {isa = PBXFileReference; explicitFileType = wrapper.cfbundle; includeInIndex = 0; path = "Campus-iOSTests.xctest"; sourceTree = BUILT_PRODUCTS_DIR; };
		366F0E9927580CFD0091651D /* Campus_iOSTests.swift */ = {isa = PBXFileReference; lastKnownFileType = sourcecode.swift; path = Campus_iOSTests.swift; sourceTree = "<group>"; };
		366F0E9F27580CFD0091651D /* Campus-iOSUITests.xctest */ = {isa = PBXFileReference; explicitFileType = wrapper.cfbundle; includeInIndex = 0; path = "Campus-iOSUITests.xctest"; sourceTree = BUILT_PRODUCTS_DIR; };
		366F0EA327580CFD0091651D /* Campus_iOSUITests.swift */ = {isa = PBXFileReference; lastKnownFileType = sourcecode.swift; path = Campus_iOSUITests.swift; sourceTree = "<group>"; };
		366F0EA527580CFD0091651D /* Campus_iOSUITestsLaunchTests.swift */ = {isa = PBXFileReference; lastKnownFileType = sourcecode.swift; path = Campus_iOSUITestsLaunchTests.swift; sourceTree = "<group>"; };
		3683C3172758117900082930 /* Model.swift */ = {isa = PBXFileReference; lastKnownFileType = sourcecode.swift; path = Model.swift; sourceTree = "<group>"; };
		3683C3192758118A00082930 /* MockModel.swift */ = {isa = PBXFileReference; lastKnownFileType = sourcecode.swift; path = MockModel.swift; sourceTree = "<group>"; };
		3698CBEC2761E014001C5735 /* CustomRoundedBorderTextFieldStyle.swift */ = {isa = PBXFileReference; lastKnownFileType = sourcecode.swift; path = CustomRoundedBorderTextFieldStyle.swift; sourceTree = "<group>"; };
		3698CBEE2761E6CC001C5735 /* TokenConfirmationView.swift */ = {isa = PBXFileReference; lastKnownFileType = sourcecode.swift; path = TokenConfirmationView.swift; sourceTree = "<group>"; };
		36BBE72E27989F8C0018FD3F /* SFSafariViewWrapper.swift */ = {isa = PBXFileReference; lastKnownFileType = sourcecode.swift; path = SFSafariViewWrapper.swift; sourceTree = "<group>"; };
		36D0C8A22762075900A142CD /* TokenActivationTutorialView.swift */ = {isa = PBXFileReference; lastKnownFileType = sourcecode.swift; path = TokenActivationTutorialView.swift; sourceTree = "<group>"; };
		36E964A22774932B0055777F /* CalendarToolbar.swift */ = {isa = PBXFileReference; lastKnownFileType = sourcecode.swift; path = CalendarToolbar.swift; sourceTree = "<group>"; };
		36E964A4277493D90055777F /* CalendarViewModel.swift */ = {isa = PBXFileReference; lastKnownFileType = sourcecode.swift; path = CalendarViewModel.swift; sourceTree = "<group>"; };
		36E964A6277498540055777F /* CalendarContentView.swift */ = {isa = PBXFileReference; lastKnownFileType = sourcecode.swift; path = CalendarContentView.swift; sourceTree = "<group>"; };
		36E964AB277499860055777F /* CalendarDisplayView.swift */ = {isa = PBXFileReference; lastKnownFileType = sourcecode.swift; path = CalendarDisplayView.swift; sourceTree = "<group>"; };
		36FAE364277472EF00628799 /* LoginViewModel.swift */ = {isa = PBXFileReference; lastKnownFileType = sourcecode.swift; path = LoginViewModel.swift; sourceTree = "<group>"; };
		36FF905D2773BB5800F4C785 /* MVGAPI.swift */ = {isa = PBXFileReference; fileEncoding = 4; lastKnownFileType = sourcecode.swift; path = MVGAPI.swift; sourceTree = "<group>"; };
		36FF905E2773BB5800F4C785 /* TUMOnlineAPI.swift */ = {isa = PBXFileReference; fileEncoding = 4; lastKnownFileType = sourcecode.swift; path = TUMOnlineAPI.swift; sourceTree = "<group>"; };
		36FF905F2773BB5800F4C785 /* TUMCabeAPI.swift */ = {isa = PBXFileReference; fileEncoding = 4; lastKnownFileType = sourcecode.swift; path = TUMCabeAPI.swift; sourceTree = "<group>"; };
		36FF90642773BB8100F4C785 /* Extensions.swift */ = {isa = PBXFileReference; fileEncoding = 4; lastKnownFileType = sourcecode.swift; path = Extensions.swift; sourceTree = "<group>"; };
		36FF906A2773BE3000F4C785 /* BackendError.swift */ = {isa = PBXFileReference; fileEncoding = 4; lastKnownFileType = sourcecode.swift; path = BackendError.swift; sourceTree = "<group>"; };
		36FF906B2773BE3000F4C785 /* XMLSerializer.swift */ = {isa = PBXFileReference; fileEncoding = 4; lastKnownFileType = sourcecode.swift; path = XMLSerializer.swift; sourceTree = "<group>"; };
		36FF906E2773BE8100F4C785 /* AuthenticationHandler.swift */ = {isa = PBXFileReference; fileEncoding = 4; lastKnownFileType = sourcecode.swift; path = AuthenticationHandler.swift; sourceTree = "<group>"; };
		4146FE88279D52DC00655D1A /* Toolbar.swift */ = {isa = PBXFileReference; lastKnownFileType = sourcecode.swift; path = Toolbar.swift; sourceTree = "<group>"; };
		41BD20E1279228B8001FA1B0 /* DishLabel.swift */ = {isa = PBXFileReference; lastKnownFileType = sourcecode.swift; path = DishLabel.swift; sourceTree = "<group>"; };
		41BD20E3279228E2001FA1B0 /* MensaEnumService.swift */ = {isa = PBXFileReference; lastKnownFileType = sourcecode.swift; path = MensaEnumService.swift; sourceTree = "<group>"; };
		41D55D7127A2F06800DE7155 /* Cache.swift */ = {isa = PBXFileReference; fileEncoding = 4; lastKnownFileType = sourcecode.swift; path = Cache.swift; sourceTree = "<group>"; };
		41D55D7327A2F0CA00DE7155 /* Modus.swift */ = {isa = PBXFileReference; fileEncoding = 4; lastKnownFileType = sourcecode.swift; path = Modus.swift; sourceTree = "<group>"; };
		41D55D7827A2F17300DE7155 /* LectureDetailsViewModel+State.swift */ = {isa = PBXFileReference; fileEncoding = 4; lastKnownFileType = sourcecode.swift; path = "LectureDetailsViewModel+State.swift"; sourceTree = "<group>"; };
		41D55D7927A2F17300DE7155 /* LectureDetailsViewModel.swift */ = {isa = PBXFileReference; fileEncoding = 4; lastKnownFileType = sourcecode.swift; path = LectureDetailsViewModel.swift; sourceTree = "<group>"; };
		41D55D7A27A2F17300DE7155 /* LecturesViewModel.swift */ = {isa = PBXFileReference; fileEncoding = 4; lastKnownFileType = sourcecode.swift; path = LecturesViewModel.swift; sourceTree = "<group>"; };
		41D55D7B27A2F17300DE7155 /* LecturesViewModel+State.swift */ = {isa = PBXFileReference; fileEncoding = 4; lastKnownFileType = sourcecode.swift; path = "LecturesViewModel+State.swift"; sourceTree = "<group>"; };
		41D55D8127A2F20300DE7155 /* LecturesView.swift */ = {isa = PBXFileReference; fileEncoding = 4; lastKnownFileType = sourcecode.swift; path = LecturesView.swift; sourceTree = "<group>"; };
		41D55D8227A2F20300DE7155 /* LectureView.swift */ = {isa = PBXFileReference; fileEncoding = 4; lastKnownFileType = sourcecode.swift; path = LectureView.swift; sourceTree = "<group>"; };
		41D55D8427A2F20300DE7155 /* LectureDetailsBasicInfoView.swift */ = {isa = PBXFileReference; fileEncoding = 4; lastKnownFileType = sourcecode.swift; path = LectureDetailsBasicInfoView.swift; sourceTree = "<group>"; };
		41D55D8527A2F20300DE7155 /* LectureDetailsTitleView.swift */ = {isa = PBXFileReference; fileEncoding = 4; lastKnownFileType = sourcecode.swift; path = LectureDetailsTitleView.swift; sourceTree = "<group>"; };
		41D55D8627A2F20300DE7155 /* LectureDetailsDetailedInfoRowView.swift */ = {isa = PBXFileReference; fileEncoding = 4; lastKnownFileType = sourcecode.swift; path = LectureDetailsDetailedInfoRowView.swift; sourceTree = "<group>"; };
		41D55D8727A2F20300DE7155 /* LectureDetailsDetailedInfoView.swift */ = {isa = PBXFileReference; fileEncoding = 4; lastKnownFileType = sourcecode.swift; path = LectureDetailsDetailedInfoView.swift; sourceTree = "<group>"; };
		41D55D8827A2F20300DE7155 /* LectureDetailsBasicInfoRowView.swift */ = {isa = PBXFileReference; fileEncoding = 4; lastKnownFileType = sourcecode.swift; path = LectureDetailsBasicInfoRowView.swift; sourceTree = "<group>"; };
		41D55D8927A2F20300DE7155 /* LectureDetailsLinkView.swift */ = {isa = PBXFileReference; fileEncoding = 4; lastKnownFileType = sourcecode.swift; path = LectureDetailsLinkView.swift; sourceTree = "<group>"; };
		41D55D8A27A2F20300DE7155 /* LecturesDetailView.swift */ = {isa = PBXFileReference; fileEncoding = 4; lastKnownFileType = sourcecode.swift; path = LecturesDetailView.swift; sourceTree = "<group>"; };
		41D55D9427A2F23700DE7155 /* FailedView.swift */ = {isa = PBXFileReference; fileEncoding = 4; lastKnownFileType = sourcecode.swift; path = FailedView.swift; sourceTree = "<group>"; };
		41D55D9527A2F23700DE7155 /* GroupBoxLabelView.swift */ = {isa = PBXFileReference; fileEncoding = 4; lastKnownFileType = sourcecode.swift; path = GroupBoxLabelView.swift; sourceTree = "<group>"; };
		41D55D9827A2F28400DE7155 /* LectureDetails.swift */ = {isa = PBXFileReference; fileEncoding = 4; lastKnownFileType = sourcecode.swift; path = LectureDetails.swift; sourceTree = "<group>"; };
		41D55D9A27A2F2B100DE7155 /* LectureDetailsService.swift */ = {isa = PBXFileReference; fileEncoding = 4; lastKnownFileType = sourcecode.swift; path = LectureDetailsService.swift; sourceTree = "<group>"; };
		41D55D9C27A2F32800DE7155 /* GradesViewModel+ChartData.swift */ = {isa = PBXFileReference; fileEncoding = 4; lastKnownFileType = sourcecode.swift; path = "GradesViewModel+ChartData.swift"; sourceTree = "<group>"; };
		41D55D9D27A2F32800DE7155 /* GradesViewModel+State.swift */ = {isa = PBXFileReference; fileEncoding = 4; lastKnownFileType = sourcecode.swift; path = "GradesViewModel+State.swift"; sourceTree = "<group>"; };
		41D55DA027A2F34700DE7155 /* BarChartView.swift */ = {isa = PBXFileReference; fileEncoding = 4; lastKnownFileType = sourcecode.swift; path = BarChartView.swift; sourceTree = "<group>"; };
		41D55DA127A2F34700DE7155 /* GradesView.swift */ = {isa = PBXFileReference; fileEncoding = 4; lastKnownFileType = sourcecode.swift; path = GradesView.swift; sourceTree = "<group>"; };
		41D55DA427A2F38300DE7155 /* LectureDetailsScreen.swift */ = {isa = PBXFileReference; fileEncoding = 4; lastKnownFileType = sourcecode.swift; path = LectureDetailsScreen.swift; sourceTree = "<group>"; };
		41DDB33A2792F70A00FBEC81 /* MenuView.swift */ = {isa = PBXFileReference; lastKnownFileType = sourcecode.swift; path = MenuView.swift; sourceTree = "<group>"; };
		972397402772825D004BF7AB /* Lecture.swift */ = {isa = PBXFileReference; fileEncoding = 4; lastKnownFileType = sourcecode.swift; path = Lecture.swift; sourceTree = "<group>"; };
		9723974227728268004BF7AB /* LecturesScreen.swift */ = {isa = PBXFileReference; fileEncoding = 4; lastKnownFileType = sourcecode.swift; path = LecturesScreen.swift; sourceTree = "<group>"; };
		972397442772826E004BF7AB /* LecturesService.swift */ = {isa = PBXFileReference; fileEncoding = 4; lastKnownFileType = sourcecode.swift; path = LecturesService.swift; sourceTree = "<group>"; };
		97997AD12772179D0079F809 /* APIConstants.swift */ = {isa = PBXFileReference; lastKnownFileType = sourcecode.swift; path = APIConstants.swift; sourceTree = "<group>"; };
		97997AD4277222730079F809 /* Grade.swift */ = {isa = PBXFileReference; lastKnownFileType = sourcecode.swift; path = Grade.swift; sourceTree = "<group>"; };
		97997AD72772265D0079F809 /* GradesScreen.swift */ = {isa = PBXFileReference; lastKnownFileType = sourcecode.swift; path = GradesScreen.swift; sourceTree = "<group>"; };
		97997AD927722A0A0079F809 /* GradeView.swift */ = {isa = PBXFileReference; lastKnownFileType = sourcecode.swift; path = GradeView.swift; sourceTree = "<group>"; };
		97997ADD27722B470079F809 /* GradesService.swift */ = {isa = PBXFileReference; lastKnownFileType = sourcecode.swift; path = GradesService.swift; sourceTree = "<group>"; };
		97997AE327722E3B0079F809 /* GradesViewModel.swift */ = {isa = PBXFileReference; lastKnownFileType = sourcecode.swift; path = GradesViewModel.swift; sourceTree = "<group>"; };
		97997AEC27723C510079F809 /* LoadingView.swift */ = {isa = PBXFileReference; lastKnownFileType = sourcecode.swift; path = LoadingView.swift; sourceTree = "<group>"; };
		97C9AB14277330B00097B10C /* ErrorHandler.swift */ = {isa = PBXFileReference; lastKnownFileType = sourcecode.swift; path = ErrorHandler.swift; sourceTree = "<group>"; };
		97C9AB16277331510097B10C /* AlertErrorHandler.swift */ = {isa = PBXFileReference; lastKnownFileType = sourcecode.swift; path = AlertErrorHandler.swift; sourceTree = "<group>"; };
		97C9AB18277332710097B10C /* Error+Category.swift */ = {isa = PBXFileReference; lastKnownFileType = sourcecode.swift; path = "Error+Category.swift"; sourceTree = "<group>"; };
		97C9AB1B277332830097B10C /* ErrorCategory.swift */ = {isa = PBXFileReference; lastKnownFileType = sourcecode.swift; path = ErrorCategory.swift; sourceTree = "<group>"; };
		97C9AB1D277332BF0097B10C /* NetworkingError.swift */ = {isa = PBXFileReference; lastKnownFileType = sourcecode.swift; path = NetworkingError.swift; sourceTree = "<group>"; };
		97C9AB1F277333040097B10C /* Environment+Error.swift */ = {isa = PBXFileReference; lastKnownFileType = sourcecode.swift; path = "Environment+Error.swift"; sourceTree = "<group>"; };
		97C9AB21277333160097B10C /* View+Error.swift */ = {isa = PBXFileReference; lastKnownFileType = sourcecode.swift; path = "View+Error.swift"; sourceTree = "<group>"; };
		97C9AB23277333320097B10C /* ErrorEmittingViewModifier.swift */ = {isa = PBXFileReference; lastKnownFileType = sourcecode.swift; path = ErrorEmittingViewModifier.swift; sourceTree = "<group>"; };
		97C9AB26277358B20097B10C /* CampusOnlineAPI.swift */ = {isa = PBXFileReference; lastKnownFileType = sourcecode.swift; path = CampusOnlineAPI.swift; sourceTree = "<group>"; };
		97C9AB28277359AE0097B10C /* Constants.swift */ = {isa = PBXFileReference; lastKnownFileType = sourcecode.swift; path = Constants.swift; sourceTree = "<group>"; };
		97C9AB2A27735AE70097B10C /* NetworkingAPI.swift */ = {isa = PBXFileReference; lastKnownFileType = sourcecode.swift; path = NetworkingAPI.swift; sourceTree = "<group>"; };
		97C9AB2C27736FE00097B10C /* APIResponse.swift */ = {isa = PBXFileReference; lastKnownFileType = sourcecode.swift; path = APIResponse.swift; sourceTree = "<group>"; };
		97E7B10F27729A7F00D64EDF /* GradeColor.swift */ = {isa = PBXFileReference; lastKnownFileType = sourcecode.swift; path = GradeColor.swift; sourceTree = "<group>"; };
/* End PBXFileReference section */

/* Begin PBXFrameworksBuildPhase section */
		366F0E7D27580CFB0091651D /* Frameworks */ = {
			isa = PBXFrameworksBuildPhase;
			buildActionMask = 2147483647;
			files = (
				226CB51E2798DF9C0043ABCA /* Snap in Frameworks */,
				41D55D6E27A2EFB200DE7155 /* LRUCache in Frameworks */,
				97997AE7277234120079F809 /* XMLCoder in Frameworks */,
				97C9AB1227732A200097B10C /* SwiftUICharts in Frameworks */,
				36E964AA277498B60055777F /* KVKCalendar in Frameworks */,
				36FF90722773BFC300F4C785 /* FirebaseAnalytics in Frameworks */,
				36FF90682773BCA600F4C785 /* SWXMLHash in Frameworks */,
				36FF90742773BFC300F4C785 /* FirebaseAnalyticsSwift-Beta in Frameworks */,
				36FF90762773BFC300F4C785 /* FirebaseCrashlytics in Frameworks */,
				36203E832761BDD100C24658 /* KeychainAccess in Frameworks */,
				97997AE127722D660079F809 /* Alamofire in Frameworks */,
			);
			runOnlyForDeploymentPostprocessing = 0;
		};
		366F0E9227580CFD0091651D /* Frameworks */ = {
			isa = PBXFrameworksBuildPhase;
			buildActionMask = 2147483647;
			files = (
			);
			runOnlyForDeploymentPostprocessing = 0;
		};
		366F0E9C27580CFD0091651D /* Frameworks */ = {
			isa = PBXFrameworksBuildPhase;
			buildActionMask = 2147483647;
			files = (
			);
			runOnlyForDeploymentPostprocessing = 0;
		};
/* End PBXFrameworksBuildPhase section */

/* Begin PBXGroup section */
		100803442764E2A90013ED0E /* ProfileComponent */ = {
			isa = PBXGroup;
			children = (
				100803452764E2C50013ED0E /* ProfileToolbar.swift */,
				100803472764E37A0013ED0E /* ProfileView.swift */,
			);
			path = ProfileComponent;
			sourceTree = "<group>";
		};
		3616C4AB278F6EF2000A1BC9 /* Map */ = {
			isa = PBXGroup;
			children = (
				3616C4AC278F6EF2000A1BC9 /* Types */,
				3616C4B1278F6EF2000A1BC9 /* Cafeterias */,
				3616C4B3278F6EF2000A1BC9 /* MainView */,
			);
			path = Map;
			sourceTree = "<group>";
		};
		3616C4AC278F6EF2000A1BC9 /* Types */ = {
			isa = PBXGroup;
			children = (
				3616C4AF278F6EF2000A1BC9 /* Cafeteria.swift */,
				3616C4AD278F6EF2000A1BC9 /* MealPlan.swift */,
				3616C4B0278F6EF2000A1BC9 /* Menu.swift */,
				3616C4AE278F6EF2000A1BC9 /* Dish.swift */,
				41BD20E1279228B8001FA1B0 /* DishLabel.swift */,
				41BD20E3279228E2001FA1B0 /* MensaEnumService.swift */,
			);
			path = Types;
			sourceTree = "<group>";
		};
		3616C4B1278F6EF2000A1BC9 /* Cafeterias */ = {
			isa = PBXGroup;
			children = (
				226CB5182798BF3E0043ABCA /* MealPlanViewModel.swift */,
				3616C4B2278F6EF2000A1BC9 /* MealPlanView.swift */,
				226CB5162798BD910043ABCA /* MenuViewModel.swift */,
				41DDB33A2792F70A00FBEC81 /* MenuView.swift */,
			);
			path = Cafeterias;
			sourceTree = "<group>";
		};
		3616C4B3278F6EF2000A1BC9 /* MainView */ = {
			isa = PBXGroup;
			children = (
				3616C4B4278F6EF2000A1BC9 /* MapView.swift */,
				3616C4B6278F6EF2000A1BC9 /* MapContent.swift */,
				226CB51F2798E34E0043ABCA /* Panel.swift */,
				3616C4B7278F6EF2000A1BC9 /* PanelContent.swift */,
				226CB51A2798DA050043ABCA /* PanelRow.swift */,
				4146FE88279D52DC00655D1A /* Toolbar.swift */,
			);
			path = MainView;
			sourceTree = "<group>";
		};
		3616C4C5278FA2B9000A1BC9 /* Enums */ = {
			isa = PBXGroup;
			children = (
				3616C4C6278FA2D3000A1BC9 /* Enums.swift */,
			);
			path = Enums;
			sourceTree = "<group>";
		};
		3616C4C82790201B000A1BC9 /* TUMSexyComponent */ = {
			isa = PBXGroup;
			children = (
				3616C4CB27902086000A1BC9 /* ViewModel */,
				3616C4CA27902075000A1BC9 /* Views */,
			);
			path = TUMSexyComponent;
			sourceTree = "<group>";
		};
		3616C4CA27902075000A1BC9 /* Views */ = {
			isa = PBXGroup;
			children = (
				3616C4CC279020A0000A1BC9 /* TUMSexyView.swift */,
			);
			path = Views;
			sourceTree = "<group>";
		};
		3616C4CB27902086000A1BC9 /* ViewModel */ = {
			isa = PBXGroup;
			children = (
				3616C4CE279020D3000A1BC9 /* TUMSexyViewModel.swift */,
			);
			path = ViewModel;
			sourceTree = "<group>";
		};
		3616C4D427902E6A000A1BC9 /* Entity */ = {
			isa = PBXGroup;
			children = (
				3616C4D527902E86000A1BC9 /* EntityImporter.swift */,
			);
			path = Entity;
			sourceTree = "<group>";
		};
		3616C4D727904BA7000A1BC9 /* NewsComponent */ = {
			isa = PBXGroup;
			children = (
				3616C4D927904BBC000A1BC9 /* Views */,
				3616C4D827904BB5000A1BC9 /* ViewModel */,
			);
			path = NewsComponent;
			sourceTree = "<group>";
		};
		3616C4D827904BB5000A1BC9 /* ViewModel */ = {
			isa = PBXGroup;
			children = (
				3616C4DA27904BD3000A1BC9 /* NewsViewModel.swift */,
			);
			path = ViewModel;
			sourceTree = "<group>";
		};
		3616C4D927904BBC000A1BC9 /* Views */ = {
			isa = PBXGroup;
			children = (
			);
			path = Views;
			sourceTree = "<group>";
		};
		36203E872761C6EC00C24658 /* LoginComponent */ = {
			isa = PBXGroup;
			children = (
				36E9649D277492150055777F /* Service */,
				36E9649C277491F10055777F /* ViewModel */,
				36E9649B277491E90055777F /* Views */,
			);
			path = LoginComponent;
			sourceTree = "<group>";
		};
		366F0E7727580CFB0091651D = {
			isa = PBXGroup;
			children = (
				366F0E8227580CFB0091651D /* Campus-iOS */,
				366F0E9827580CFD0091651D /* Campus-iOSTests */,
				366F0EA227580CFD0091651D /* Campus-iOSUITests */,
				366F0E8127580CFB0091651D /* Products */,
			);
			sourceTree = "<group>";
		};
		366F0E8127580CFB0091651D /* Products */ = {
			isa = PBXGroup;
			children = (
				366F0E8027580CFB0091651D /* Campus-iOS.app */,
				366F0E9527580CFD0091651D /* Campus-iOSTests.xctest */,
				366F0E9F27580CFD0091651D /* Campus-iOSUITests.xctest */,
			);
			name = Products;
			sourceTree = "<group>";
		};
		366F0E8227580CFB0091651D /* Campus-iOS */ = {
			isa = PBXGroup;
			children = (
				979DBFC72798C08C00E45513 /* Base */,
				979DBFE72798C08C00E45513 /* GradesComponent */,
				979DBFAD2798C08C00E45513 /* LectureComponent */,
				3616C4C82790201B000A1BC9 /* TUMSexy */,
				36BBE72D27989F6E0018FD3F /* HelperViews */,
				3616C4D727904BA7000A1BC9 /* NewsComponent */,
				3616C4C82790201B000A1BC9 /* TUMSexyComponent */,
				3616C4C5278FA2B9000A1BC9 /* Enums */,
				3616C4AB278F6EF2000A1BC9 /* Map */,
				36E9649E277492AE0055777F /* CalendarComponent */,
				36FF90632773BB8100F4C785 /* Extensions */,
				9723973A27728224004BF7AB /* LectureComponent */,
				97997AEA27723C340079F809 /* Base */,
				97997ACF2772176A0079F809 /* GradesComponent */,
				100803442764E2A90013ED0E /* ProfileComponent */,
				227FBB4A2762AC4C0062FEC3 /* Campus-iOS.entitlements */,
				227FBB492762AC440062FEC3 /* Info.plist */,
				3698CBEB2761DFA9001C5735 /* Styles */,
				36203E872761C6EC00C24658 /* LoginComponent */,
				36203E7D2761B9D000C24658 /* Localizable.strings */,
				3683C3162758115000082930 /* Model */,
				366F0E8327580CFB0091651D /* App.swift */,
				366F0E8727580CFD0091651D /* Assets.xcassets */,
				366F0E8C27580CFD0091651D /* Persistence.swift */,
				366F0E8E27580CFD0091651D /* Campus_iOS.xcdatamodeld */,
				366F0E8927580CFD0091651D /* Preview Content */,
			);
			path = "Campus-iOS";
			sourceTree = "<group>";
		};
		366F0E8927580CFD0091651D /* Preview Content */ = {
			isa = PBXGroup;
			children = (
				366F0E8A27580CFD0091651D /* Preview Assets.xcassets */,
			);
			path = "Preview Content";
			sourceTree = "<group>";
		};
		366F0E9827580CFD0091651D /* Campus-iOSTests */ = {
			isa = PBXGroup;
			children = (
				366F0E9927580CFD0091651D /* Campus_iOSTests.swift */,
			);
			path = "Campus-iOSTests";
			sourceTree = "<group>";
		};
		366F0EA227580CFD0091651D /* Campus-iOSUITests */ = {
			isa = PBXGroup;
			children = (
				366F0EA327580CFD0091651D /* Campus_iOSUITests.swift */,
				366F0EA527580CFD0091651D /* Campus_iOSUITestsLaunchTests.swift */,
			);
			path = "Campus-iOSUITests";
			sourceTree = "<group>";
		};
		3683C3162758115000082930 /* Model */ = {
			isa = PBXGroup;
			children = (
				3683C3172758117900082930 /* Model.swift */,
				3683C3192758118A00082930 /* MockModel.swift */,
			);
			path = Model;
			sourceTree = "<group>";
		};
		3698CBEB2761DFA9001C5735 /* Styles */ = {
			isa = PBXGroup;
			children = (
				3698CBEC2761E014001C5735 /* CustomRoundedBorderTextFieldStyle.swift */,
			);
			path = Styles;
			sourceTree = "<group>";
		};
		36BBE72D27989F6E0018FD3F /* HelperViews */ = {
			isa = PBXGroup;
			children = (
				36BBE72E27989F8C0018FD3F /* SFSafariViewWrapper.swift */,
			);
			path = HelperViews;
			sourceTree = "<group>";
		};
		36E9649B277491E90055777F /* Views */ = {
			isa = PBXGroup;
			children = (
				36D0C8A22762075900A142CD /* TokenActivationTutorialView.swift */,
				36203E892761C6EC00C24658 /* LoginView.swift */,
				3698CBEE2761E6CC001C5735 /* TokenConfirmationView.swift */,
				36203E882761C6EC00C24658 /* Spinner.swift */,
			);
			path = Views;
			sourceTree = "<group>";
		};
		36E9649C277491F10055777F /* ViewModel */ = {
			isa = PBXGroup;
			children = (
				36FAE364277472EF00628799 /* LoginViewModel.swift */,
			);
			path = ViewModel;
			sourceTree = "<group>";
		};
		36E9649D277492150055777F /* Service */ = {
			isa = PBXGroup;
			children = (
				36FF906E2773BE8100F4C785 /* AuthenticationHandler.swift */,
				36203E8A2761C6EC00C24658 /* Credentials.swift */,
			);
			path = Service;
			sourceTree = "<group>";
		};
		36E9649E277492AE0055777F /* CalendarComponent */ = {
			isa = PBXGroup;
			children = (
				36E964A1277492C70055777F /* Service */,
				36E964A0277492C00055777F /* ViewModel */,
				36E9649F277492B70055777F /* Views */,
			);
			path = CalendarComponent;
			sourceTree = "<group>";
		};
		36E9649F277492B70055777F /* Views */ = {
			isa = PBXGroup;
			children = (
				36E964A22774932B0055777F /* CalendarToolbar.swift */,
				36E964A6277498540055777F /* CalendarContentView.swift */,
				36E964AB277499860055777F /* CalendarDisplayView.swift */,
			);
			path = Views;
			sourceTree = "<group>";
		};
		36E964A0277492C00055777F /* ViewModel */ = {
			isa = PBXGroup;
			children = (
				36E964A4277493D90055777F /* CalendarViewModel.swift */,
			);
			path = ViewModel;
			sourceTree = "<group>";
		};
		36E964A1277492C70055777F /* Service */ = {
			isa = PBXGroup;
			children = (
			);
			path = Service;
			sourceTree = "<group>";
		};
		36FF90632773BB8100F4C785 /* Extensions */ = {
			isa = PBXGroup;
			children = (
				36FF90642773BB8100F4C785 /* Extensions.swift */,
			);
			path = Extensions;
			sourceTree = "<group>";
		};
		36FF90692773BE3000F4C785 /* Helpers */ = {
			isa = PBXGroup;
			children = (
				979DBFB62798C08C00E45513 /* Model */,
				979DBFB92798C08C00E45513 /* Service */,
				979DBFBC2798C08C00E45513 /* Views */,
				36FF906B2773BE3000F4C785 /* XMLSerializer.swift */,
				3616C4D227902B23000A1BC9 /* DecoderProtocol.swift */,
			);
			path = Helpers;
		};
		41D55D8327A2F20300DE7155 /* LectureDetailsViews */ = {
			isa = PBXGroup;
			children = (
				41D55D8427A2F20300DE7155 /* LectureDetailsBasicInfoView.swift */,
				41D55D8527A2F20300DE7155 /* LectureDetailsTitleView.swift */,
				41D55D8627A2F20300DE7155 /* LectureDetailsDetailedInfoRowView.swift */,
				41D55D8727A2F20300DE7155 /* LectureDetailsDetailedInfoView.swift */,
				41D55D8827A2F20300DE7155 /* LectureDetailsBasicInfoRowView.swift */,
				41D55D8927A2F20300DE7155 /* LectureDetailsLinkView.swift */,
			);
			path = LectureDetailsViews;
			sourceTree = "<group>";
		};
		9723973A27728224004BF7AB /* LectureComponent */ = {
			isa = PBXGroup;
			children = (
				9723973F2772824F004BF7AB /* Views */,
				9723973E27728248004BF7AB /* ViewModel */,
				9723973D27728243004BF7AB /* Service */,
				9723973C2772823E004BF7AB /* Screen */,
				9723973B27728239004BF7AB /* Model */,
			);
			path = LectureComponent;
			sourceTree = "<group>";
		};
		9723973B27728239004BF7AB /* Model */ = {
			isa = PBXGroup;
			children = (
				41D55D9827A2F28400DE7155 /* LectureDetails.swift */,
				972397402772825D004BF7AB /* Lecture.swift */,
			);
			path = Model;
			sourceTree = "<group>";
		};
		9723973C2772823E004BF7AB /* Screen */ = {
			isa = PBXGroup;
			children = (
				41D55DA427A2F38300DE7155 /* LectureDetailsScreen.swift */,
				9723974227728268004BF7AB /* LecturesScreen.swift */,
			);
			path = Screen;
			sourceTree = "<group>";
		};
		9723973D27728243004BF7AB /* Service */ = {
			isa = PBXGroup;
			children = (
				41D55D9A27A2F2B100DE7155 /* LectureDetailsService.swift */,
				972397442772826E004BF7AB /* LecturesService.swift */,
			);
			path = Service;
			sourceTree = "<group>";
		};
		9723973E27728248004BF7AB /* ViewModel */ = {
			isa = PBXGroup;
			children = (
				41D55D7827A2F17300DE7155 /* LectureDetailsViewModel+State.swift */,
				41D55D7927A2F17300DE7155 /* LectureDetailsViewModel.swift */,
				41D55D7A27A2F17300DE7155 /* LecturesViewModel.swift */,
				41D55D7B27A2F17300DE7155 /* LecturesViewModel+State.swift */,
			);
			path = ViewModel;
			sourceTree = "<group>";
		};
		9723973F2772824F004BF7AB /* Views */ = {
			isa = PBXGroup;
			children = (
				41D55D8127A2F20300DE7155 /* LecturesView.swift */,
				41D55D8227A2F20300DE7155 /* LectureView.swift */,
				41D55D8327A2F20300DE7155 /* LectureDetailsViews */,
				41D55D8A27A2F20300DE7155 /* LecturesDetailView.swift */,
			);
			path = Views;
			sourceTree = "<group>";
		};
		97997ACF2772176A0079F809 /* GradesComponent */ = {
			isa = PBXGroup;
			children = (
				97997AE227722E1A0079F809 /* ViewModel */,
				97997ADC27722B160079F809 /* Service */,
				97997ADB27722B0D0079F809 /* Views */,
				97997AD62772264E0079F809 /* Screen */,
				97997AD32772180F0079F809 /* Model */,
			);
			path = GradesComponent;
			sourceTree = "<group>";
		};
		97997AD02772178D0079F809 /* Constants */ = {
			isa = PBXGroup;
			children = (
				97997AD12772179D0079F809 /* APIConstants.swift */,
				97C9AB28277359AE0097B10C /* Constants.swift */,
			);
			path = Constants;
			sourceTree = "<group>";
		};
		97997AD32772180F0079F809 /* Model */ = {
			isa = PBXGroup;
			children = (
				41D55D7327A2F0CA00DE7155 /* Modus.swift */,
				97997AD4277222730079F809 /* Grade.swift */,
			);
			path = Model;
			sourceTree = "<group>";
		};
		97997AD62772264E0079F809 /* Screen */ = {
			isa = PBXGroup;
			children = (
				97997AD72772265D0079F809 /* GradesScreen.swift */,
			);
			path = Screen;
			sourceTree = "<group>";
		};
		97997ADB27722B0D0079F809 /* Views */ = {
			isa = PBXGroup;
			children = (
				41D55DA027A2F34700DE7155 /* BarChartView.swift */,
				41D55DA127A2F34700DE7155 /* GradesView.swift */,
				97997AD927722A0A0079F809 /* GradeView.swift */,
			);
			path = Views;
			sourceTree = "<group>";
		};
		97997ADC27722B160079F809 /* Service */ = {
			isa = PBXGroup;
			children = (
				97997ADD27722B470079F809 /* GradesService.swift */,
			);
			path = Service;
			sourceTree = "<group>";
		};
		97997AE227722E1A0079F809 /* ViewModel */ = {
			isa = PBXGroup;
			children = (
				979DBFEA2798C08C00E45513 /* GradesViewModel.swift */,
				979DBFEB2798C08C00E45513 /* GradesViewModel+ChartData.swift */,
				979DBFEC2798C08C00E45513 /* GradesViewModel+State.swift */,
				3616C4D427902E6A000A1BC9 /* Entity */,
				36FF90692773BE3000F4C785 /* Helpers */,
				97C9AB252773587D0097B10C /* Networking */,
				97C9AB13277330A00097B10C /* Errors */,
				97997AEB27723C460079F809 /* Views */,
				97997AD02772178D0079F809 /* Constants */,
			);
			path = Base;
			sourceTree = "<group>";
		};
		97997AEB27723C460079F809 /* Views */ = {
			isa = PBXGroup;
			children = (
				41D55D9427A2F23700DE7155 /* FailedView.swift */,
				41D55D9527A2F23700DE7155 /* GroupBoxLabelView.swift */,
				97997AEC27723C510079F809 /* LoadingView.swift */,
			);
			path = Views;
			sourceTree = "<group>";
		};
		97C9AB13277330A00097B10C /* Errors */ = {
			isa = PBXGroup;
			children = (
				36FF906A2773BE3000F4C785 /* BackendError.swift */,
				97C9AB14277330B00097B10C /* ErrorHandler.swift */,
				97C9AB16277331510097B10C /* AlertErrorHandler.swift */,
				97C9AB18277332710097B10C /* Error+Category.swift */,
				97C9AB1B277332830097B10C /* ErrorCategory.swift */,
				97C9AB1D277332BF0097B10C /* NetworkingError.swift */,
				97C9AB1F277333040097B10C /* Environment+Error.swift */,
				97C9AB21277333160097B10C /* View+Error.swift */,
				97C9AB23277333320097B10C /* ErrorEmittingViewModifier.swift */,
			);
			path = Errors;
			sourceTree = "<group>";
		};
		97C9AB252773587D0097B10C /* Networking */ = {
			isa = PBXGroup;
			children = (
				41D55D7127A2F06800DE7155 /* Cache.swift */,
				979DBFF52798C08C00E45513 /* GradesView.swift */,
				979DBFF62798C08C00E45513 /* GradeView.swift */,
				979DBFF72798C08C00E45513 /* BarChartView.swift */,
				3616C4C1278F6F23000A1BC9 /* EatAPI.swift */,
				36FF905D2773BB5800F4C785 /* MVGAPI.swift */,
				36FF905E2773BB5800F4C785 /* TUMOnlineAPI.swift */,
				36FF905F2773BB5800F4C785 /* TUMCabeAPI.swift */,
				97C9AB26277358B20097B10C /* CampusOnlineAPI.swift */,
				97C9AB2A27735AE70097B10C /* NetworkingAPI.swift */,
				97C9AB2C27736FE00097B10C /* APIResponse.swift */,
				3616C4D0279021BE000A1BC9 /* TUMSexyAPI.swift */,
			);
			path = Networking;
			sourceTree = "<group>";
		};
/* End PBXGroup section */

/* Begin PBXNativeTarget section */
		366F0E7F27580CFB0091651D /* Campus-iOS */ = {
			isa = PBXNativeTarget;
			buildConfigurationList = 366F0EA927580CFD0091651D /* Build configuration list for PBXNativeTarget "Campus-iOS" */;
			buildPhases = (
				366F0E7C27580CFB0091651D /* Sources */,
				366F0E7D27580CFB0091651D /* Frameworks */,
				366F0E7E27580CFB0091651D /* Resources */,
			);
			buildRules = (
			);
			dependencies = (
			);
			name = "Campus-iOS";
			packageProductDependencies = (
				36203E822761BDD100C24658 /* KeychainAccess */,
				97997AE027722D660079F809 /* Alamofire */,
				97997AE6277234120079F809 /* XMLCoder */,
				97C9AB1127732A200097B10C /* SwiftUICharts */,
				36FF90672773BCA600F4C785 /* SWXMLHash */,
				36FF90712773BFC300F4C785 /* FirebaseAnalytics */,
				36FF90732773BFC300F4C785 /* FirebaseAnalyticsSwift-Beta */,
				36FF90752773BFC300F4C785 /* FirebaseCrashlytics */,
				36E964A9277498B60055777F /* KVKCalendar */,
				226CB51D2798DF9C0043ABCA /* Snap */,
				41D55D6D27A2EFB200DE7155 /* LRUCache */,
			);
			productName = "Campus-iOS";
			productReference = 366F0E8027580CFB0091651D /* Campus-iOS.app */;
			productType = "com.apple.product-type.application";
		};
		366F0E9427580CFD0091651D /* Campus-iOSTests */ = {
			isa = PBXNativeTarget;
			buildConfigurationList = 366F0EAC27580CFD0091651D /* Build configuration list for PBXNativeTarget "Campus-iOSTests" */;
			buildPhases = (
				366F0E9127580CFD0091651D /* Sources */,
				366F0E9227580CFD0091651D /* Frameworks */,
				366F0E9327580CFD0091651D /* Resources */,
			);
			buildRules = (
			);
			dependencies = (
				366F0E9727580CFD0091651D /* PBXTargetDependency */,
			);
			name = "Campus-iOSTests";
			productName = "Campus-iOSTests";
			productReference = 366F0E9527580CFD0091651D /* Campus-iOSTests.xctest */;
			productType = "com.apple.product-type.bundle.unit-test";
		};
		366F0E9E27580CFD0091651D /* Campus-iOSUITests */ = {
			isa = PBXNativeTarget;
			buildConfigurationList = 366F0EAF27580CFD0091651D /* Build configuration list for PBXNativeTarget "Campus-iOSUITests" */;
			buildPhases = (
				366F0E9B27580CFD0091651D /* Sources */,
				366F0E9C27580CFD0091651D /* Frameworks */,
				366F0E9D27580CFD0091651D /* Resources */,
			);
			buildRules = (
			);
			dependencies = (
				366F0EA127580CFD0091651D /* PBXTargetDependency */,
			);
			name = "Campus-iOSUITests";
			productName = "Campus-iOSUITests";
			productReference = 366F0E9F27580CFD0091651D /* Campus-iOSUITests.xctest */;
			productType = "com.apple.product-type.bundle.ui-testing";
		};
/* End PBXNativeTarget section */

/* Begin PBXProject section */
		366F0E7827580CFB0091651D /* Project object */ = {
			isa = PBXProject;
			attributes = {
				BuildIndependentTargetsInParallel = 1;
				LastSwiftUpdateCheck = 1310;
				LastUpgradeCheck = 1320;
				TargetAttributes = {
					366F0E7F27580CFB0091651D = {
						CreatedOnToolsVersion = 13.1;
					};
					366F0E9427580CFD0091651D = {
						CreatedOnToolsVersion = 13.1;
						TestTargetID = 366F0E7F27580CFB0091651D;
					};
					366F0E9E27580CFD0091651D = {
						CreatedOnToolsVersion = 13.1;
						TestTargetID = 366F0E7F27580CFB0091651D;
					};
				};
			};
			buildConfigurationList = 366F0E7B27580CFB0091651D /* Build configuration list for PBXProject "Campus-iOS" */;
			compatibilityVersion = "Xcode 13.0";
			developmentRegion = en;
			hasScannedForEncodings = 0;
			knownRegions = (
				en,
				Base,
				de,
			);
			mainGroup = 366F0E7727580CFB0091651D;
			packageReferences = (
				36203E812761BDD100C24658 /* XCRemoteSwiftPackageReference "KeychainAccess" */,
				97997ADF27722D660079F809 /* XCRemoteSwiftPackageReference "Alamofire" */,
				97997AE5277234120079F809 /* XCRemoteSwiftPackageReference "XMLCoder" */,
				97C9AB1027732A200097B10C /* XCRemoteSwiftPackageReference "SwiftUICharts" */,
				36FF90662773BCA600F4C785 /* XCRemoteSwiftPackageReference "SWXMLHash" */,
				36FF90702773BFC300F4C785 /* XCRemoteSwiftPackageReference "firebase-ios-sdk" */,
				36E964A8277498B60055777F /* XCRemoteSwiftPackageReference "KVKCalendar" */,
				226CB51C2798DF9C0043ABCA /* XCRemoteSwiftPackageReference "Snap" */,
				41D55D6C27A2EFB200DE7155 /* XCRemoteSwiftPackageReference "LRUCache" */,
			);
			productRefGroup = 366F0E8127580CFB0091651D /* Products */;
			projectDirPath = "";
			projectRoot = "";
			targets = (
				366F0E7F27580CFB0091651D /* Campus-iOS */,
				366F0E9427580CFD0091651D /* Campus-iOSTests */,
				366F0E9E27580CFD0091651D /* Campus-iOSUITests */,
			);
		};
/* End PBXProject section */

/* Begin PBXResourcesBuildPhase section */
		366F0E7E27580CFB0091651D /* Resources */ = {
			isa = PBXResourcesBuildPhase;
			buildActionMask = 2147483647;
			files = (
				366F0E8B27580CFD0091651D /* Preview Assets.xcassets in Resources */,
				36203E7F2761B9D000C24658 /* Localizable.strings in Resources */,
				366F0E8827580CFD0091651D /* Assets.xcassets in Resources */,
			);
			runOnlyForDeploymentPostprocessing = 0;
		};
		366F0E9327580CFD0091651D /* Resources */ = {
			isa = PBXResourcesBuildPhase;
			buildActionMask = 2147483647;
			files = (
			);
			runOnlyForDeploymentPostprocessing = 0;
		};
		366F0E9D27580CFD0091651D /* Resources */ = {
			isa = PBXResourcesBuildPhase;
			buildActionMask = 2147483647;
			files = (
			);
			runOnlyForDeploymentPostprocessing = 0;
		};
/* End PBXResourcesBuildPhase section */

/* Begin PBXSourcesBuildPhase section */
		366F0E7C27580CFB0091651D /* Sources */ = {
			isa = PBXSourcesBuildPhase;
			buildActionMask = 2147483647;
			files = (
				41DDB33B2792F70A00FBEC81 /* MenuView.swift in Sources */,
				3683C3182758117900082930 /* Model.swift in Sources */,
				366F0E8D27580CFD0091651D /* Persistence.swift in Sources */,
				36E964AC277499860055777F /* CalendarDisplayView.swift in Sources */,
				36FAE365277472EF00628799 /* LoginViewModel.swift in Sources */,
				36E964A32774932B0055777F /* CalendarToolbar.swift in Sources */,
				97997AD82772265D0079F809 /* GradesScreen.swift in Sources */,
				36FF90612773BB5800F4C785 /* TUMOnlineAPI.swift in Sources */,
				41D55D8C27A2F20300DE7155 /* LectureView.swift in Sources */,
				972397452772826E004BF7AB /* LecturesService.swift in Sources */,
				36D0C8A32762075900A142CD /* TokenActivationTutorialView.swift in Sources */,
				97997ADE27722B470079F809 /* GradesService.swift in Sources */,
				97C9AB1E277332BF0097B10C /* NetworkingError.swift in Sources */,
				36FF90602773BB5800F4C785 /* MVGAPI.swift in Sources */,
				41D55D8E27A2F20300DE7155 /* LectureDetailsTitleView.swift in Sources */,
				41BD20E4279228E2001FA1B0 /* MensaEnumService.swift in Sources */,
				3616C4B8278F6EF2000A1BC9 /* MealPlan.swift in Sources */,
				97C9AB22277333160097B10C /* View+Error.swift in Sources */,
				97C9AB19277332710097B10C /* Error+Category.swift in Sources */,
				41BD20E2279228B8001FA1B0 /* DishLabel.swift in Sources */,
				36203E8D2761C6EC00C24658 /* Credentials.swift in Sources */,
				97C9AB2B27735AE70097B10C /* NetworkingAPI.swift in Sources */,
				3698CBED2761E014001C5735 /* CustomRoundedBorderTextFieldStyle.swift in Sources */,
				3616C4BA278F6EF2000A1BC9 /* Cafeteria.swift in Sources */,
				41D55D9227A2F20300DE7155 /* LectureDetailsLinkView.swift in Sources */,
				36203E8B2761C6EC00C24658 /* Spinner.swift in Sources */,
				4146FE89279D52DC00655D1A /* Toolbar.swift in Sources */,
				9723974327728268004BF7AB /* LecturesScreen.swift in Sources */,
				41D55D9327A2F20300DE7155 /* LecturesDetailView.swift in Sources */,
				3616C4CF279020D3000A1BC9 /* TUMSexyViewModel.swift in Sources */,
				9723974327728268004BF7AB /* LecturesScreen.swift in Sources */,
				3616C4BF278F6EF2000A1BC9 /* MapContent.swift in Sources */,
				3616C4C0278F6EF2000A1BC9 /* PanelContent.swift in Sources */,
				97E7B11027729A7F00D64EDF /* GradeColor.swift in Sources */,
				36E964A5277493D90055777F /* CalendarViewModel.swift in Sources */,
				41D55D7F27A2F17300DE7155 /* LecturesViewModel+State.swift in Sources */,
				36FF90622773BB5800F4C785 /* TUMCabeAPI.swift in Sources */,
				97C9AB24277333320097B10C /* ErrorEmittingViewModifier.swift in Sources */,
				97C9AB29277359AE0097B10C /* Constants.swift in Sources */,
				41D55D7C27A2F17300DE7155 /* LectureDetailsViewModel+State.swift in Sources */,
				226CB5172798BD910043ABCA /* MenuViewModel.swift in Sources */,
				226CB5202798E34E0043ABCA /* Panel.swift in Sources */,
				979DBFFA2798C08C00E45513 /* LecturesViewModel.swift in Sources */,
				36FF90622773BB5800F4C785 /* TUMCabeAPI.swift in Sources */,
				3616C4D1279021BE000A1BC9 /* TUMSexyAPI.swift in Sources */,
				97C9AB24277333320097B10C /* ErrorEmittingViewModifier.swift in Sources */,
				97C9AB29277359AE0097B10C /* Constants.swift in Sources */,
				3616C4BB278F6EF2000A1BC9 /* Menu.swift in Sources */,
				41D55D9E27A2F32800DE7155 /* GradesViewModel+ChartData.swift in Sources */,
				41D55D8D27A2F20300DE7155 /* LectureDetailsBasicInfoView.swift in Sources */,
				97C9AB17277331510097B10C /* AlertErrorHandler.swift in Sources */,
				3698CBEF2761E6CC001C5735 /* TokenConfirmationView.swift in Sources */,
				97C9AB15277330B00097B10C /* ErrorHandler.swift in Sources */,
				3616C4CD279020A0000A1BC9 /* TUMSexyView.swift in Sources */,
				3683C31A2758118A00082930 /* MockModel.swift in Sources */,
				3616C4BC278F6EF2000A1BC9 /* MealPlanView.swift in Sources */,
				41D55D8F27A2F20300DE7155 /* LectureDetailsDetailedInfoRowView.swift in Sources */,
				979DC0232798C08C00E45513 /* XMLSerializer.swift in Sources */,
				979DC01B2798C08C00E45513 /* AlertErrorHandler.swift in Sources */,
				36BBE72F27989F8C0018FD3F /* SFSafariViewWrapper.swift in Sources */,
				36FF906C2773BE3000F4C785 /* BackendError.swift in Sources */,
				97C9AB27277358B20097B10C /* CampusOnlineAPI.swift in Sources */,
				36FF906F2773BE8100F4C785 /* AuthenticationHandler.swift in Sources */,
				97C9AB1C277332830097B10C /* ErrorCategory.swift in Sources */,
				3616C4BD278F6EF2000A1BC9 /* MapView.swift in Sources */,
				366F0E9027580CFD0091651D /* Campus_iOS.xcdatamodeld in Sources */,
				3616C4C7278FA2D3000A1BC9 /* Enums.swift in Sources */,
				97997AD5277222730079F809 /* Grade.swift in Sources */,
				41D55D9027A2F20300DE7155 /* LectureDetailsDetailedInfoView.swift in Sources */,
				226CB5192798BF3E0043ABCA /* MealPlanViewModel.swift in Sources */,
				97997AE427722E3B0079F809 /* GradesViewModel.swift in Sources */,
				41D55D7427A2F0CA00DE7155 /* Modus.swift in Sources */,
				41D55D9F27A2F32800DE7155 /* GradesViewModel+State.swift in Sources */,
				3616C4C4278F9C0A000A1BC9 /* SheetNavigator.swift in Sources */,
				41D55D7227A2F06800DE7155 /* Cache.swift in Sources */,
				100803462764E2C50013ED0E /* ProfileToolbar.swift in Sources */,
				97997AED27723C510079F809 /* LoadingView.swift in Sources */,
				36203E8C2761C6EC00C24658 /* LoginView.swift in Sources */,
				41D55DA327A2F34700DE7155 /* GradesView.swift in Sources */,
				97C9AB20277333040097B10C /* Environment+Error.swift in Sources */,
				36E964A7277498540055777F /* CalendarContentView.swift in Sources */,
				41D55D9127A2F20300DE7155 /* LectureDetailsBasicInfoRowView.swift in Sources */,
				3616C4B9278F6EF2000A1BC9 /* Dish.swift in Sources */,
				97997AD22772179D0079F809 /* APIConstants.swift in Sources */,
				36FF906D2773BE3000F4C785 /* XMLSerializer.swift in Sources */,
				97997ADA27722A0A0079F809 /* GradeView.swift in Sources */,
				979DC00A2798C08C00E45513 /* LecturesDetailView.swift in Sources */,
				979DC01F2798C08C00E45513 /* Error+Category.swift in Sources */,
				97997AD22772179D0079F809 /* APIConstants.swift in Sources */,
				36FF906D2773BE3000F4C785 /* XMLSerializer.swift in Sources */,
				3616C4DB27904BD3000A1BC9 /* NewsViewModel.swift in Sources */,
				97997AF027723E9D0079F809 /* CustomEnvironmentValues.swift in Sources */,
				97997ADA27722A0A0079F809 /* GradeView.swift in Sources */,
				3616C4D327902B23000A1BC9 /* DecoderProtocol.swift in Sources */,
				972397412772825D004BF7AB /* Lecture.swift in Sources */,
				100803482764E37A0013ED0E /* ProfileView.swift in Sources */,
				41D55DA527A2F38300DE7155 /* LectureDetailsScreen.swift in Sources */,
				41D55D9B27A2F2B100DE7155 /* LectureDetailsService.swift in Sources */,
				41D55D9627A2F23700DE7155 /* FailedView.swift in Sources */,
				41D55D8B27A2F20300DE7155 /* LecturesView.swift in Sources */,
				366F0E8427580CFB0091651D /* App.swift in Sources */,
				36FF90652773BB8200F4C785 /* Extensions.swift in Sources */,
				41D55DA227A2F34700DE7155 /* BarChartView.swift in Sources */,
			);
			runOnlyForDeploymentPostprocessing = 0;
		};
		366F0E9127580CFD0091651D /* Sources */ = {
			isa = PBXSourcesBuildPhase;
			buildActionMask = 2147483647;
			files = (
				366F0E9A27580CFD0091651D /* Campus_iOSTests.swift in Sources */,
			);
			runOnlyForDeploymentPostprocessing = 0;
		};
		366F0E9B27580CFD0091651D /* Sources */ = {
			isa = PBXSourcesBuildPhase;
			buildActionMask = 2147483647;
			files = (
				366F0EA427580CFD0091651D /* Campus_iOSUITests.swift in Sources */,
				366F0EA627580CFD0091651D /* Campus_iOSUITestsLaunchTests.swift in Sources */,
			);
			runOnlyForDeploymentPostprocessing = 0;
		};
/* End PBXSourcesBuildPhase section */

/* Begin PBXTargetDependency section */
		366F0E9727580CFD0091651D /* PBXTargetDependency */ = {
			isa = PBXTargetDependency;
			target = 366F0E7F27580CFB0091651D /* Campus-iOS */;
			targetProxy = 366F0E9627580CFD0091651D /* PBXContainerItemProxy */;
		};
		366F0EA127580CFD0091651D /* PBXTargetDependency */ = {
			isa = PBXTargetDependency;
			target = 366F0E7F27580CFB0091651D /* Campus-iOS */;
			targetProxy = 366F0EA027580CFD0091651D /* PBXContainerItemProxy */;
		};
/* End PBXTargetDependency section */

/* Begin PBXVariantGroup section */
		36203E7D2761B9D000C24658 /* Localizable.strings */ = {
			isa = PBXVariantGroup;
			children = (
				36203E7E2761B9D000C24658 /* Base */,
				36203E802761B9F200C24658 /* de */,
			);
			name = Localizable.strings;
			sourceTree = "<group>";
		};
/* End PBXVariantGroup section */

/* Begin XCBuildConfiguration section */
		366F0EA727580CFD0091651D /* Debug */ = {
			isa = XCBuildConfiguration;
			buildSettings = {
				ALWAYS_SEARCH_USER_PATHS = NO;
				CLANG_ANALYZER_LOCALIZABILITY_NONLOCALIZED = YES;
				CLANG_ANALYZER_NONNULL = YES;
				CLANG_ANALYZER_NUMBER_OBJECT_CONVERSION = YES_AGGRESSIVE;
				CLANG_CXX_LANGUAGE_STANDARD = "gnu++17";
				CLANG_CXX_LIBRARY = "libc++";
				CLANG_ENABLE_MODULES = YES;
				CLANG_ENABLE_OBJC_ARC = YES;
				CLANG_ENABLE_OBJC_WEAK = YES;
				CLANG_WARN_BLOCK_CAPTURE_AUTORELEASING = YES;
				CLANG_WARN_BOOL_CONVERSION = YES;
				CLANG_WARN_COMMA = YES;
				CLANG_WARN_CONSTANT_CONVERSION = YES;
				CLANG_WARN_DEPRECATED_OBJC_IMPLEMENTATIONS = YES;
				CLANG_WARN_DIRECT_OBJC_ISA_USAGE = YES_ERROR;
				CLANG_WARN_DOCUMENTATION_COMMENTS = YES;
				CLANG_WARN_EMPTY_BODY = YES;
				CLANG_WARN_ENUM_CONVERSION = YES;
				CLANG_WARN_INFINITE_RECURSION = YES;
				CLANG_WARN_INT_CONVERSION = YES;
				CLANG_WARN_NON_LITERAL_NULL_CONVERSION = YES;
				CLANG_WARN_OBJC_IMPLICIT_RETAIN_SELF = YES;
				CLANG_WARN_OBJC_LITERAL_CONVERSION = YES;
				CLANG_WARN_OBJC_ROOT_CLASS = YES_ERROR;
				CLANG_WARN_QUOTED_INCLUDE_IN_FRAMEWORK_HEADER = YES;
				CLANG_WARN_RANGE_LOOP_ANALYSIS = YES;
				CLANG_WARN_STRICT_PROTOTYPES = YES;
				CLANG_WARN_SUSPICIOUS_MOVE = YES;
				CLANG_WARN_UNGUARDED_AVAILABILITY = YES_AGGRESSIVE;
				CLANG_WARN_UNREACHABLE_CODE = YES;
				CLANG_WARN__DUPLICATE_METHOD_MATCH = YES;
				COPY_PHASE_STRIP = NO;
				DEBUG_INFORMATION_FORMAT = dwarf;
				ENABLE_STRICT_OBJC_MSGSEND = YES;
				ENABLE_TESTABILITY = YES;
				GCC_C_LANGUAGE_STANDARD = gnu11;
				GCC_DYNAMIC_NO_PIC = NO;
				GCC_NO_COMMON_BLOCKS = YES;
				GCC_OPTIMIZATION_LEVEL = 0;
				GCC_PREPROCESSOR_DEFINITIONS = (
					"DEBUG=1",
					"$(inherited)",
				);
				GCC_WARN_64_TO_32_BIT_CONVERSION = YES;
				GCC_WARN_ABOUT_RETURN_TYPE = YES_ERROR;
				GCC_WARN_UNDECLARED_SELECTOR = YES;
				GCC_WARN_UNINITIALIZED_AUTOS = YES_AGGRESSIVE;
				GCC_WARN_UNUSED_FUNCTION = YES;
				GCC_WARN_UNUSED_VARIABLE = YES;
				IPHONEOS_DEPLOYMENT_TARGET = 15.0;
				MTL_ENABLE_DEBUG_INFO = INCLUDE_SOURCE;
				MTL_FAST_MATH = YES;
				ONLY_ACTIVE_ARCH = YES;
				SDKROOT = iphoneos;
				SWIFT_ACTIVE_COMPILATION_CONDITIONS = DEBUG;
				SWIFT_OPTIMIZATION_LEVEL = "-Onone";
			};
			name = Debug;
		};
		366F0EA827580CFD0091651D /* Release */ = {
			isa = XCBuildConfiguration;
			buildSettings = {
				ALWAYS_SEARCH_USER_PATHS = NO;
				CLANG_ANALYZER_LOCALIZABILITY_NONLOCALIZED = YES;
				CLANG_ANALYZER_NONNULL = YES;
				CLANG_ANALYZER_NUMBER_OBJECT_CONVERSION = YES_AGGRESSIVE;
				CLANG_CXX_LANGUAGE_STANDARD = "gnu++17";
				CLANG_CXX_LIBRARY = "libc++";
				CLANG_ENABLE_MODULES = YES;
				CLANG_ENABLE_OBJC_ARC = YES;
				CLANG_ENABLE_OBJC_WEAK = YES;
				CLANG_WARN_BLOCK_CAPTURE_AUTORELEASING = YES;
				CLANG_WARN_BOOL_CONVERSION = YES;
				CLANG_WARN_COMMA = YES;
				CLANG_WARN_CONSTANT_CONVERSION = YES;
				CLANG_WARN_DEPRECATED_OBJC_IMPLEMENTATIONS = YES;
				CLANG_WARN_DIRECT_OBJC_ISA_USAGE = YES_ERROR;
				CLANG_WARN_DOCUMENTATION_COMMENTS = YES;
				CLANG_WARN_EMPTY_BODY = YES;
				CLANG_WARN_ENUM_CONVERSION = YES;
				CLANG_WARN_INFINITE_RECURSION = YES;
				CLANG_WARN_INT_CONVERSION = YES;
				CLANG_WARN_NON_LITERAL_NULL_CONVERSION = YES;
				CLANG_WARN_OBJC_IMPLICIT_RETAIN_SELF = YES;
				CLANG_WARN_OBJC_LITERAL_CONVERSION = YES;
				CLANG_WARN_OBJC_ROOT_CLASS = YES_ERROR;
				CLANG_WARN_QUOTED_INCLUDE_IN_FRAMEWORK_HEADER = YES;
				CLANG_WARN_RANGE_LOOP_ANALYSIS = YES;
				CLANG_WARN_STRICT_PROTOTYPES = YES;
				CLANG_WARN_SUSPICIOUS_MOVE = YES;
				CLANG_WARN_UNGUARDED_AVAILABILITY = YES_AGGRESSIVE;
				CLANG_WARN_UNREACHABLE_CODE = YES;
				CLANG_WARN__DUPLICATE_METHOD_MATCH = YES;
				COPY_PHASE_STRIP = NO;
				DEBUG_INFORMATION_FORMAT = "dwarf-with-dsym";
				ENABLE_NS_ASSERTIONS = NO;
				ENABLE_STRICT_OBJC_MSGSEND = YES;
				GCC_C_LANGUAGE_STANDARD = gnu11;
				GCC_NO_COMMON_BLOCKS = YES;
				GCC_WARN_64_TO_32_BIT_CONVERSION = YES;
				GCC_WARN_ABOUT_RETURN_TYPE = YES_ERROR;
				GCC_WARN_UNDECLARED_SELECTOR = YES;
				GCC_WARN_UNINITIALIZED_AUTOS = YES_AGGRESSIVE;
				GCC_WARN_UNUSED_FUNCTION = YES;
				GCC_WARN_UNUSED_VARIABLE = YES;
				IPHONEOS_DEPLOYMENT_TARGET = 15.0;
				MTL_ENABLE_DEBUG_INFO = NO;
				MTL_FAST_MATH = YES;
				SDKROOT = iphoneos;
				SWIFT_COMPILATION_MODE = wholemodule;
				SWIFT_OPTIMIZATION_LEVEL = "-O";
				VALIDATE_PRODUCT = YES;
			};
			name = Release;
		};
		366F0EAA27580CFD0091651D /* Debug */ = {
			isa = XCBuildConfiguration;
			buildSettings = {
				ASSETCATALOG_COMPILER_APPICON_NAME = AppIcon;
				ASSETCATALOG_COMPILER_GLOBAL_ACCENT_COLOR_NAME = AccentColor;
				ASSETCATALOG_COMPILER_INCLUDE_ALL_APPICON_ASSETS = NO;
				CODE_SIGN_ENTITLEMENTS = "Campus-iOS/Campus-iOS.entitlements";
				CODE_SIGN_STYLE = Automatic;
				CURRENT_PROJECT_VERSION = 53;
				DEVELOPMENT_ASSET_PATHS = "\"Campus-iOS/Preview Content\"";
				DEVELOPMENT_TEAM = 2J3C6P6X3N;
				"ENABLE_HARDENED_RUNTIME[sdk=macosx*]" = YES;
				ENABLE_PREVIEWS = YES;
				GENERATE_INFOPLIST_FILE = YES;
				INFOPLIST_FILE = "Campus-iOS/Info.plist";
				INFOPLIST_KEY_CFBundleDisplayName = "Campus App";
				INFOPLIST_KEY_NSLocationAlwaysAndWhenInUseUsageDescription = "TUM Campus App needs your Location to work properly";
				INFOPLIST_KEY_NSLocationWhenInUseUsageDescription = "TUM Campus App needs your location to work properly";
				INFOPLIST_KEY_UIApplicationSceneManifest_Generation = YES;
				INFOPLIST_KEY_UIApplicationSupportsIndirectInputEvents = YES;
				INFOPLIST_KEY_UILaunchScreen_Generation = YES;
				INFOPLIST_KEY_UISupportedInterfaceOrientations = UIInterfaceOrientationPortrait;
				INFOPLIST_KEY_UISupportedInterfaceOrientations_iPad = "UIInterfaceOrientationPortrait UIInterfaceOrientationPortraitUpsideDown UIInterfaceOrientationLandscapeLeft UIInterfaceOrientationLandscapeRight";
				INFOPLIST_KEY_UISupportedInterfaceOrientations_iPhone = "UIInterfaceOrientationPortrait UIInterfaceOrientationLandscapeLeft UIInterfaceOrientationLandscapeRight";
				LD_RUNPATH_SEARCH_PATHS = (
					"$(inherited)",
					"@executable_path/Frameworks",
				);
				MARKETING_VERSION = 4.0;
				PRODUCT_BUNDLE_IDENTIFIER = de.tum.tca;
				PRODUCT_NAME = "$(TARGET_NAME)";
				SUPPORTS_MACCATALYST = YES;
				SUPPORTS_MAC_DESIGNED_FOR_IPHONE_IPAD = NO;
				SWIFT_EMIT_LOC_STRINGS = YES;
				SWIFT_VERSION = 5.0;
				TARGETED_DEVICE_FAMILY = "1,2";
			};
			name = Debug;
		};
		366F0EAB27580CFD0091651D /* Release */ = {
			isa = XCBuildConfiguration;
			buildSettings = {
				ASSETCATALOG_COMPILER_APPICON_NAME = AppIcon;
				ASSETCATALOG_COMPILER_GLOBAL_ACCENT_COLOR_NAME = AccentColor;
				ASSETCATALOG_COMPILER_INCLUDE_ALL_APPICON_ASSETS = NO;
				CODE_SIGN_ENTITLEMENTS = "Campus-iOS/Campus-iOS.entitlements";
				CODE_SIGN_STYLE = Automatic;
				CURRENT_PROJECT_VERSION = 53;
				DEVELOPMENT_ASSET_PATHS = "\"Campus-iOS/Preview Content\"";
				DEVELOPMENT_TEAM = "";
				"ENABLE_HARDENED_RUNTIME[sdk=macosx*]" = YES;
				ENABLE_PREVIEWS = YES;
				GENERATE_INFOPLIST_FILE = YES;
				INFOPLIST_FILE = "Campus-iOS/Info.plist";
				INFOPLIST_KEY_CFBundleDisplayName = "Campus App";
				INFOPLIST_KEY_NSLocationAlwaysAndWhenInUseUsageDescription = "TUM Campus App needs your Location to work properly";
				INFOPLIST_KEY_NSLocationWhenInUseUsageDescription = "TUM Campus App needs your location to work properly";
				INFOPLIST_KEY_UIApplicationSceneManifest_Generation = YES;
				INFOPLIST_KEY_UIApplicationSupportsIndirectInputEvents = YES;
				INFOPLIST_KEY_UILaunchScreen_Generation = YES;
				INFOPLIST_KEY_UISupportedInterfaceOrientations = UIInterfaceOrientationPortrait;
				INFOPLIST_KEY_UISupportedInterfaceOrientations_iPad = "UIInterfaceOrientationPortrait UIInterfaceOrientationPortraitUpsideDown UIInterfaceOrientationLandscapeLeft UIInterfaceOrientationLandscapeRight";
				INFOPLIST_KEY_UISupportedInterfaceOrientations_iPhone = "UIInterfaceOrientationPortrait UIInterfaceOrientationLandscapeLeft UIInterfaceOrientationLandscapeRight";
				LD_RUNPATH_SEARCH_PATHS = (
					"$(inherited)",
					"@executable_path/Frameworks",
				);
				MARKETING_VERSION = 4.0;
				PRODUCT_BUNDLE_IDENTIFIER = de.tum.tca;
				PRODUCT_NAME = "$(TARGET_NAME)";
				SUPPORTS_MACCATALYST = YES;
				SUPPORTS_MAC_DESIGNED_FOR_IPHONE_IPAD = NO;
				SWIFT_EMIT_LOC_STRINGS = YES;
				SWIFT_VERSION = 5.0;
				TARGETED_DEVICE_FAMILY = "1,2";
			};
			name = Release;
		};
		366F0EAD27580CFD0091651D /* Debug */ = {
			isa = XCBuildConfiguration;
			buildSettings = {
				ALWAYS_EMBED_SWIFT_STANDARD_LIBRARIES = YES;
				BUNDLE_LOADER = "$(TEST_HOST)";
				CODE_SIGN_STYLE = Automatic;
				CURRENT_PROJECT_VERSION = 1;
				DEVELOPMENT_TEAM = 7PLLZ436SG;
				GENERATE_INFOPLIST_FILE = YES;
				IPHONEOS_DEPLOYMENT_TARGET = 15.0;
				LD_RUNPATH_SEARCH_PATHS = (
					"$(inherited)",
					"@executable_path/Frameworks",
					"@loader_path/Frameworks",
				);
				MARKETING_VERSION = 1.0;
				PRODUCT_BUNDLE_IDENTIFIER = "de.tum.in.ase.tca.Campus-iOSTests";
				PRODUCT_NAME = "$(TARGET_NAME)";
				SWIFT_EMIT_LOC_STRINGS = NO;
				SWIFT_VERSION = 5.0;
				TARGETED_DEVICE_FAMILY = "1,2";
				TEST_HOST = "$(BUILT_PRODUCTS_DIR)/Campus-iOS.app/Campus-iOS";
			};
			name = Debug;
		};
		366F0EAE27580CFD0091651D /* Release */ = {
			isa = XCBuildConfiguration;
			buildSettings = {
				ALWAYS_EMBED_SWIFT_STANDARD_LIBRARIES = YES;
				BUNDLE_LOADER = "$(TEST_HOST)";
				CODE_SIGN_STYLE = Automatic;
				CURRENT_PROJECT_VERSION = 1;
				DEVELOPMENT_TEAM = 7PLLZ436SG;
				GENERATE_INFOPLIST_FILE = YES;
				IPHONEOS_DEPLOYMENT_TARGET = 15.0;
				LD_RUNPATH_SEARCH_PATHS = (
					"$(inherited)",
					"@executable_path/Frameworks",
					"@loader_path/Frameworks",
				);
				MARKETING_VERSION = 1.0;
				PRODUCT_BUNDLE_IDENTIFIER = "de.tum.in.ase.tca.Campus-iOSTests";
				PRODUCT_NAME = "$(TARGET_NAME)";
				SWIFT_EMIT_LOC_STRINGS = NO;
				SWIFT_VERSION = 5.0;
				TARGETED_DEVICE_FAMILY = "1,2";
				TEST_HOST = "$(BUILT_PRODUCTS_DIR)/Campus-iOS.app/Campus-iOS";
			};
			name = Release;
		};
		366F0EB027580CFD0091651D /* Debug */ = {
			isa = XCBuildConfiguration;
			buildSettings = {
				ALWAYS_EMBED_SWIFT_STANDARD_LIBRARIES = YES;
				CODE_SIGN_STYLE = Automatic;
				CURRENT_PROJECT_VERSION = 1;
				DEVELOPMENT_TEAM = 7PLLZ436SG;
				GENERATE_INFOPLIST_FILE = YES;
				LD_RUNPATH_SEARCH_PATHS = (
					"$(inherited)",
					"@executable_path/Frameworks",
					"@loader_path/Frameworks",
				);
				MARKETING_VERSION = 1.0;
				PRODUCT_BUNDLE_IDENTIFIER = "de.tum.in.ase.tca.Campus-iOSUITests";
				PRODUCT_NAME = "$(TARGET_NAME)";
				SWIFT_EMIT_LOC_STRINGS = NO;
				SWIFT_VERSION = 5.0;
				TARGETED_DEVICE_FAMILY = "1,2";
				TEST_TARGET_NAME = "Campus-iOS";
			};
			name = Debug;
		};
		366F0EB127580CFD0091651D /* Release */ = {
			isa = XCBuildConfiguration;
			buildSettings = {
				ALWAYS_EMBED_SWIFT_STANDARD_LIBRARIES = YES;
				CODE_SIGN_STYLE = Automatic;
				CURRENT_PROJECT_VERSION = 1;
				DEVELOPMENT_TEAM = 7PLLZ436SG;
				GENERATE_INFOPLIST_FILE = YES;
				LD_RUNPATH_SEARCH_PATHS = (
					"$(inherited)",
					"@executable_path/Frameworks",
					"@loader_path/Frameworks",
				);
				MARKETING_VERSION = 1.0;
				PRODUCT_BUNDLE_IDENTIFIER = "de.tum.in.ase.tca.Campus-iOSUITests";
				PRODUCT_NAME = "$(TARGET_NAME)";
				SWIFT_EMIT_LOC_STRINGS = NO;
				SWIFT_VERSION = 5.0;
				TARGETED_DEVICE_FAMILY = "1,2";
				TEST_TARGET_NAME = "Campus-iOS";
			};
			name = Release;
		};
/* End XCBuildConfiguration section */

/* Begin XCConfigurationList section */
		366F0E7B27580CFB0091651D /* Build configuration list for PBXProject "Campus-iOS" */ = {
			isa = XCConfigurationList;
			buildConfigurations = (
				366F0EA727580CFD0091651D /* Debug */,
				366F0EA827580CFD0091651D /* Release */,
			);
			defaultConfigurationIsVisible = 0;
			defaultConfigurationName = Debug;
		};
		366F0EA927580CFD0091651D /* Build configuration list for PBXNativeTarget "Campus-iOS" */ = {
			isa = XCConfigurationList;
			buildConfigurations = (
				366F0EAA27580CFD0091651D /* Debug */,
				366F0EAB27580CFD0091651D /* Release */,
			);
			defaultConfigurationIsVisible = 0;
			defaultConfigurationName = Debug;
		};
		366F0EAC27580CFD0091651D /* Build configuration list for PBXNativeTarget "Campus-iOSTests" */ = {
			isa = XCConfigurationList;
			buildConfigurations = (
				366F0EAD27580CFD0091651D /* Debug */,
				366F0EAE27580CFD0091651D /* Release */,
			);
			defaultConfigurationIsVisible = 0;
			defaultConfigurationName = Debug;
		};
		366F0EAF27580CFD0091651D /* Build configuration list for PBXNativeTarget "Campus-iOSUITests" */ = {
			isa = XCConfigurationList;
			buildConfigurations = (
				366F0EB027580CFD0091651D /* Debug */,
				366F0EB127580CFD0091651D /* Release */,
			);
			defaultConfigurationIsVisible = 0;
			defaultConfigurationName = Debug;
		};
/* End XCConfigurationList section */

/* Begin XCRemoteSwiftPackageReference section */
		226CB51C2798DF9C0043ABCA /* XCRemoteSwiftPackageReference "Snap" */ = {
			isa = XCRemoteSwiftPackageReference;
			repositoryURL = "https://github.com/nerdsupremacist/Snap.git";
			requirement = {
				kind = upToNextMajorVersion;
				minimumVersion = 0.2.2;
			};
		};
		36203E812761BDD100C24658 /* XCRemoteSwiftPackageReference "KeychainAccess" */ = {
			isa = XCRemoteSwiftPackageReference;
			repositoryURL = "https://github.com/kishikawakatsumi/KeychainAccess.git";
			requirement = {
				kind = upToNextMajorVersion;
				minimumVersion = 4.2.0;
			};
		};
		36E964A8277498B60055777F /* XCRemoteSwiftPackageReference "KVKCalendar" */ = {
			isa = XCRemoteSwiftPackageReference;
			repositoryURL = "https://github.com/kvyatkovskys/KVKCalendar.git";
			requirement = {
				kind = upToNextMajorVersion;
				minimumVersion = 0.5.5;
			};
		};
		36FF90662773BCA600F4C785 /* XCRemoteSwiftPackageReference "SWXMLHash" */ = {
			isa = XCRemoteSwiftPackageReference;
			repositoryURL = "https://github.com/drmohundro/SWXMLHash.git";
			requirement = {
				kind = upToNextMajorVersion;
				minimumVersion = 6.0.0;
			};
		};
		36FF90702773BFC300F4C785 /* XCRemoteSwiftPackageReference "firebase-ios-sdk" */ = {
			isa = XCRemoteSwiftPackageReference;
			repositoryURL = "https://github.com/firebase/firebase-ios-sdk.git";
			requirement = {
				kind = upToNextMajorVersion;
				minimumVersion = 8.0.0;
			};
		};
		41D55D6C27A2EFB200DE7155 /* XCRemoteSwiftPackageReference "LRUCache" */ = {
			isa = XCRemoteSwiftPackageReference;
			repositoryURL = "https://github.com/nicklockwood/LRUCache.git";
			requirement = {
				kind = upToNextMajorVersion;
				minimumVersion = 1.0.0;
			};
		};
		97997ADF27722D660079F809 /* XCRemoteSwiftPackageReference "Alamofire" */ = {
			isa = XCRemoteSwiftPackageReference;
			repositoryURL = "https://github.com/Alamofire/Alamofire.git";
			requirement = {
				kind = upToNextMajorVersion;
				minimumVersion = 5.0.0;
			};
		};
		97997AE5277234120079F809 /* XCRemoteSwiftPackageReference "XMLCoder" */ = {
			isa = XCRemoteSwiftPackageReference;
			repositoryURL = "https://github.com/MaxDesiatov/XMLCoder";
			requirement = {
				kind = upToNextMajorVersion;
				minimumVersion = 0.9.0;
			};
		};
		97C9AB1027732A200097B10C /* XCRemoteSwiftPackageReference "SwiftUICharts" */ = {
			isa = XCRemoteSwiftPackageReference;
			repositoryURL = "https://github.com/willdale/SwiftUICharts";
			requirement = {
				kind = upToNextMajorVersion;
				minimumVersion = 2.0.0;
			};
		};
/* End XCRemoteSwiftPackageReference section */

/* Begin XCSwiftPackageProductDependency section */
		226CB51D2798DF9C0043ABCA /* Snap */ = {
			isa = XCSwiftPackageProductDependency;
			package = 226CB51C2798DF9C0043ABCA /* XCRemoteSwiftPackageReference "Snap" */;
			productName = Snap;
		};
		36203E822761BDD100C24658 /* KeychainAccess */ = {
			isa = XCSwiftPackageProductDependency;
			package = 36203E812761BDD100C24658 /* XCRemoteSwiftPackageReference "KeychainAccess" */;
			productName = KeychainAccess;
		};
		36E964A9277498B60055777F /* KVKCalendar */ = {
			isa = XCSwiftPackageProductDependency;
			package = 36E964A8277498B60055777F /* XCRemoteSwiftPackageReference "KVKCalendar" */;
			productName = KVKCalendar;
		};
		36FF90672773BCA600F4C785 /* SWXMLHash */ = {
			isa = XCSwiftPackageProductDependency;
			package = 36FF90662773BCA600F4C785 /* XCRemoteSwiftPackageReference "SWXMLHash" */;
			productName = SWXMLHash;
		};
		36FF90712773BFC300F4C785 /* FirebaseAnalytics */ = {
			isa = XCSwiftPackageProductDependency;
			package = 36FF90702773BFC300F4C785 /* XCRemoteSwiftPackageReference "firebase-ios-sdk" */;
			productName = FirebaseAnalytics;
		};
		36FF90732773BFC300F4C785 /* FirebaseAnalyticsSwift-Beta */ = {
			isa = XCSwiftPackageProductDependency;
			package = 36FF90702773BFC300F4C785 /* XCRemoteSwiftPackageReference "firebase-ios-sdk" */;
			productName = "FirebaseAnalyticsSwift-Beta";
		};
		36FF90752773BFC300F4C785 /* FirebaseCrashlytics */ = {
			isa = XCSwiftPackageProductDependency;
			package = 36FF90702773BFC300F4C785 /* XCRemoteSwiftPackageReference "firebase-ios-sdk" */;
			productName = FirebaseCrashlytics;
		};
		41D55D6D27A2EFB200DE7155 /* LRUCache */ = {
			isa = XCSwiftPackageProductDependency;
			package = 41D55D6C27A2EFB200DE7155 /* XCRemoteSwiftPackageReference "LRUCache" */;
			productName = LRUCache;
		};
		97997AE027722D660079F809 /* Alamofire */ = {
			isa = XCSwiftPackageProductDependency;
			package = 97997ADF27722D660079F809 /* XCRemoteSwiftPackageReference "Alamofire" */;
			productName = Alamofire;
		};
		97997AE6277234120079F809 /* XMLCoder */ = {
			isa = XCSwiftPackageProductDependency;
			package = 97997AE5277234120079F809 /* XCRemoteSwiftPackageReference "XMLCoder" */;
			productName = XMLCoder;
		};
		97C9AB1127732A200097B10C /* SwiftUICharts */ = {
			isa = XCSwiftPackageProductDependency;
			package = 97C9AB1027732A200097B10C /* XCRemoteSwiftPackageReference "SwiftUICharts" */;
			productName = SwiftUICharts;
		};
/* End XCSwiftPackageProductDependency section */

/* Begin XCVersionGroup section */
		366F0E8E27580CFD0091651D /* Campus_iOS.xcdatamodeld */ = {
			isa = XCVersionGroup;
			children = (
				366F0E8F27580CFD0091651D /* Campus_iOS.xcdatamodel */,
			);
			currentVersion = 366F0E8F27580CFD0091651D /* Campus_iOS.xcdatamodel */;
			path = Campus_iOS.xcdatamodeld;
			sourceTree = "<group>";
			versionGroupType = wrapper.xcdatamodel;
		};
/* End XCVersionGroup section */
	};
	rootObject = 366F0E7827580CFB0091651D /* Project object */;
}
